Microsoft Visual Studio Solution File, Format Version 12.00
# Visual Studio Version 17
VisualStudioVersion = 17.9.34728.123
MinimumVisualStudioVersion = 10.0.40219.1
Project("{F14B399A-7131-4C87-9E4B-1186C45EF12D}") = "BBSReporting", "BBSReporting\BBSReporting.rptproj", "{7BB9D2EE-7481-4128-9C08-678F13F26999}"
EndProject
Project("{F14B399A-7131-4C87-9E4B-1186C45EF12D}") = "TESForms", "TESForms\TESForms.rptproj", "{9AEF6BE2-D9D8-4AAE-890A-6B84D75C22F6}"
EndProject
Project("{F14B399A-7131-4C87-9E4B-1186C45EF12D}") = "AUSReports", "AUSReports\AUSReports.rptproj", "{FEA66C33-F6B9-4ABD-B1F2-85B94570CB90}"
EndProject
Project("{F14B399A-7131-4C87-9E4B-1186C45EF12D}") = "BBScoreReports", "BBScoreReports\BBScoreReports.rptproj", "{DBE08329-E795-4B3D-A989-B8ADD3FEAA15}"
EndProject
Project("{F14B399A-7131-4C87-9E4B-1186C45EF12D}") = "JeopardyLetters", "JeopardyLetters\JeopardyLetters.rptproj", "{EC072192-3165-4882-BE53-48D8859E0626}"
EndProject
Project("{F14B399A-7131-4C87-9E4B-1186C45EF12D}") = "AccountsReceivable", "AccountsReceivable\AccountsReceivable.rptproj", "{DDF66933-3E9A-422E-A92F-0E78AB03681B}"
EndProject
Project("{F14B399A-7131-4C87-9E4B-1186C45EF12D}") = "BusinessReport", "BusinessReport\BusinessReport.rptproj", "{CAC2ACB1-178E-40E2-8B68-D3A76098D181}"
EndProject
Project("{F14B399A-7131-4C87-9E4B-1186C45EF12D}") = "BBOSMemberReports", "BBOSMemberReports\BBOSMemberReports.rptproj", "{76835B82-5301-4708-91A4-746365AA31A7}"
EndProject
Project("{F14B399A-7131-4C87-9E4B-1186C45EF12D}") = "BBOSUsageReports", "BBOSUsageReports\BBOSUsageReports.rptproj", "{92FFED9A-0E98-4367-823B-12EC0BA3FC0D}"
EndProject
Project("{F14B399A-7131-4C87-9E4B-1186C45EF12D}") = "CRMArchive", "CRMArchive\CRMArchive.rptproj", "{1F4552E9-3108-43DB-A5FF-9BFCAC384B16}"
EndProject
Project("{F14B399A-7131-4C87-9E4B-1186C45EF12D}") = "LumberLeads", "LumberLeads\LumberLeads.rptproj", "{EF930DE2-94B4-4AF5-82DA-4627D1836188}"
EndProject
Project("{F14B399A-7131-4C87-9E4B-1186C45EF12D}") = "Advertising", "Advertising\Advertising.rptproj", "{6DEEF5F7-3A60-4CF0-B896-46992857EC1E}"
EndProject
Project("{F14B399A-7131-4C87-9E4B-1186C45EF12D}") = "Rating Metrics", "Rating Metrics\Rating Metrics.rptproj", "{11C58419-F67A-402A-9E64-09D5398CBBF1}"
EndProject
Project("{F14B399A-7131-4C87-9E4B-1186C45EF12D}") = "Sales", "Sales\Sales.rptproj", "{77EF76C8-CBA5-4FE0-AB16-B918A81D197B}"
EndProject
Project("{F14B399A-7131-4C87-9E4B-1186C45EF12D}") = "Content", "Content\Content.rptproj", "{BD66B901-F009-4F66-AB6D-A530A93CA46D}"
EndProject
Project("{F14B399A-7131-4C87-9E4B-1186C45EF12D}") = "Special Services", "Special Services\Special Services.rptproj", "{AB864DAC-D11F-4ECF-B265-06A29BC1C171}"
EndProject
Project("{F14B399A-7131-4C87-9E4B-1186C45EF12D}") = "Customer Service", "Customer Service\Customer Service.rptproj", "{F89EF4ED-AD9B-4C2F-8136-B985117F9518}"
EndProject
Project("{F14B399A-7131-4C87-9E4B-1186C45EF12D}") = "Lumber Reports", "Lumber Reports\Lumber Reports.rptproj", "{DEAAC093-D6CF-477B-8BD5-D2F125B22B9A}"
EndProject
Project("{F14B399A-7131-4C87-9E4B-1186C45EF12D}") = "Marketing", "Marketing\Marketing.rptproj", "{3C43D26B-83FE-41EA-BB1F-5427E7C9090D}"
EndProject
Project("{F14B399A-7131-4C87-9E4B-1186C45EF12D}") = "Accounting", "Accounting\Accounting.rptproj", "{1D3910A6-D09B-4EB1-9559-8B5FE6B445B0}"
EndProject
Project("{F14B399A-7131-4C87-9E4B-1186C45EF12D}") = "Accounting Performance", "Accounting Performance\Accounting Performance.rptproj", "{7CE52855-16E1-4CC4-A2C2-5930D9E06730}"
EndProject
Project("{F14B399A-7131-4C87-9E4B-1186C45EF12D}") = "Sales Dashboard", "Sales Dashboard\Sales Dashboard.rptproj", "{0F87A22E-14C6-4C06-9555-7F2BFE7E57EA}"
EndProject
Project("{F14B399A-7131-4C87-9E4B-1186C45EF12D}") = "BP Industry Metrics", "BP Industry Metrics\BP Industry Metrics.rptproj", "{AC7CA9DD-2771-4C50-A6EF-66D6ECB6EFD2}"
EndProject
Project("{F14B399A-7131-4C87-9E4B-1186C45EF12D}") = "Local Source", "Local Source\Local Source.rptproj", "{CFCF5370-4968-4B3D-8C53-2BAA605454BD}"
EndProject
Project("{F14B399A-7131-4C87-9E4B-1186C45EF12D}") = "LocalGrowers", "LocalGrowers\LocalGrowers.rptproj", "{54E96AFF-0B45-4A73-921A-BE4E2C6B4936}"
EndProject
Project("{F14B399A-7131-4C87-9E4B-1186C45EF12D}") = "BBOSUsageReports Archive Equifax", "BBOSUsageReports Archive Equifax\BBOSUsageReports Archive Equifax.rptproj", "{BF98FC8E-687F-4E3E-9432-B7EF995D04A0}"
EndProject
Project("{F14B399A-7131-4C87-9E4B-1186C45EF12D}") = "Advertising Sales", "Advertising Sales\Advertising Sales.rptproj", "{EEEA1D8D-5A99-4C12-B156-24E9877D22F6}"
EndProject
Project("{F14B399A-7131-4C87-9E4B-1186C45EF12D}") = "Advertising Publishing", "Advertising Publishing\Advertising Publishing.rptproj", "{41785DDC-6F32-428D-9C78-620066F57331}"
EndProject
Project("{F14B399A-7131-4C87-9E4B-1186C45EF12D}") = "Madison Lumber Reports", "MadisonLumber\Madison Lumber Reports.rptproj", "{394FA6FE-E45D-493C-94B8-6A487DF05DC7}"
EndProject
Project("{F14B399A-7131-4C87-9E4B-1186C45EF12D}") = "Blueprints Ad Prospects", "Blueprints Ad Prospects\Blueprints Ad Prospects.rptproj", "{54F040A2-FD12-49D6-83F7-A342CD8BD23B}"
EndProject
Project("{F14B399A-7131-4C87-9E4B-1186C45EF12D}") = "Sales Management", "Sales Management\Sales Management.rptproj", "{F5974640-437B-4A63-82CD-9B001E717616}"
EndProject
Global
	GlobalSection(SolutionConfigurationPlatforms) = preSolution
		Debug|Any CPU = Debug|Any CPU
		DebugLocal|Any CPU = DebugLocal|Any CPU
		Production|Any CPU = Production|Any CPU
		Release|Any CPU = Release|Any CPU
	EndGlobalSection
	GlobalSection(ProjectConfigurationPlatforms) = postSolution
		{7BB9D2EE-7481-4128-9C08-678F13F26999}.Debug|Any CPU.ActiveCfg = Debug
		{7BB9D2EE-7481-4128-9C08-678F13F26999}.Debug|Any CPU.Build.0 = Debug
		{7BB9D2EE-7481-4128-9C08-678F13F26999}.Debug|Any CPU.Deploy.0 = Debug
		{7BB9D2EE-7481-4128-9C08-678F13F26999}.DebugLocal|Any CPU.ActiveCfg = DebugLocal
		{7BB9D2EE-7481-4128-9C08-678F13F26999}.DebugLocal|Any CPU.Build.0 = DebugLocal
		{7BB9D2EE-7481-4128-9C08-678F13F26999}.DebugLocal|Any CPU.Deploy.0 = DebugLocal
		{7BB9D2EE-7481-4128-9C08-678F13F26999}.Production|Any CPU.ActiveCfg = Production
		{7BB9D2EE-7481-4128-9C08-678F13F26999}.Production|Any CPU.Build.0 = Production
		{7BB9D2EE-7481-4128-9C08-678F13F26999}.Production|Any CPU.Deploy.0 = Production
		{7BB9D2EE-7481-4128-9C08-678F13F26999}.Release|Any CPU.ActiveCfg = Production
		{7BB9D2EE-7481-4128-9C08-678F13F26999}.Release|Any CPU.Build.0 = Production
		{7BB9D2EE-7481-4128-9C08-678F13F26999}.Release|Any CPU.Deploy.0 = Production
		{9AEF6BE2-D9D8-4AAE-890A-6B84D75C22F6}.Debug|Any CPU.ActiveCfg = Debug
		{9AEF6BE2-D9D8-4AAE-890A-6B84D75C22F6}.Debug|Any CPU.Build.0 = Debug
		{9AEF6BE2-D9D8-4AAE-890A-6B84D75C22F6}.Debug|Any CPU.Deploy.0 = Debug
		{9AEF6BE2-D9D8-4AAE-890A-6B84D75C22F6}.DebugLocal|Any CPU.ActiveCfg = DebugLocal
		{9AEF6BE2-D9D8-4AAE-890A-6B84D75C22F6}.DebugLocal|Any CPU.Build.0 = DebugLocal
		{9AEF6BE2-D9D8-4AAE-890A-6B84D75C22F6}.DebugLocal|Any CPU.Deploy.0 = DebugLocal
		{9AEF6BE2-D9D8-4AAE-890A-6B84D75C22F6}.Production|Any CPU.ActiveCfg = Production
		{9AEF6BE2-D9D8-4AAE-890A-6B84D75C22F6}.Production|Any CPU.Build.0 = Production
		{9AEF6BE2-D9D8-4AAE-890A-6B84D75C22F6}.Production|Any CPU.Deploy.0 = Production
		{9AEF6BE2-D9D8-4AAE-890A-6B84D75C22F6}.Release|Any CPU.ActiveCfg = Debug
		{9AEF6BE2-D9D8-4AAE-890A-6B84D75C22F6}.Release|Any CPU.Build.0 = Debug
		{9AEF6BE2-D9D8-4AAE-890A-6B84D75C22F6}.Release|Any CPU.Deploy.0 = Debug
		{FEA66C33-F6B9-4ABD-B1F2-85B94570CB90}.Debug|Any CPU.ActiveCfg = Debug
		{FEA66C33-F6B9-4ABD-B1F2-85B94570CB90}.Debug|Any CPU.Build.0 = Debug
		{FEA66C33-F6B9-4ABD-B1F2-85B94570CB90}.Debug|Any CPU.Deploy.0 = Debug
		{FEA66C33-F6B9-4ABD-B1F2-85B94570CB90}.DebugLocal|Any CPU.ActiveCfg = DebugLocal
		{FEA66C33-F6B9-4ABD-B1F2-85B94570CB90}.DebugLocal|Any CPU.Build.0 = DebugLocal
		{FEA66C33-F6B9-4ABD-B1F2-85B94570CB90}.DebugLocal|Any CPU.Deploy.0 = DebugLocal
		{FEA66C33-F6B9-4ABD-B1F2-85B94570CB90}.Production|Any CPU.ActiveCfg = Production
		{FEA66C33-F6B9-4ABD-B1F2-85B94570CB90}.Production|Any CPU.Build.0 = Production
		{FEA66C33-F6B9-4ABD-B1F2-85B94570CB90}.Production|Any CPU.Deploy.0 = Production
		{FEA66C33-F6B9-4ABD-B1F2-85B94570CB90}.Release|Any CPU.ActiveCfg = Debug
		{FEA66C33-F6B9-4ABD-B1F2-85B94570CB90}.Release|Any CPU.Build.0 = Debug
		{FEA66C33-F6B9-4ABD-B1F2-85B94570CB90}.Release|Any CPU.Deploy.0 = Debug
		{DBE08329-E795-4B3D-A989-B8ADD3FEAA15}.Debug|Any CPU.ActiveCfg = Debug
		{DBE08329-E795-4B3D-A989-B8ADD3FEAA15}.Debug|Any CPU.Build.0 = Debug
		{DBE08329-E795-4B3D-A989-B8ADD3FEAA15}.Debug|Any CPU.Deploy.0 = Debug
		{DBE08329-E795-4B3D-A989-B8ADD3FEAA15}.DebugLocal|Any CPU.ActiveCfg = DebugLocal
		{DBE08329-E795-4B3D-A989-B8ADD3FEAA15}.DebugLocal|Any CPU.Build.0 = DebugLocal
		{DBE08329-E795-4B3D-A989-B8ADD3FEAA15}.DebugLocal|Any CPU.Deploy.0 = DebugLocal
		{DBE08329-E795-4B3D-A989-B8ADD3FEAA15}.Production|Any CPU.ActiveCfg = Production
		{DBE08329-E795-4B3D-A989-B8ADD3FEAA15}.Production|Any CPU.Build.0 = Production
		{DBE08329-E795-4B3D-A989-B8ADD3FEAA15}.Production|Any CPU.Deploy.0 = Production
		{DBE08329-E795-4B3D-A989-B8ADD3FEAA15}.Release|Any CPU.ActiveCfg = Debug
		{DBE08329-E795-4B3D-A989-B8ADD3FEAA15}.Release|Any CPU.Build.0 = Debug
		{DBE08329-E795-4B3D-A989-B8ADD3FEAA15}.Release|Any CPU.Deploy.0 = Debug
		{EC072192-3165-4882-BE53-48D8859E0626}.Debug|Any CPU.ActiveCfg = Debug
		{EC072192-3165-4882-BE53-48D8859E0626}.Debug|Any CPU.Build.0 = Debug
		{EC072192-3165-4882-BE53-48D8859E0626}.Debug|Any CPU.Deploy.0 = Debug
		{EC072192-3165-4882-BE53-48D8859E0626}.DebugLocal|Any CPU.ActiveCfg = DebugLocal
		{EC072192-3165-4882-BE53-48D8859E0626}.DebugLocal|Any CPU.Build.0 = DebugLocal
		{EC072192-3165-4882-BE53-48D8859E0626}.DebugLocal|Any CPU.Deploy.0 = DebugLocal
		{EC072192-3165-4882-BE53-48D8859E0626}.Production|Any CPU.ActiveCfg = Production
		{EC072192-3165-4882-BE53-48D8859E0626}.Production|Any CPU.Build.0 = Production
		{EC072192-3165-4882-BE53-48D8859E0626}.Production|Any CPU.Deploy.0 = Production
		{EC072192-3165-4882-BE53-48D8859E0626}.Release|Any CPU.ActiveCfg = Debug
		{EC072192-3165-4882-BE53-48D8859E0626}.Release|Any CPU.Build.0 = Debug
		{EC072192-3165-4882-BE53-48D8859E0626}.Release|Any CPU.Deploy.0 = Debug
		{DDF66933-3E9A-422E-A92F-0E78AB03681B}.Debug|Any CPU.ActiveCfg = Debug
		{DDF66933-3E9A-422E-A92F-0E78AB03681B}.Debug|Any CPU.Build.0 = Debug
		{DDF66933-3E9A-422E-A92F-0E78AB03681B}.Debug|Any CPU.Deploy.0 = Debug
		{DDF66933-3E9A-422E-A92F-0E78AB03681B}.DebugLocal|Any CPU.ActiveCfg = DebugLocal
		{DDF66933-3E9A-422E-A92F-0E78AB03681B}.DebugLocal|Any CPU.Build.0 = DebugLocal
		{DDF66933-3E9A-422E-A92F-0E78AB03681B}.DebugLocal|Any CPU.Deploy.0 = DebugLocal
		{DDF66933-3E9A-422E-A92F-0E78AB03681B}.Production|Any CPU.ActiveCfg = Production
		{DDF66933-3E9A-422E-A92F-0E78AB03681B}.Production|Any CPU.Build.0 = Production
		{DDF66933-3E9A-422E-A92F-0E78AB03681B}.Production|Any CPU.Deploy.0 = Production
		{DDF66933-3E9A-422E-A92F-0E78AB03681B}.Release|Any CPU.ActiveCfg = Debug
		{DDF66933-3E9A-422E-A92F-0E78AB03681B}.Release|Any CPU.Build.0 = Debug
		{DDF66933-3E9A-422E-A92F-0E78AB03681B}.Release|Any CPU.Deploy.0 = Debug
		{CAC2ACB1-178E-40E2-8B68-D3A76098D181}.Debug|Any CPU.ActiveCfg = Debug
		{CAC2ACB1-178E-40E2-8B68-D3A76098D181}.Debug|Any CPU.Build.0 = Debug
		{CAC2ACB1-178E-40E2-8B68-D3A76098D181}.Debug|Any CPU.Deploy.0 = Debug
		{CAC2ACB1-178E-40E2-8B68-D3A76098D181}.DebugLocal|Any CPU.ActiveCfg = DebugLocal
		{CAC2ACB1-178E-40E2-8B68-D3A76098D181}.DebugLocal|Any CPU.Build.0 = DebugLocal
		{CAC2ACB1-178E-40E2-8B68-D3A76098D181}.DebugLocal|Any CPU.Deploy.0 = DebugLocal
		{CAC2ACB1-178E-40E2-8B68-D3A76098D181}.Production|Any CPU.ActiveCfg = Production
		{CAC2ACB1-178E-40E2-8B68-D3A76098D181}.Production|Any CPU.Build.0 = Production
		{CAC2ACB1-178E-40E2-8B68-D3A76098D181}.Production|Any CPU.Deploy.0 = Production
		{CAC2ACB1-178E-40E2-8B68-D3A76098D181}.Release|Any CPU.ActiveCfg = Debug
		{CAC2ACB1-178E-40E2-8B68-D3A76098D181}.Release|Any CPU.Build.0 = Debug
		{CAC2ACB1-178E-40E2-8B68-D3A76098D181}.Release|Any CPU.Deploy.0 = Debug
		{76835B82-5301-4708-91A4-746365AA31A7}.Debug|Any CPU.ActiveCfg = Debug
		{76835B82-5301-4708-91A4-746365AA31A7}.Debug|Any CPU.Build.0 = Debug
		{76835B82-5301-4708-91A4-746365AA31A7}.Debug|Any CPU.Deploy.0 = Debug
		{76835B82-5301-4708-91A4-746365AA31A7}.DebugLocal|Any CPU.ActiveCfg = DebugLocal
		{76835B82-5301-4708-91A4-746365AA31A7}.DebugLocal|Any CPU.Build.0 = DebugLocal
		{76835B82-5301-4708-91A4-746365AA31A7}.DebugLocal|Any CPU.Deploy.0 = DebugLocal
		{76835B82-5301-4708-91A4-746365AA31A7}.Production|Any CPU.ActiveCfg = Production
		{76835B82-5301-4708-91A4-746365AA31A7}.Production|Any CPU.Build.0 = Production
		{76835B82-5301-4708-91A4-746365AA31A7}.Production|Any CPU.Deploy.0 = Production
		{76835B82-5301-4708-91A4-746365AA31A7}.Release|Any CPU.ActiveCfg = Debug
		{76835B82-5301-4708-91A4-746365AA31A7}.Release|Any CPU.Build.0 = Debug
		{76835B82-5301-4708-91A4-746365AA31A7}.Release|Any CPU.Deploy.0 = Debug
		{92FFED9A-0E98-4367-823B-12EC0BA3FC0D}.Debug|Any CPU.ActiveCfg = Debug
		{92FFED9A-0E98-4367-823B-12EC0BA3FC0D}.Debug|Any CPU.Build.0 = Debug
		{92FFED9A-0E98-4367-823B-12EC0BA3FC0D}.Debug|Any CPU.Deploy.0 = Debug
		{92FFED9A-0E98-4367-823B-12EC0BA3FC0D}.DebugLocal|Any CPU.ActiveCfg = DebugLocal
		{92FFED9A-0E98-4367-823B-12EC0BA3FC0D}.DebugLocal|Any CPU.Build.0 = DebugLocal
		{92FFED9A-0E98-4367-823B-12EC0BA3FC0D}.DebugLocal|Any CPU.Deploy.0 = DebugLocal
		{92FFED9A-0E98-4367-823B-12EC0BA3FC0D}.Production|Any CPU.ActiveCfg = Production
		{92FFED9A-0E98-4367-823B-12EC0BA3FC0D}.Production|Any CPU.Build.0 = Production
		{92FFED9A-0E98-4367-823B-12EC0BA3FC0D}.Production|Any CPU.Deploy.0 = Production
		{92FFED9A-0E98-4367-823B-12EC0BA3FC0D}.Release|Any CPU.ActiveCfg = Debug
		{92FFED9A-0E98-4367-823B-12EC0BA3FC0D}.Release|Any CPU.Build.0 = Debug
		{92FFED9A-0E98-4367-823B-12EC0BA3FC0D}.Release|Any CPU.Deploy.0 = Debug
		{1F4552E9-3108-43DB-A5FF-9BFCAC384B16}.Debug|Any CPU.ActiveCfg = Debug
		{1F4552E9-3108-43DB-A5FF-9BFCAC384B16}.Debug|Any CPU.Build.0 = Debug
		{1F4552E9-3108-43DB-A5FF-9BFCAC384B16}.Debug|Any CPU.Deploy.0 = Debug
		{1F4552E9-3108-43DB-A5FF-9BFCAC384B16}.DebugLocal|Any CPU.ActiveCfg = DebugLocal
		{1F4552E9-3108-43DB-A5FF-9BFCAC384B16}.DebugLocal|Any CPU.Build.0 = DebugLocal
		{1F4552E9-3108-43DB-A5FF-9BFCAC384B16}.DebugLocal|Any CPU.Deploy.0 = DebugLocal
		{1F4552E9-3108-43DB-A5FF-9BFCAC384B16}.Production|Any CPU.ActiveCfg = Production
		{1F4552E9-3108-43DB-A5FF-9BFCAC384B16}.Production|Any CPU.Build.0 = Production
		{1F4552E9-3108-43DB-A5FF-9BFCAC384B16}.Production|Any CPU.Deploy.0 = Production
		{1F4552E9-3108-43DB-A5FF-9BFCAC384B16}.Release|Any CPU.ActiveCfg = Debug
		{1F4552E9-3108-43DB-A5FF-9BFCAC384B16}.Release|Any CPU.Build.0 = Debug
		{1F4552E9-3108-43DB-A5FF-9BFCAC384B16}.Release|Any CPU.Deploy.0 = Debug
		{EF930DE2-94B4-4AF5-82DA-4627D1836188}.Debug|Any CPU.ActiveCfg = Debug
		{EF930DE2-94B4-4AF5-82DA-4627D1836188}.Debug|Any CPU.Build.0 = Debug
		{EF930DE2-94B4-4AF5-82DA-4627D1836188}.Debug|Any CPU.Deploy.0 = Debug
		{EF930DE2-94B4-4AF5-82DA-4627D1836188}.DebugLocal|Any CPU.ActiveCfg = DebugLocal
		{EF930DE2-94B4-4AF5-82DA-4627D1836188}.DebugLocal|Any CPU.Build.0 = DebugLocal
		{EF930DE2-94B4-4AF5-82DA-4627D1836188}.DebugLocal|Any CPU.Deploy.0 = DebugLocal
		{EF930DE2-94B4-4AF5-82DA-4627D1836188}.Production|Any CPU.ActiveCfg = Production
		{EF930DE2-94B4-4AF5-82DA-4627D1836188}.Production|Any CPU.Build.0 = Production
		{EF930DE2-94B4-4AF5-82DA-4627D1836188}.Production|Any CPU.Deploy.0 = Production
		{EF930DE2-94B4-4AF5-82DA-4627D1836188}.Release|Any CPU.ActiveCfg = Debug
		{EF930DE2-94B4-4AF5-82DA-4627D1836188}.Release|Any CPU.Build.0 = Debug
		{EF930DE2-94B4-4AF5-82DA-4627D1836188}.Release|Any CPU.Deploy.0 = Debug
		{6DEEF5F7-3A60-4CF0-B896-46992857EC1E}.Debug|Any CPU.ActiveCfg = Debug
		{6DEEF5F7-3A60-4CF0-B896-46992857EC1E}.Debug|Any CPU.Build.0 = Debug
		{6DEEF5F7-3A60-4CF0-B896-46992857EC1E}.Debug|Any CPU.Deploy.0 = Debug
		{6DEEF5F7-3A60-4CF0-B896-46992857EC1E}.DebugLocal|Any CPU.ActiveCfg = DebugLocal
		{6DEEF5F7-3A60-4CF0-B896-46992857EC1E}.DebugLocal|Any CPU.Build.0 = DebugLocal
		{6DEEF5F7-3A60-4CF0-B896-46992857EC1E}.DebugLocal|Any CPU.Deploy.0 = DebugLocal
		{6DEEF5F7-3A60-4CF0-B896-46992857EC1E}.Production|Any CPU.ActiveCfg = Production
		{6DEEF5F7-3A60-4CF0-B896-46992857EC1E}.Production|Any CPU.Build.0 = Production
		{6DEEF5F7-3A60-4CF0-B896-46992857EC1E}.Production|Any CPU.Deploy.0 = Production
		{6DEEF5F7-3A60-4CF0-B896-46992857EC1E}.Release|Any CPU.ActiveCfg = Debug
		{6DEEF5F7-3A60-4CF0-B896-46992857EC1E}.Release|Any CPU.Build.0 = Debug
		{6DEEF5F7-3A60-4CF0-B896-46992857EC1E}.Release|Any CPU.Deploy.0 = Debug
		{11C58419-F67A-402A-9E64-09D5398CBBF1}.Debug|Any CPU.ActiveCfg = Debug
		{11C58419-F67A-402A-9E64-09D5398CBBF1}.Debug|Any CPU.Build.0 = Debug
		{11C58419-F67A-402A-9E64-09D5398CBBF1}.Debug|Any CPU.Deploy.0 = Debug
		{11C58419-F67A-402A-9E64-09D5398CBBF1}.DebugLocal|Any CPU.ActiveCfg = DebugLocal
		{11C58419-F67A-402A-9E64-09D5398CBBF1}.DebugLocal|Any CPU.Build.0 = DebugLocal
		{11C58419-F67A-402A-9E64-09D5398CBBF1}.DebugLocal|Any CPU.Deploy.0 = DebugLocal
		{11C58419-F67A-402A-9E64-09D5398CBBF1}.Production|Any CPU.ActiveCfg = Production
		{11C58419-F67A-402A-9E64-09D5398CBBF1}.Production|Any CPU.Build.0 = Production
		{11C58419-F67A-402A-9E64-09D5398CBBF1}.Production|Any CPU.Deploy.0 = Production
		{11C58419-F67A-402A-9E64-09D5398CBBF1}.Release|Any CPU.ActiveCfg = Debug
		{11C58419-F67A-402A-9E64-09D5398CBBF1}.Release|Any CPU.Build.0 = Debug
		{11C58419-F67A-402A-9E64-09D5398CBBF1}.Release|Any CPU.Deploy.0 = Debug
		{77EF76C8-CBA5-4FE0-AB16-B918A81D197B}.Debug|Any CPU.ActiveCfg = Debug
		{77EF76C8-CBA5-4FE0-AB16-B918A81D197B}.Debug|Any CPU.Build.0 = Debug
		{77EF76C8-CBA5-4FE0-AB16-B918A81D197B}.Debug|Any CPU.Deploy.0 = Debug
		{77EF76C8-CBA5-4FE0-AB16-B918A81D197B}.DebugLocal|Any CPU.ActiveCfg = DebugLocal
		{77EF76C8-CBA5-4FE0-AB16-B918A81D197B}.DebugLocal|Any CPU.Build.0 = DebugLocal
		{77EF76C8-CBA5-4FE0-AB16-B918A81D197B}.DebugLocal|Any CPU.Deploy.0 = DebugLocal
		{77EF76C8-CBA5-4FE0-AB16-B918A81D197B}.Production|Any CPU.ActiveCfg = Production
		{77EF76C8-CBA5-4FE0-AB16-B918A81D197B}.Production|Any CPU.Build.0 = Production
		{77EF76C8-CBA5-4FE0-AB16-B918A81D197B}.Production|Any CPU.Deploy.0 = Production
		{77EF76C8-CBA5-4FE0-AB16-B918A81D197B}.Release|Any CPU.ActiveCfg = Debug
		{77EF76C8-CBA5-4FE0-AB16-B918A81D197B}.Release|Any CPU.Build.0 = Debug
		{77EF76C8-CBA5-4FE0-AB16-B918A81D197B}.Release|Any CPU.Deploy.0 = Debug
		{BD66B901-F009-4F66-AB6D-A530A93CA46D}.Debug|Any CPU.ActiveCfg = Debug
		{BD66B901-F009-4F66-AB6D-A530A93CA46D}.Debug|Any CPU.Build.0 = Debug
		{BD66B901-F009-4F66-AB6D-A530A93CA46D}.Debug|Any CPU.Deploy.0 = Debug
		{BD66B901-F009-4F66-AB6D-A530A93CA46D}.DebugLocal|Any CPU.ActiveCfg = DebugLocal
		{BD66B901-F009-4F66-AB6D-A530A93CA46D}.DebugLocal|Any CPU.Build.0 = DebugLocal
		{BD66B901-F009-4F66-AB6D-A530A93CA46D}.DebugLocal|Any CPU.Deploy.0 = DebugLocal
		{BD66B901-F009-4F66-AB6D-A530A93CA46D}.Production|Any CPU.ActiveCfg = Production
		{BD66B901-F009-4F66-AB6D-A530A93CA46D}.Production|Any CPU.Build.0 = Production
		{BD66B901-F009-4F66-AB6D-A530A93CA46D}.Production|Any CPU.Deploy.0 = Production
		{BD66B901-F009-4F66-AB6D-A530A93CA46D}.Release|Any CPU.ActiveCfg = Debug
		{BD66B901-F009-4F66-AB6D-A530A93CA46D}.Release|Any CPU.Build.0 = Debug
		{BD66B901-F009-4F66-AB6D-A530A93CA46D}.Release|Any CPU.Deploy.0 = Debug
		{AB864DAC-D11F-4ECF-B265-06A29BC1C171}.Debug|Any CPU.ActiveCfg = Debug
		{AB864DAC-D11F-4ECF-B265-06A29BC1C171}.Debug|Any CPU.Build.0 = Debug
		{AB864DAC-D11F-4ECF-B265-06A29BC1C171}.Debug|Any CPU.Deploy.0 = Debug
		{AB864DAC-D11F-4ECF-B265-06A29BC1C171}.DebugLocal|Any CPU.ActiveCfg = DebugLocal
		{AB864DAC-D11F-4ECF-B265-06A29BC1C171}.DebugLocal|Any CPU.Build.0 = DebugLocal
		{AB864DAC-D11F-4ECF-B265-06A29BC1C171}.DebugLocal|Any CPU.Deploy.0 = DebugLocal
		{AB864DAC-D11F-4ECF-B265-06A29BC1C171}.Production|Any CPU.ActiveCfg = Production
		{AB864DAC-D11F-4ECF-B265-06A29BC1C171}.Production|Any CPU.Build.0 = Production
		{AB864DAC-D11F-4ECF-B265-06A29BC1C171}.Production|Any CPU.Deploy.0 = Production
		{AB864DAC-D11F-4ECF-B265-06A29BC1C171}.Release|Any CPU.ActiveCfg = Debug
		{AB864DAC-D11F-4ECF-B265-06A29BC1C171}.Release|Any CPU.Build.0 = Debug
		{AB864DAC-D11F-4ECF-B265-06A29BC1C171}.Release|Any CPU.Deploy.0 = Debug
		{F89EF4ED-AD9B-4C2F-8136-B985117F9518}.Debug|Any CPU.ActiveCfg = Debug
		{F89EF4ED-AD9B-4C2F-8136-B985117F9518}.Debug|Any CPU.Build.0 = Debug
		{F89EF4ED-AD9B-4C2F-8136-B985117F9518}.Debug|Any CPU.Deploy.0 = Debug
		{F89EF4ED-AD9B-4C2F-8136-B985117F9518}.DebugLocal|Any CPU.ActiveCfg = DebugLocal
		{F89EF4ED-AD9B-4C2F-8136-B985117F9518}.DebugLocal|Any CPU.Build.0 = DebugLocal
		{F89EF4ED-AD9B-4C2F-8136-B985117F9518}.DebugLocal|Any CPU.Deploy.0 = DebugLocal
		{F89EF4ED-AD9B-4C2F-8136-B985117F9518}.Production|Any CPU.ActiveCfg = Production
		{F89EF4ED-AD9B-4C2F-8136-B985117F9518}.Production|Any CPU.Build.0 = Production
		{F89EF4ED-AD9B-4C2F-8136-B985117F9518}.Production|Any CPU.Deploy.0 = Production
		{F89EF4ED-AD9B-4C2F-8136-B985117F9518}.Release|Any CPU.ActiveCfg = Debug
		{F89EF4ED-AD9B-4C2F-8136-B985117F9518}.Release|Any CPU.Build.0 = Debug
		{F89EF4ED-AD9B-4C2F-8136-B985117F9518}.Release|Any CPU.Deploy.0 = Debug
		{DEAAC093-D6CF-477B-8BD5-D2F125B22B9A}.Debug|Any CPU.ActiveCfg = Debug
		{DEAAC093-D6CF-477B-8BD5-D2F125B22B9A}.Debug|Any CPU.Build.0 = Debug
		{DEAAC093-D6CF-477B-8BD5-D2F125B22B9A}.Debug|Any CPU.Deploy.0 = Debug
		{DEAAC093-D6CF-477B-8BD5-D2F125B22B9A}.DebugLocal|Any CPU.ActiveCfg = DebugLocal
		{DEAAC093-D6CF-477B-8BD5-D2F125B22B9A}.DebugLocal|Any CPU.Build.0 = DebugLocal
		{DEAAC093-D6CF-477B-8BD5-D2F125B22B9A}.DebugLocal|Any CPU.Deploy.0 = DebugLocal
		{DEAAC093-D6CF-477B-8BD5-D2F125B22B9A}.Production|Any CPU.ActiveCfg = Production
		{DEAAC093-D6CF-477B-8BD5-D2F125B22B9A}.Production|Any CPU.Build.0 = Production
		{DEAAC093-D6CF-477B-8BD5-D2F125B22B9A}.Production|Any CPU.Deploy.0 = Production
		{DEAAC093-D6CF-477B-8BD5-D2F125B22B9A}.Release|Any CPU.ActiveCfg = Debug
		{DEAAC093-D6CF-477B-8BD5-D2F125B22B9A}.Release|Any CPU.Build.0 = Debug
		{DEAAC093-D6CF-477B-8BD5-D2F125B22B9A}.Release|Any CPU.Deploy.0 = Debug
		{3C43D26B-83FE-41EA-BB1F-5427E7C9090D}.Debug|Any CPU.ActiveCfg = Debug
		{3C43D26B-83FE-41EA-BB1F-5427E7C9090D}.Debug|Any CPU.Build.0 = Debug
		{3C43D26B-83FE-41EA-BB1F-5427E7C9090D}.Debug|Any CPU.Deploy.0 = Debug
		{3C43D26B-83FE-41EA-BB1F-5427E7C9090D}.DebugLocal|Any CPU.ActiveCfg = DebugLocal
		{3C43D26B-83FE-41EA-BB1F-5427E7C9090D}.DebugLocal|Any CPU.Build.0 = DebugLocal
		{3C43D26B-83FE-41EA-BB1F-5427E7C9090D}.DebugLocal|Any CPU.Deploy.0 = DebugLocal
		{3C43D26B-83FE-41EA-BB1F-5427E7C9090D}.Production|Any CPU.ActiveCfg = Debug
		{3C43D26B-83FE-41EA-BB1F-5427E7C9090D}.Production|Any CPU.Build.0 = Debug
		{3C43D26B-83FE-41EA-BB1F-5427E7C9090D}.Production|Any CPU.Deploy.0 = Debug
		{3C43D26B-83FE-41EA-BB1F-5427E7C9090D}.Release|Any CPU.ActiveCfg = Release
		{3C43D26B-83FE-41EA-BB1F-5427E7C9090D}.Release|Any CPU.Build.0 = Release
		{3C43D26B-83FE-41EA-BB1F-5427E7C9090D}.Release|Any CPU.Deploy.0 = Release
		{1D3910A6-D09B-4EB1-9559-8B5FE6B445B0}.Debug|Any CPU.ActiveCfg = Debug
		{1D3910A6-D09B-4EB1-9559-8B5FE6B445B0}.Debug|Any CPU.Build.0 = Debug
		{1D3910A6-D09B-4EB1-9559-8B5FE6B445B0}.Debug|Any CPU.Deploy.0 = Debug
		{1D3910A6-D09B-4EB1-9559-8B5FE6B445B0}.DebugLocal|Any CPU.ActiveCfg = DebugLocal
		{1D3910A6-D09B-4EB1-9559-8B5FE6B445B0}.DebugLocal|Any CPU.Build.0 = DebugLocal
		{1D3910A6-D09B-4EB1-9559-8B5FE6B445B0}.DebugLocal|Any CPU.Deploy.0 = DebugLocal
		{1D3910A6-D09B-4EB1-9559-8B5FE6B445B0}.Production|Any CPU.ActiveCfg = Debug
		{1D3910A6-D09B-4EB1-9559-8B5FE6B445B0}.Production|Any CPU.Build.0 = Debug
		{1D3910A6-D09B-4EB1-9559-8B5FE6B445B0}.Production|Any CPU.Deploy.0 = Debug
		{1D3910A6-D09B-4EB1-9559-8B5FE6B445B0}.Release|Any CPU.ActiveCfg = Release
		{1D3910A6-D09B-4EB1-9559-8B5FE6B445B0}.Release|Any CPU.Build.0 = Release
		{1D3910A6-D09B-4EB1-9559-8B5FE6B445B0}.Release|Any CPU.Deploy.0 = Release
		{7CE52855-16E1-4CC4-A2C2-5930D9E06730}.Debug|Any CPU.ActiveCfg = Debug
		{7CE52855-16E1-4CC4-A2C2-5930D9E06730}.Debug|Any CPU.Build.0 = Debug
		{7CE52855-16E1-4CC4-A2C2-5930D9E06730}.Debug|Any CPU.Deploy.0 = Debug
		{7CE52855-16E1-4CC4-A2C2-5930D9E06730}.DebugLocal|Any CPU.ActiveCfg = DebugLocal
		{7CE52855-16E1-4CC4-A2C2-5930D9E06730}.DebugLocal|Any CPU.Build.0 = DebugLocal
		{7CE52855-16E1-4CC4-A2C2-5930D9E06730}.DebugLocal|Any CPU.Deploy.0 = DebugLocal
		{7CE52855-16E1-4CC4-A2C2-5930D9E06730}.Production|Any CPU.ActiveCfg = Debug
		{7CE52855-16E1-4CC4-A2C2-5930D9E06730}.Production|Any CPU.Build.0 = Debug
		{7CE52855-16E1-4CC4-A2C2-5930D9E06730}.Production|Any CPU.Deploy.0 = Debug
		{7CE52855-16E1-4CC4-A2C2-5930D9E06730}.Release|Any CPU.ActiveCfg = Release
		{7CE52855-16E1-4CC4-A2C2-5930D9E06730}.Release|Any CPU.Build.0 = Release
		{7CE52855-16E1-4CC4-A2C2-5930D9E06730}.Release|Any CPU.Deploy.0 = Release
		{0F87A22E-14C6-4C06-9555-7F2BFE7E57EA}.Debug|Any CPU.ActiveCfg = Debug
		{0F87A22E-14C6-4C06-9555-7F2BFE7E57EA}.Debug|Any CPU.Build.0 = Debug
		{0F87A22E-14C6-4C06-9555-7F2BFE7E57EA}.Debug|Any CPU.Deploy.0 = Debug
		{0F87A22E-14C6-4C06-9555-7F2BFE7E57EA}.DebugLocal|Any CPU.ActiveCfg = DebugLocal
		{0F87A22E-14C6-4C06-9555-7F2BFE7E57EA}.DebugLocal|Any CPU.Build.0 = DebugLocal
		{0F87A22E-14C6-4C06-9555-7F2BFE7E57EA}.DebugLocal|Any CPU.Deploy.0 = DebugLocal
		{0F87A22E-14C6-4C06-9555-7F2BFE7E57EA}.Production|Any CPU.ActiveCfg = Debug
		{0F87A22E-14C6-4C06-9555-7F2BFE7E57EA}.Production|Any CPU.Build.0 = Debug
		{0F87A22E-14C6-4C06-9555-7F2BFE7E57EA}.Production|Any CPU.Deploy.0 = Debug
		{0F87A22E-14C6-4C06-9555-7F2BFE7E57EA}.Release|Any CPU.ActiveCfg = Release
		{0F87A22E-14C6-4C06-9555-7F2BFE7E57EA}.Release|Any CPU.Build.0 = Release
		{0F87A22E-14C6-4C06-9555-7F2BFE7E57EA}.Release|Any CPU.Deploy.0 = Release
		{AC7CA9DD-2771-4C50-A6EF-66D6ECB6EFD2}.Debug|Any CPU.ActiveCfg = Debug
		{AC7CA9DD-2771-4C50-A6EF-66D6ECB6EFD2}.Debug|Any CPU.Build.0 = Debug
		{AC7CA9DD-2771-4C50-A6EF-66D6ECB6EFD2}.Debug|Any CPU.Deploy.0 = Debug
		{AC7CA9DD-2771-4C50-A6EF-66D6ECB6EFD2}.DebugLocal|Any CPU.ActiveCfg = DebugLocal
		{AC7CA9DD-2771-4C50-A6EF-66D6ECB6EFD2}.DebugLocal|Any CPU.Build.0 = DebugLocal
		{AC7CA9DD-2771-4C50-A6EF-66D6ECB6EFD2}.DebugLocal|Any CPU.Deploy.0 = DebugLocal
		{AC7CA9DD-2771-4C50-A6EF-66D6ECB6EFD2}.Production|Any CPU.ActiveCfg = Release
		{AC7CA9DD-2771-4C50-A6EF-66D6ECB6EFD2}.Production|Any CPU.Build.0 = Release
		{AC7CA9DD-2771-4C50-A6EF-66D6ECB6EFD2}.Production|Any CPU.Deploy.0 = Release
		{AC7CA9DD-2771-4C50-A6EF-66D6ECB6EFD2}.Release|Any CPU.ActiveCfg = Release
		{AC7CA9DD-2771-4C50-A6EF-66D6ECB6EFD2}.Release|Any CPU.Build.0 = Release
		{AC7CA9DD-2771-4C50-A6EF-66D6ECB6EFD2}.Release|Any CPU.Deploy.0 = Release
		{CFCF5370-4968-4B3D-8C53-2BAA605454BD}.Debug|Any CPU.ActiveCfg = Debug
		{CFCF5370-4968-4B3D-8C53-2BAA605454BD}.Debug|Any CPU.Build.0 = Debug
		{CFCF5370-4968-4B3D-8C53-2BAA605454BD}.Debug|Any CPU.Deploy.0 = Debug
		{CFCF5370-4968-4B3D-8C53-2BAA605454BD}.DebugLocal|Any CPU.ActiveCfg = DebugLocal
		{CFCF5370-4968-4B3D-8C53-2BAA605454BD}.DebugLocal|Any CPU.Build.0 = DebugLocal
		{CFCF5370-4968-4B3D-8C53-2BAA605454BD}.Production|Any CPU.ActiveCfg = Release
		{CFCF5370-4968-4B3D-8C53-2BAA605454BD}.Production|Any CPU.Build.0 = Release
		{CFCF5370-4968-4B3D-8C53-2BAA605454BD}.Production|Any CPU.Deploy.0 = Release
		{CFCF5370-4968-4B3D-8C53-2BAA605454BD}.Release|Any CPU.ActiveCfg = Release
		{CFCF5370-4968-4B3D-8C53-2BAA605454BD}.Release|Any CPU.Build.0 = Release
		{CFCF5370-4968-4B3D-8C53-2BAA605454BD}.Release|Any CPU.Deploy.0 = Release
		{54E96AFF-0B45-4A73-921A-BE4E2C6B4936}.Debug|Any CPU.ActiveCfg = Debug
		{54E96AFF-0B45-4A73-921A-BE4E2C6B4936}.Debug|Any CPU.Build.0 = Debug
		{54E96AFF-0B45-4A73-921A-BE4E2C6B4936}.Debug|Any CPU.Deploy.0 = Debug
		{54E96AFF-0B45-4A73-921A-BE4E2C6B4936}.DebugLocal|Any CPU.ActiveCfg = DebugLocal
		{54E96AFF-0B45-4A73-921A-BE4E2C6B4936}.DebugLocal|Any CPU.Build.0 = DebugLocal
		{54E96AFF-0B45-4A73-921A-BE4E2C6B4936}.Production|Any CPU.ActiveCfg = Release
		{54E96AFF-0B45-4A73-921A-BE4E2C6B4936}.Production|Any CPU.Build.0 = Release
		{54E96AFF-0B45-4A73-921A-BE4E2C6B4936}.Production|Any CPU.Deploy.0 = Release
		{54E96AFF-0B45-4A73-921A-BE4E2C6B4936}.Release|Any CPU.ActiveCfg = Release
		{54E96AFF-0B45-4A73-921A-BE4E2C6B4936}.Release|Any CPU.Build.0 = Release
		{54E96AFF-0B45-4A73-921A-BE4E2C6B4936}.Release|Any CPU.Deploy.0 = Release
		{BF98FC8E-687F-4E3E-9432-B7EF995D04A0}.Debug|Any CPU.ActiveCfg = Debug
		{BF98FC8E-687F-4E3E-9432-B7EF995D04A0}.Debug|Any CPU.Build.0 = Debug
		{BF98FC8E-687F-4E3E-9432-B7EF995D04A0}.Debug|Any CPU.Deploy.0 = Debug
		{BF98FC8E-687F-4E3E-9432-B7EF995D04A0}.DebugLocal|Any CPU.ActiveCfg = DebugLocal
		{BF98FC8E-687F-4E3E-9432-B7EF995D04A0}.DebugLocal|Any CPU.Build.0 = DebugLocal
		{BF98FC8E-687F-4E3E-9432-B7EF995D04A0}.DebugLocal|Any CPU.Deploy.0 = DebugLocal
		{BF98FC8E-687F-4E3E-9432-B7EF995D04A0}.Production|Any CPU.ActiveCfg = Production
		{BF98FC8E-687F-4E3E-9432-B7EF995D04A0}.Production|Any CPU.Build.0 = Production
		{BF98FC8E-687F-4E3E-9432-B7EF995D04A0}.Production|Any CPU.Deploy.0 = Production
		{BF98FC8E-687F-4E3E-9432-B7EF995D04A0}.Release|Any CPU.ActiveCfg = 
		{BF98FC8E-687F-4E3E-9432-B7EF995D04A0}.Release|Any CPU.Build.0 = 
		{BF98FC8E-687F-4E3E-9432-B7EF995D04A0}.Release|Any CPU.Deploy.0 = 
		{EEEA1D8D-5A99-4C12-B156-24E9877D22F6}.Debug|Any CPU.ActiveCfg = Debug
		{EEEA1D8D-5A99-4C12-B156-24E9877D22F6}.Debug|Any CPU.Build.0 = Debug
		{EEEA1D8D-5A99-4C12-B156-24E9877D22F6}.Debug|Any CPU.Deploy.0 = Debug
		{EEEA1D8D-5A99-4C12-B156-24E9877D22F6}.DebugLocal|Any CPU.ActiveCfg = DebugLocal
		{EEEA1D8D-5A99-4C12-B156-24E9877D22F6}.DebugLocal|Any CPU.Build.0 = DebugLocal
		{EEEA1D8D-5A99-4C12-B156-24E9877D22F6}.Production|Any CPU.ActiveCfg = Release
		{EEEA1D8D-5A99-4C12-B156-24E9877D22F6}.Production|Any CPU.Build.0 = Release
		{EEEA1D8D-5A99-4C12-B156-24E9877D22F6}.Production|Any CPU.Deploy.0 = Release
		{EEEA1D8D-5A99-4C12-B156-24E9877D22F6}.Release|Any CPU.ActiveCfg = Release
		{EEEA1D8D-5A99-4C12-B156-24E9877D22F6}.Release|Any CPU.Build.0 = Release
		{EEEA1D8D-5A99-4C12-B156-24E9877D22F6}.Release|Any CPU.Deploy.0 = Release
		{41785DDC-6F32-428D-9C78-620066F57331}.Debug|Any CPU.ActiveCfg = Debug
		{41785DDC-6F32-428D-9C78-620066F57331}.Debug|Any CPU.Build.0 = Debug
		{41785DDC-6F32-428D-9C78-620066F57331}.Debug|Any CPU.Deploy.0 = Debug
		{41785DDC-6F32-428D-9C78-620066F57331}.DebugLocal|Any CPU.ActiveCfg = DebugLocal
		{41785DDC-6F32-428D-9C78-620066F57331}.DebugLocal|Any CPU.Build.0 = DebugLocal
		{41785DDC-6F32-428D-9C78-620066F57331}.Production|Any CPU.ActiveCfg = Release
		{41785DDC-6F32-428D-9C78-620066F57331}.Production|Any CPU.Build.0 = Release
		{41785DDC-6F32-428D-9C78-620066F57331}.Production|Any CPU.Deploy.0 = Release
		{41785DDC-6F32-428D-9C78-620066F57331}.Release|Any CPU.ActiveCfg = Release
		{41785DDC-6F32-428D-9C78-620066F57331}.Release|Any CPU.Build.0 = Release
		{41785DDC-6F32-428D-9C78-620066F57331}.Release|Any CPU.Deploy.0 = Release
		{394FA6FE-E45D-493C-94B8-6A487DF05DC7}.Debug|Any CPU.ActiveCfg = Debug
		{394FA6FE-E45D-493C-94B8-6A487DF05DC7}.Debug|Any CPU.Build.0 = Debug
		{394FA6FE-E45D-493C-94B8-6A487DF05DC7}.Debug|Any CPU.Deploy.0 = Debug
		{394FA6FE-E45D-493C-94B8-6A487DF05DC7}.DebugLocal|Any CPU.ActiveCfg = DebugLocal
		{394FA6FE-E45D-493C-94B8-6A487DF05DC7}.DebugLocal|Any CPU.Build.0 = DebugLocal
		{394FA6FE-E45D-493C-94B8-6A487DF05DC7}.Production|Any CPU.ActiveCfg = Debug
		{394FA6FE-E45D-493C-94B8-6A487DF05DC7}.Production|Any CPU.Build.0 = Debug
		{394FA6FE-E45D-493C-94B8-6A487DF05DC7}.Production|Any CPU.Deploy.0 = Debug
		{394FA6FE-E45D-493C-94B8-6A487DF05DC7}.Release|Any CPU.ActiveCfg = Release
		{394FA6FE-E45D-493C-94B8-6A487DF05DC7}.Release|Any CPU.Build.0 = Release
		{394FA6FE-E45D-493C-94B8-6A487DF05DC7}.Release|Any CPU.Deploy.0 = Release
		{54F040A2-FD12-49D6-83F7-A342CD8BD23B}.Debug|Any CPU.ActiveCfg = Debug
		{54F040A2-FD12-49D6-83F7-A342CD8BD23B}.Debug|Any CPU.Build.0 = Debug
		{54F040A2-FD12-49D6-83F7-A342CD8BD23B}.Debug|Any CPU.Deploy.0 = Debug
		{54F040A2-FD12-49D6-83F7-A342CD8BD23B}.DebugLocal|Any CPU.ActiveCfg = DebugLocal
		{54F040A2-FD12-49D6-83F7-A342CD8BD23B}.DebugLocal|Any CPU.Build.0 = DebugLocal
		{54F040A2-FD12-49D6-83F7-A342CD8BD23B}.Production|Any CPU.ActiveCfg = Debug
		{54F040A2-FD12-49D6-83F7-A342CD8BD23B}.Production|Any CPU.Build.0 = Debug
		{54F040A2-FD12-49D6-83F7-A342CD8BD23B}.Production|Any CPU.Deploy.0 = Debug
		{54F040A2-FD12-49D6-83F7-A342CD8BD23B}.Release|Any CPU.ActiveCfg = Release
		{54F040A2-FD12-49D6-83F7-A342CD8BD23B}.Release|Any CPU.Build.0 = Release
		{54F040A2-FD12-49D6-83F7-A342CD8BD23B}.Release|Any CPU.Deploy.0 = Release
		{F5974640-437B-4A63-82CD-9B001E717616}.Debug|Any CPU.ActiveCfg = Debug
		{F5974640-437B-4A63-82CD-9B001E717616}.Debug|Any CPU.Build.0 = Debug
		{F5974640-437B-4A63-82CD-9B001E717616}.Debug|Any CPU.Deploy.0 = Debug
		{F5974640-437B-4A63-82CD-9B001E717616}.DebugLocal|Any CPU.ActiveCfg = DebugLocal
		{F5974640-437B-4A63-82CD-9B001E717616}.DebugLocal|Any CPU.Build.0 = DebugLocal
		{F5974640-437B-4A63-82CD-9B001E717616}.Production|Any CPU.ActiveCfg = Debug
		{F5974640-437B-4A63-82CD-9B001E717616}.Production|Any CPU.Build.0 = Debug
		{F5974640-437B-4A63-82CD-9B001E717616}.Production|Any CPU.Deploy.0 = Debug
		{F5974640-437B-4A63-82CD-9B001E717616}.Release|Any CPU.ActiveCfg = Release
		{F5974640-437B-4A63-82CD-9B001E717616}.Release|Any CPU.Build.0 = Release
		{F5974640-437B-4A63-82CD-9B001E717616}.Release|Any CPU.Deploy.0 = Release
	EndGlobalSection
	GlobalSection(SolutionProperties) = preSolution
		HideSolutionNode = FALSE
	EndGlobalSection
	GlobalSection(ExtensibilityGlobals) = postSolution
		SolutionGuid = {0CC4E5A2-4F04-4EC7-AA78-EA53589DE01D}
	EndGlobalSection
EndGlobal
