
Microsoft Visual Studio Solution File, Format Version 12.00
# Visual Studio Version 16
VisualStudioVersion = 16.0.29306.81
MinimumVisualStudioVersion = 10.0.40219.1
Project("{FAE04EC0-301F-11D3-BF4B-00C04F79EFBC}") = "EBBBusinessObjects", "EBBBusinessObjects\EBBBusinessObjects.csproj", "{96F27118-4476-47E1-B2D3-857DCFB65999}"
EndProject
Project("{FAE04EC0-301F-11D3-BF4B-00C04F79EFBC}") = "Build", "Build\Build.csproj", "{676DCE79-6659-4FA1-A1C3-771CCAACB41F}"
EndProject
Project("{FAE04EC0-301F-11D3-BF4B-00C04F79EFBC}") = "BBOSWebService", "BBOSWebService\BBOSWebService.csproj", "{30776D8B-A871-4107-B57E-82B12E07E218}"
EndProject
Project("{FAE04EC0-301F-11D3-BF4B-00C04F79EFBC}") = "BBOSMobile", "BBOSMobile\BBOSMobile.csproj", "{AD7E40E1-F66F-4FC3-853A-D01827ED6952}"
EndProject
Project("{FAE04EC0-301F-11D3-BF4B-00C04F79EFBC}") = "BBOSWebServiceClient", "BBOSWebServiceClient\BBOSWebServiceClient.csproj", "{79C66912-9681-42AB-B99F-D33E55321B05}"
	ProjectSection(ProjectDependencies) = postProject
		{30776D8B-A871-4107-B57E-82B12E07E218} = {30776D8B-A871-4107-B57E-82B12E07E218}
	EndProjectSection
EndProject
Project("{FAE04EC0-301F-11D3-BF4B-00C04F79EFBC}") = "BBOSWidgets", "BBOSWidgets\BBOSWidgets.csproj", "{0BF525D1-134C-4D17-B5AE-0402ED9E31F3}"
EndProject
Project("{FAE04EC0-301F-11D3-BF4B-00C04F79EFBC}") = "BBOSPublicProfiles", "BBOSPublicProfiles\BBOSPublicProfiles.csproj", "{E72BB941-16BA-42C5-8E9D-3198C00664C5}"
EndProject
Project("{FAE04EC0-301F-11D3-BF4B-00C04F79EFBC}") = "BBOS", "BBOS\BBOS.csproj", "{B56032A9-79BC-4F79-AADB-0327F37311E1}"
EndProject
Project("{FAE04EC0-301F-11D3-BF4B-00C04F79EFBC}") = "BBOSMobileSales", "BBOSMobileSales\BBOSMobileSales.csproj", "{55FECB66-FB17-4F60-9764-911928B0D93E}"
EndProject
Global
	GlobalSection(SolutionConfigurationPlatforms) = preSolution
		Debug|Any CPU = Debug|Any CPU
		Debug|Mixed Platforms = Debug|Mixed Platforms
		Debug|x86 = Debug|x86
		Release|Any CPU = Release|Any CPU
		Release|Mixed Platforms = Release|Mixed Platforms
		Release|x86 = Release|x86
		TravantBuild|Any CPU = TravantBuild|Any CPU
		TravantBuild|Mixed Platforms = TravantBuild|Mixed Platforms
		TravantBuild|x86 = TravantBuild|x86
	EndGlobalSection
	GlobalSection(ProjectConfigurationPlatforms) = postSolution
		{96F27118-4476-47E1-B2D3-857DCFB65999}.Debug|Any CPU.ActiveCfg = Debug|Any CPU
		{96F27118-4476-47E1-B2D3-857DCFB65999}.Debug|Any CPU.Build.0 = Debug|Any CPU
		{96F27118-4476-47E1-B2D3-857DCFB65999}.Debug|Mixed Platforms.ActiveCfg = Debug|Any CPU
		{96F27118-4476-47E1-B2D3-857DCFB65999}.Debug|Mixed Platforms.Build.0 = Debug|Any CPU
		{96F27118-4476-47E1-B2D3-857DCFB65999}.Debug|x86.ActiveCfg = Debug|Any CPU
		{96F27118-4476-47E1-B2D3-857DCFB65999}.Release|Any CPU.ActiveCfg = Release|Any CPU
		{96F27118-4476-47E1-B2D3-857DCFB65999}.Release|Any CPU.Build.0 = Release|Any CPU
		{96F27118-4476-47E1-B2D3-857DCFB65999}.Release|Mixed Platforms.ActiveCfg = Release|Any CPU
		{96F27118-4476-47E1-B2D3-857DCFB65999}.Release|x86.ActiveCfg = Release|Any CPU
		{96F27118-4476-47E1-B2D3-857DCFB65999}.TravantBuild|Any CPU.ActiveCfg = TravantBuild|Any CPU
		{96F27118-4476-47E1-B2D3-857DCFB65999}.TravantBuild|Any CPU.Build.0 = TravantBuild|Any CPU
		{96F27118-4476-47E1-B2D3-857DCFB65999}.TravantBuild|Mixed Platforms.ActiveCfg = TravantBuild|Any CPU
		{96F27118-4476-47E1-B2D3-857DCFB65999}.TravantBuild|Mixed Platforms.Build.0 = TravantBuild|Any CPU
		{96F27118-4476-47E1-B2D3-857DCFB65999}.TravantBuild|x86.ActiveCfg = TravantBuild|Any CPU
		{96F27118-4476-47E1-B2D3-857DCFB65999}.TravantBuild|x86.Build.0 = TravantBuild|Any CPU
		{676DCE79-6659-4FA1-A1C3-771CCAACB41F}.Debug|Any CPU.ActiveCfg = Debug|Any CPU
		{676DCE79-6659-4FA1-A1C3-771CCAACB41F}.Debug|Mixed Platforms.ActiveCfg = Debug|Any CPU
		{676DCE79-6659-4FA1-A1C3-771CCAACB41F}.Debug|x86.ActiveCfg = Debug|Any CPU
		{676DCE79-6659-4FA1-A1C3-771CCAACB41F}.Release|Any CPU.ActiveCfg = Release|Any CPU
		{676DCE79-6659-4FA1-A1C3-771CCAACB41F}.Release|Any CPU.Build.0 = Release|Any CPU
		{676DCE79-6659-4FA1-A1C3-771CCAACB41F}.Release|Mixed Platforms.ActiveCfg = Release|Any CPU
		{676DCE79-6659-4FA1-A1C3-771CCAACB41F}.Release|x86.ActiveCfg = Release|Any CPU
		{676DCE79-6659-4FA1-A1C3-771CCAACB41F}.TravantBuild|Any CPU.ActiveCfg = TravantBuild|Any CPU
		{676DCE79-6659-4FA1-A1C3-771CCAACB41F}.TravantBuild|Mixed Platforms.ActiveCfg = TravantBuild|Any CPU
		{676DCE79-6659-4FA1-A1C3-771CCAACB41F}.TravantBuild|x86.ActiveCfg = TravantBuild|Any CPU
		{676DCE79-6659-4FA1-A1C3-771CCAACB41F}.TravantBuild|x86.Build.0 = TravantBuild|Any CPU
		{30776D8B-A871-4107-B57E-82B12E07E218}.Debug|Any CPU.ActiveCfg = Debug|Any CPU
		{30776D8B-A871-4107-B57E-82B12E07E218}.Debug|Any CPU.Build.0 = Debug|Any CPU
		{30776D8B-A871-4107-B57E-82B12E07E218}.Debug|Mixed Platforms.ActiveCfg = Debug|Any CPU
		{30776D8B-A871-4107-B57E-82B12E07E218}.Debug|x86.ActiveCfg = Debug|Any CPU
		{30776D8B-A871-4107-B57E-82B12E07E218}.Release|Any CPU.ActiveCfg = Release|Any CPU
		{30776D8B-A871-4107-B57E-82B12E07E218}.Release|Any CPU.Build.0 = Release|Any CPU
		{30776D8B-A871-4107-B57E-82B12E07E218}.Release|Mixed Platforms.ActiveCfg = Release|Any CPU
		{30776D8B-A871-4107-B57E-82B12E07E218}.Release|x86.ActiveCfg = Release|Any CPU
		{30776D8B-A871-4107-B57E-82B12E07E218}.TravantBuild|Any CPU.ActiveCfg = TravantBuild|Any CPU
		{30776D8B-A871-4107-B57E-82B12E07E218}.TravantBuild|Mixed Platforms.ActiveCfg = TravantBuild|Any CPU
		{30776D8B-A871-4107-B57E-82B12E07E218}.TravantBuild|Mixed Platforms.Build.0 = TravantBuild|Any CPU
		{30776D8B-A871-4107-B57E-82B12E07E218}.TravantBuild|x86.ActiveCfg = TravantBuild|Any CPU
		{30776D8B-A871-4107-B57E-82B12E07E218}.TravantBuild|x86.Build.0 = TravantBuild|Any CPU
		{AD7E40E1-F66F-4FC3-853A-D01827ED6952}.Debug|Any CPU.ActiveCfg = Debug|Any CPU
		{AD7E40E1-F66F-4FC3-853A-D01827ED6952}.Debug|Any CPU.Build.0 = Debug|Any CPU
		{AD7E40E1-F66F-4FC3-853A-D01827ED6952}.Debug|Mixed Platforms.ActiveCfg = Debug|Any CPU
		{AD7E40E1-F66F-4FC3-853A-D01827ED6952}.Debug|x86.ActiveCfg = Debug|Any CPU
		{AD7E40E1-F66F-4FC3-853A-D01827ED6952}.Release|Any CPU.ActiveCfg = Release|Any CPU
		{AD7E40E1-F66F-4FC3-853A-D01827ED6952}.Release|Any CPU.Build.0 = Release|Any CPU
		{AD7E40E1-F66F-4FC3-853A-D01827ED6952}.Release|Mixed Platforms.ActiveCfg = Release|Any CPU
		{AD7E40E1-F66F-4FC3-853A-D01827ED6952}.Release|x86.ActiveCfg = Release|Any CPU
		{AD7E40E1-F66F-4FC3-853A-D01827ED6952}.TravantBuild|Any CPU.ActiveCfg = TravantBuild|Any CPU
		{AD7E40E1-F66F-4FC3-853A-D01827ED6952}.TravantBuild|Mixed Platforms.ActiveCfg = TravantBuild|Any CPU
		{AD7E40E1-F66F-4FC3-853A-D01827ED6952}.TravantBuild|x86.ActiveCfg = TravantBuild|Any CPU
		{AD7E40E1-F66F-4FC3-853A-D01827ED6952}.TravantBuild|x86.Build.0 = TravantBuild|Any CPU
		{79C66912-9681-42AB-B99F-D33E55321B05}.Debug|Any CPU.ActiveCfg = Debug|Any CPU
		{79C66912-9681-42AB-B99F-D33E55321B05}.Debug|Any CPU.Build.0 = Debug|Any CPU
		{79C66912-9681-42AB-B99F-D33E55321B05}.Debug|Mixed Platforms.ActiveCfg = Debug|Any CPU
		{79C66912-9681-42AB-B99F-D33E55321B05}.Debug|x86.ActiveCfg = Debug|Any CPU
		{79C66912-9681-42AB-B99F-D33E55321B05}.Release|Any CPU.ActiveCfg = Release|Any CPU
		{79C66912-9681-42AB-B99F-D33E55321B05}.Release|Any CPU.Build.0 = Release|Any CPU
		{79C66912-9681-42AB-B99F-D33E55321B05}.Release|Mixed Platforms.ActiveCfg = Release|Any CPU
		{79C66912-9681-42AB-B99F-D33E55321B05}.Release|x86.ActiveCfg = Release|Any CPU
		{79C66912-9681-42AB-B99F-D33E55321B05}.TravantBuild|Any CPU.ActiveCfg = TravantBuild|Any CPU
		{79C66912-9681-42AB-B99F-D33E55321B05}.TravantBuild|Mixed Platforms.ActiveCfg = TravantBuild|Any CPU
		{79C66912-9681-42AB-B99F-D33E55321B05}.TravantBuild|Mixed Platforms.Build.0 = TravantBuild|Any CPU
		{79C66912-9681-42AB-B99F-D33E55321B05}.TravantBuild|x86.ActiveCfg = TravantBuild|Any CPU
		{79C66912-9681-42AB-B99F-D33E55321B05}.TravantBuild|x86.Build.0 = TravantBuild|Any CPU
		{0BF525D1-134C-4D17-B5AE-0402ED9E31F3}.Debug|Any CPU.ActiveCfg = Debug|Any CPU
		{0BF525D1-134C-4D17-B5AE-0402ED9E31F3}.Debug|Any CPU.Build.0 = Debug|Any CPU
		{0BF525D1-134C-4D17-B5AE-0402ED9E31F3}.Debug|Mixed Platforms.ActiveCfg = Debug|Any CPU
		{0BF525D1-134C-4D17-B5AE-0402ED9E31F3}.Debug|x86.ActiveCfg = Debug|Any CPU
		{0BF525D1-134C-4D17-B5AE-0402ED9E31F3}.Release|Any CPU.ActiveCfg = Release|Any CPU
		{0BF525D1-134C-4D17-B5AE-0402ED9E31F3}.Release|Any CPU.Build.0 = Release|Any CPU
		{0BF525D1-134C-4D17-B5AE-0402ED9E31F3}.Release|Mixed Platforms.ActiveCfg = Release|Any CPU
		{0BF525D1-134C-4D17-B5AE-0402ED9E31F3}.Release|x86.ActiveCfg = Release|Any CPU
		{0BF525D1-134C-4D17-B5AE-0402ED9E31F3}.TravantBuild|Any CPU.ActiveCfg = TravantBuild|Any CPU
		{0BF525D1-134C-4D17-B5AE-0402ED9E31F3}.TravantBuild|Mixed Platforms.ActiveCfg = TravantBuild|Any CPU
		{0BF525D1-134C-4D17-B5AE-0402ED9E31F3}.TravantBuild|Mixed Platforms.Build.0 = TravantBuild|Any CPU
		{0BF525D1-134C-4D17-B5AE-0402ED9E31F3}.TravantBuild|x86.ActiveCfg = TravantBuild|Any CPU
		{0BF525D1-134C-4D17-B5AE-0402ED9E31F3}.TravantBuild|x86.Build.0 = TravantBuild|Any CPU
		{E72BB941-16BA-42C5-8E9D-3198C00664C5}.Debug|Any CPU.ActiveCfg = Debug|Any CPU
		{E72BB941-16BA-42C5-8E9D-3198C00664C5}.Debug|Any CPU.Build.0 = Debug|Any CPU
		{E72BB941-16BA-42C5-8E9D-3198C00664C5}.Debug|Mixed Platforms.ActiveCfg = Debug|Any CPU
		{E72BB941-16BA-42C5-8E9D-3198C00664C5}.Debug|x86.ActiveCfg = Debug|Any CPU
		{E72BB941-16BA-42C5-8E9D-3198C00664C5}.Release|Any CPU.ActiveCfg = Release|Any CPU
		{E72BB941-16BA-42C5-8E9D-3198C00664C5}.Release|Any CPU.Build.0 = Release|Any CPU
		{E72BB941-16BA-42C5-8E9D-3198C00664C5}.Release|Mixed Platforms.ActiveCfg = Release|Any CPU
		{E72BB941-16BA-42C5-8E9D-3198C00664C5}.Release|x86.ActiveCfg = Release|Any CPU
		{E72BB941-16BA-42C5-8E9D-3198C00664C5}.TravantBuild|Any CPU.ActiveCfg = TravantBuild|Any CPU
		{E72BB941-16BA-42C5-8E9D-3198C00664C5}.TravantBuild|Mixed Platforms.ActiveCfg = TravantBuild|Any CPU
		{E72BB941-16BA-42C5-8E9D-3198C00664C5}.TravantBuild|Mixed Platforms.Build.0 = TravantBuild|Any CPU
		{E72BB941-16BA-42C5-8E9D-3198C00664C5}.TravantBuild|x86.ActiveCfg = TravantBuild|Any CPU
		{E72BB941-16BA-42C5-8E9D-3198C00664C5}.TravantBuild|x86.Build.0 = TravantBuild|Any CPU
		{B56032A9-79BC-4F79-AADB-0327F37311E1}.Debug|Any CPU.ActiveCfg = Debug|Any CPU
		{B56032A9-79BC-4F79-AADB-0327F37311E1}.Debug|Any CPU.Build.0 = Debug|Any CPU
		{B56032A9-79BC-4F79-AADB-0327F37311E1}.Debug|Mixed Platforms.ActiveCfg = Debug|Any CPU
		{B56032A9-79BC-4F79-AADB-0327F37311E1}.Debug|Mixed Platforms.Build.0 = Debug|Any CPU
		{B56032A9-79BC-4F79-AADB-0327F37311E1}.Debug|x86.ActiveCfg = Debug|Any CPU
		{B56032A9-79BC-4F79-AADB-0327F37311E1}.Debug|x86.Build.0 = Debug|Any CPU
		{B56032A9-79BC-4F79-AADB-0327F37311E1}.Release|Any CPU.ActiveCfg = Release|Any CPU
		{B56032A9-79BC-4F79-AADB-0327F37311E1}.Release|Any CPU.Build.0 = Release|Any CPU
		{B56032A9-79BC-4F79-AADB-0327F37311E1}.Release|Mixed Platforms.ActiveCfg = Release|Any CPU
		{B56032A9-79BC-4F79-AADB-0327F37311E1}.Release|Mixed Platforms.Build.0 = Release|Any CPU
		{B56032A9-79BC-4F79-AADB-0327F37311E1}.Release|x86.ActiveCfg = Release|Any CPU
		{B56032A9-79BC-4F79-AADB-0327F37311E1}.Release|x86.Build.0 = Release|Any CPU
		{B56032A9-79BC-4F79-AADB-0327F37311E1}.TravantBuild|Any CPU.ActiveCfg = TravantBuild|Any CPU
		{B56032A9-79BC-4F79-AADB-0327F37311E1}.TravantBuild|Any CPU.Build.0 = TravantBuild|Any CPU
		{B56032A9-79BC-4F79-AADB-0327F37311E1}.TravantBuild|Mixed Platforms.ActiveCfg = TravantBuild|Any CPU
		{B56032A9-79BC-4F79-AADB-0327F37311E1}.TravantBuild|Mixed Platforms.Build.0 = TravantBuild|Any CPU
		{B56032A9-79BC-4F79-AADB-0327F37311E1}.TravantBuild|x86.ActiveCfg = TravantBuild|Any CPU
		{B56032A9-79BC-4F79-AADB-0327F37311E1}.TravantBuild|x86.Build.0 = TravantBuild|Any CPU
		{55FECB66-FB17-4F60-9764-911928B0D93E}.Debug|Any CPU.ActiveCfg = Debug|Any CPU
		{55FECB66-FB17-4F60-9764-911928B0D93E}.Debug|Any CPU.Build.0 = Debug|Any CPU
		{55FECB66-FB17-4F60-9764-911928B0D93E}.Debug|Mixed Platforms.ActiveCfg = Debug|Any CPU
		{55FECB66-FB17-4F60-9764-911928B0D93E}.Debug|Mixed Platforms.Build.0 = Debug|Any CPU
		{55FECB66-FB17-4F60-9764-911928B0D93E}.Debug|x86.ActiveCfg = Debug|Any CPU
		{55FECB66-FB17-4F60-9764-911928B0D93E}.Debug|x86.Build.0 = Debug|Any CPU
		{55FECB66-FB17-4F60-9764-911928B0D93E}.Release|Any CPU.ActiveCfg = Release|Any CPU
		{55FECB66-FB17-4F60-9764-911928B0D93E}.Release|Any CPU.Build.0 = Release|Any CPU
		{55FECB66-FB17-4F60-9764-911928B0D93E}.Release|Mixed Platforms.ActiveCfg = Release|Any CPU
		{55FECB66-FB17-4F60-9764-911928B0D93E}.Release|Mixed Platforms.Build.0 = Release|Any CPU
		{55FECB66-FB17-4F60-9764-911928B0D93E}.Release|x86.ActiveCfg = Release|Any CPU
		{55FECB66-FB17-4F60-9764-911928B0D93E}.Release|x86.Build.0 = Release|Any CPU
		{55FECB66-FB17-4F60-9764-911928B0D93E}.TravantBuild|Any CPU.ActiveCfg = Debug|Any CPU
		{55FECB66-FB17-4F60-9764-911928B0D93E}.TravantBuild|Any CPU.Build.0 = Debug|Any CPU
		{55FECB66-FB17-4F60-9764-911928B0D93E}.TravantBuild|Mixed Platforms.ActiveCfg = Debug|Any CPU
		{55FECB66-FB17-4F60-9764-911928B0D93E}.TravantBuild|Mixed Platforms.Build.0 = Debug|Any CPU
		{55FECB66-FB17-4F60-9764-911928B0D93E}.TravantBuild|x86.ActiveCfg = Debug|Any CPU
		{55FECB66-FB17-4F60-9764-911928B0D93E}.TravantBuild|x86.Build.0 = Debug|Any CPU
	EndGlobalSection
	GlobalSection(SolutionProperties) = preSolution
		HideSolutionNode = FALSE
	EndGlobalSection
	GlobalSection(ExtensibilityGlobals) = postSolution
		SolutionGuid = {A688571C-508E-433D-A463-BDE0F8E75ACC}
	EndGlobalSection
	GlobalSection(SubversionScc) = preSolution
		Svn-Managed = True
		Manager = AnkhSVN - Subversion Support for Visual Studio
	EndGlobalSection
EndGlobal
