
Microsoft Visual Studio Solution File, Format Version 12.00
# Visual Studio Version 16
VisualStudioVersion = 16.0.31205.134
MinimumVisualStudioVersion = 10.0.40219.1
Project("{FAE04EC0-301F-11D3-BF4B-00C04F79EFBC}") = "Build", "Build\Build.csproj", "{3847D076-BD34-4A13-9715-A9EA43DB1EF2}"
EndProject
Project("{FAE04EC0-301F-11D3-BF4B-00C04F79EFBC}") = "BBOS", "..\EBB\BBOS\BBOS.csproj", "{B56032A9-79BC-4F79-AADB-0327F37311E1}"
EndProject
Project("{FAE04EC0-301F-11D3-BF4B-00C04F79EFBC}") = "BBOSPublicProfiles", "..\EBB\BBOSPublicProfiles\BBOSPublicProfiles.csproj", "{E72BB941-16BA-42C5-8E9D-3198C00664C5}"
EndProject
Project("{FAE04EC0-301F-11D3-BF4B-00C04F79EFBC}") = "BBOSWebService", "..\EBB\BBOSWebService\BBOSWebService.csproj", "{30776D8B-A871-4107-B57E-82B12E07E218}"
EndProject
Project("{FAE04EC0-301F-11D3-BF4B-00C04F79EFBC}") = "BBOSWebServiceClient", "..\EBB\BBOSWebServiceClient\BBOSWebServiceClient.csproj", "{79C66912-9681-42AB-B99F-D33E55321B05}"
EndProject
Project("{FAE04EC0-301F-11D3-BF4B-00C04F79EFBC}") = "BBOSWidgets", "..\EBB\BBOSWidgets\BBOSWidgets.csproj", "{0BF525D1-134C-4D17-B5AE-0402ED9E31F3}"
EndProject
Project("{FAE04EC0-301F-11D3-BF4B-00C04F79EFBC}") = "EBBBusinessObjects", "..\EBB\EBBBusinessObjects\EBBBusinessObjects.csproj", "{96F27118-4476-47E1-B2D3-857DCFB65999}"
EndProject
Project("{FAE04EC0-301F-11D3-BF4B-00C04F79EFBC}") = "BBSReportInterface", "..\PRCo\BBS Components\BBSReportInterface\BBSReportInterface.csproj", "{6D6EB00B-CFB4-409C-9BBB-C71BE2D2EE1B}"
EndProject
Project("{FAE04EC0-301F-11D3-BF4B-00C04F79EFBC}") = "BBSDataFormatter", "..\PRCo\BBS Components\BBSDataFormatter\BBSDataFormatter.csproj", "{9301CACD-88D3-4F65-B963-17E946673A18}"
EndProject
Project("{FAE04EC0-301F-11D3-BF4B-00C04F79EFBC}") = "BBSCompareListings", "..\PRCo\BBS Components\BBSListingTests\BBSCompareListings.csproj", "{3894D8C5-424F-41FF-9D7D-E027ED2334EE}"
EndProject
Project("{FAE04EC0-301F-11D3-BF4B-00C04F79EFBC}") = "ExternalNews", "..\PRCo\BBS Components\ExternalNews\ExternalNews.csproj", "{EA85A2C3-C39A-4561-9E92-6A17512AD6A8}"
EndProject
Project("{FAE04EC0-301F-11D3-BF4B-00C04F79EFBC}") = "FaxInterface", "..\PRCo\BBS Components\FaxInterface\FaxInterface.csproj", "{6209AFFD-C400-4FB2-B241-6B522556C3AD}"
EndProject
Project("{FAE04EC0-301F-11D3-BF4B-00C04F79EFBC}") = "PayIndicator", "..\PRCo\BBS Components\PayIndicator\PayIndicator.csproj", "{E9DF0DD1-55C7-4DE4-B2F0-8BA371619B29}"
EndProject
Project("{FAE04EC0-301F-11D3-BF4B-00C04F79EFBC}") = "sstchur.web.survey", "..\PRCo\BBS Components\WebSurvey\sstchur.web.survey.csproj", "{37EC9396-50D7-4023-A340-12490DE905C3}"
EndProject
Project("{FAE04EC0-301F-11D3-BF4B-00C04F79EFBC}") = "EmailInterface", "..\PRCo\BBS Components\EmailInterface\EmailInterface.csproj", "{C8959ED3-1030-4328-BD5F-F477789EC9E5}"
EndProject
Project("{FAE04EC0-301F-11D3-BF4B-00C04F79EFBC}") = "BBSUtils", "..\PRCo\BBS Components\BBSUtils\BBSUtils.csproj", "{146DB5A2-B2D3-4207-8A18-C06D4355DF40}"
EndProject
Project("{FAE04EC0-301F-11D3-BF4B-00C04F79EFBC}") = "BBSMonitor", "..\PRCo\BBS Components\BBSMonitor\BBSMonitor.csproj", "{E71FCE35-47FF-45D5-8D00-55FF42576DAB}"
EndProject
Project("{FAE04EC0-301F-11D3-BF4B-00C04F79EFBC}") = "WWWRoot", "..\PRCo\CRM\WWWRoot\WWWRoot.csproj", "{40890080-AEC3-4F2B-8A5F-98C27787638E}"
EndProject
Project("{FAE04EC0-301F-11D3-BF4B-00C04F79EFBC}") = "TravantCRM", "..\PRCo\CRM\TravantCRM\TravantCRM.csproj", "{5091ABA3-A3CA-456D-9C2A-9B428C276205}"
EndProject
Project("{FAE04EC0-301F-11D3-BF4B-00C04F79EFBC}") = "PIKSUtils", "..\PRCo\PIKS Database\SQLCLR\PIKSFunctions\PIKSUtils.csproj", "{C08CA1CF-10E6-405A-AE0A-DEEF25AB73B4}"
EndProject
Project("{00D1A9C2-B5F0-4AF3-8072-F6C62B433612}") = "Database", "..\PRCo\PIKS Database\Database.sqlproj", "{0E5EC93A-20FC-4715-B89D-8859619273E5}"
EndProject
Project("{FAE04EC0-301F-11D3-BF4B-00C04F79EFBC}") = "LocalSourceImporter", "..\PRCo\BBS Components\LocalSourceImporter\LocalSourceImporter.csproj", "{2882E0D2-E386-4FFF-9F4A-D724D62E03A7}"
EndProject
Project("{FAE04EC0-301F-11D3-BF4B-00C04F79EFBC}") = "WordPress", "..\PRCo\WordPress\WordPress.csproj", "{012A1126-C58B-4C78-BC26-D21020F8FFA3}"
EndProject
Project("{FAE04EC0-301F-11D3-BF4B-00C04F79EFBC}") = "BBOSMobileSales", "..\EBB\BBOSMobileSales\BBOSMobileSales.csproj", "{55FECB66-FB17-4F60-9764-911928B0D93E}"
EndProject
Project("{FAE04EC0-301F-11D3-BF4B-00C04F79EFBC}") = "StripePayments", "..\EBB\StripePayments\StripePayments.csproj", "{A3015A93-89BF-451F-9816-39447202D485}"
EndProject
Global
	GlobalSection(SolutionConfigurationPlatforms) = preSolution
		Debug|Any CPU = Debug|Any CPU
		Release|Any CPU = Release|Any CPU
		TravantBuild|Any CPU = TravantBuild|Any CPU
	EndGlobalSection
	GlobalSection(ProjectConfigurationPlatforms) = postSolution
		{3847D076-BD34-4A13-9715-A9EA43DB1EF2}.Debug|Any CPU.ActiveCfg = Debug|Any CPU
		{3847D076-BD34-4A13-9715-A9EA43DB1EF2}.Release|Any CPU.ActiveCfg = Release|Any CPU
		{3847D076-BD34-4A13-9715-A9EA43DB1EF2}.Release|Any CPU.Build.0 = Release|Any CPU
		{3847D076-BD34-4A13-9715-A9EA43DB1EF2}.TravantBuild|Any CPU.ActiveCfg = Debug|Any CPU
		{B56032A9-79BC-4F79-AADB-0327F37311E1}.Debug|Any CPU.ActiveCfg = Debug|Any CPU
		{B56032A9-79BC-4F79-AADB-0327F37311E1}.Debug|Any CPU.Build.0 = Debug|Any CPU
		{B56032A9-79BC-4F79-AADB-0327F37311E1}.Release|Any CPU.ActiveCfg = Release|Any CPU
		{B56032A9-79BC-4F79-AADB-0327F37311E1}.Release|Any CPU.Build.0 = Release|Any CPU
		{B56032A9-79BC-4F79-AADB-0327F37311E1}.TravantBuild|Any CPU.ActiveCfg = TravantBuild|Any CPU
		{B56032A9-79BC-4F79-AADB-0327F37311E1}.TravantBuild|Any CPU.Build.0 = TravantBuild|Any CPU
		{E72BB941-16BA-42C5-8E9D-3198C00664C5}.Debug|Any CPU.ActiveCfg = Debug|Any CPU
		{E72BB941-16BA-42C5-8E9D-3198C00664C5}.Debug|Any CPU.Build.0 = Debug|Any CPU
		{E72BB941-16BA-42C5-8E9D-3198C00664C5}.Release|Any CPU.ActiveCfg = Release|Any CPU
		{E72BB941-16BA-42C5-8E9D-3198C00664C5}.Release|Any CPU.Build.0 = Release|Any CPU
		{E72BB941-16BA-42C5-8E9D-3198C00664C5}.TravantBuild|Any CPU.ActiveCfg = TravantBuild|Any CPU
		{E72BB941-16BA-42C5-8E9D-3198C00664C5}.TravantBuild|Any CPU.Build.0 = TravantBuild|Any CPU
		{30776D8B-A871-4107-B57E-82B12E07E218}.Debug|Any CPU.ActiveCfg = Debug|Any CPU
		{30776D8B-A871-4107-B57E-82B12E07E218}.Debug|Any CPU.Build.0 = Debug|Any CPU
		{30776D8B-A871-4107-B57E-82B12E07E218}.Release|Any CPU.ActiveCfg = Release|Any CPU
		{30776D8B-A871-4107-B57E-82B12E07E218}.Release|Any CPU.Build.0 = Release|Any CPU
		{30776D8B-A871-4107-B57E-82B12E07E218}.TravantBuild|Any CPU.ActiveCfg = TravantBuild|Any CPU
		{30776D8B-A871-4107-B57E-82B12E07E218}.TravantBuild|Any CPU.Build.0 = TravantBuild|Any CPU
		{79C66912-9681-42AB-B99F-D33E55321B05}.Debug|Any CPU.ActiveCfg = Debug|Any CPU
		{79C66912-9681-42AB-B99F-D33E55321B05}.Debug|Any CPU.Build.0 = Debug|Any CPU
		{79C66912-9681-42AB-B99F-D33E55321B05}.Release|Any CPU.ActiveCfg = Release|Any CPU
		{79C66912-9681-42AB-B99F-D33E55321B05}.Release|Any CPU.Build.0 = Release|Any CPU
		{79C66912-9681-42AB-B99F-D33E55321B05}.TravantBuild|Any CPU.ActiveCfg = TravantBuild|Any CPU
		{79C66912-9681-42AB-B99F-D33E55321B05}.TravantBuild|Any CPU.Build.0 = TravantBuild|Any CPU
		{0BF525D1-134C-4D17-B5AE-0402ED9E31F3}.Debug|Any CPU.ActiveCfg = Debug|Any CPU
		{0BF525D1-134C-4D17-B5AE-0402ED9E31F3}.Debug|Any CPU.Build.0 = Debug|Any CPU
		{0BF525D1-134C-4D17-B5AE-0402ED9E31F3}.Release|Any CPU.ActiveCfg = Release|Any CPU
		{0BF525D1-134C-4D17-B5AE-0402ED9E31F3}.Release|Any CPU.Build.0 = Release|Any CPU
		{0BF525D1-134C-4D17-B5AE-0402ED9E31F3}.TravantBuild|Any CPU.ActiveCfg = TravantBuild|Any CPU
		{0BF525D1-134C-4D17-B5AE-0402ED9E31F3}.TravantBuild|Any CPU.Build.0 = TravantBuild|Any CPU
		{96F27118-4476-47E1-B2D3-857DCFB65999}.Debug|Any CPU.ActiveCfg = Debug|Any CPU
		{96F27118-4476-47E1-B2D3-857DCFB65999}.Debug|Any CPU.Build.0 = Debug|Any CPU
		{96F27118-4476-47E1-B2D3-857DCFB65999}.Release|Any CPU.ActiveCfg = Release|Any CPU
		{96F27118-4476-47E1-B2D3-857DCFB65999}.Release|Any CPU.Build.0 = Release|Any CPU
		{96F27118-4476-47E1-B2D3-857DCFB65999}.TravantBuild|Any CPU.ActiveCfg = TravantBuild|Any CPU
		{96F27118-4476-47E1-B2D3-857DCFB65999}.TravantBuild|Any CPU.Build.0 = TravantBuild|Any CPU
		{6D6EB00B-CFB4-409C-9BBB-C71BE2D2EE1B}.Debug|Any CPU.ActiveCfg = Debug|Any CPU
		{6D6EB00B-CFB4-409C-9BBB-C71BE2D2EE1B}.Debug|Any CPU.Build.0 = Debug|Any CPU
		{6D6EB00B-CFB4-409C-9BBB-C71BE2D2EE1B}.Release|Any CPU.ActiveCfg = Release|Any CPU
		{6D6EB00B-CFB4-409C-9BBB-C71BE2D2EE1B}.Release|Any CPU.Build.0 = Release|Any CPU
		{6D6EB00B-CFB4-409C-9BBB-C71BE2D2EE1B}.TravantBuild|Any CPU.ActiveCfg = TravantBuild|Any CPU
		{6D6EB00B-CFB4-409C-9BBB-C71BE2D2EE1B}.TravantBuild|Any CPU.Build.0 = TravantBuild|Any CPU
		{9301CACD-88D3-4F65-B963-17E946673A18}.Debug|Any CPU.ActiveCfg = Debug|Any CPU
		{9301CACD-88D3-4F65-B963-17E946673A18}.Debug|Any CPU.Build.0 = Debug|Any CPU
		{9301CACD-88D3-4F65-B963-17E946673A18}.Release|Any CPU.ActiveCfg = Release|Any CPU
		{9301CACD-88D3-4F65-B963-17E946673A18}.Release|Any CPU.Build.0 = Release|Any CPU
		{9301CACD-88D3-4F65-B963-17E946673A18}.TravantBuild|Any CPU.ActiveCfg = TravantBuild|Any CPU
		{9301CACD-88D3-4F65-B963-17E946673A18}.TravantBuild|Any CPU.Build.0 = TravantBuild|Any CPU
		{3894D8C5-424F-41FF-9D7D-E027ED2334EE}.Debug|Any CPU.ActiveCfg = Debug|Any CPU
		{3894D8C5-424F-41FF-9D7D-E027ED2334EE}.Debug|Any CPU.Build.0 = Debug|Any CPU
		{3894D8C5-424F-41FF-9D7D-E027ED2334EE}.Release|Any CPU.ActiveCfg = Release|Any CPU
		{3894D8C5-424F-41FF-9D7D-E027ED2334EE}.Release|Any CPU.Build.0 = Release|Any CPU
		{3894D8C5-424F-41FF-9D7D-E027ED2334EE}.TravantBuild|Any CPU.ActiveCfg = TravantBuild|Any CPU
		{3894D8C5-424F-41FF-9D7D-E027ED2334EE}.TravantBuild|Any CPU.Build.0 = TravantBuild|Any CPU
		{EA85A2C3-C39A-4561-9E92-6A17512AD6A8}.Debug|Any CPU.ActiveCfg = Debug|Any CPU
		{EA85A2C3-C39A-4561-9E92-6A17512AD6A8}.Debug|Any CPU.Build.0 = Debug|Any CPU
		{EA85A2C3-C39A-4561-9E92-6A17512AD6A8}.Release|Any CPU.ActiveCfg = Release|Any CPU
		{EA85A2C3-C39A-4561-9E92-6A17512AD6A8}.Release|Any CPU.Build.0 = Release|Any CPU
		{EA85A2C3-C39A-4561-9E92-6A17512AD6A8}.TravantBuild|Any CPU.ActiveCfg = TravantBuild|Any CPU
		{EA85A2C3-C39A-4561-9E92-6A17512AD6A8}.TravantBuild|Any CPU.Build.0 = TravantBuild|Any CPU
		{6209AFFD-C400-4FB2-B241-6B522556C3AD}.Debug|Any CPU.ActiveCfg = Debug|Any CPU
		{6209AFFD-C400-4FB2-B241-6B522556C3AD}.Debug|Any CPU.Build.0 = Debug|Any CPU
		{6209AFFD-C400-4FB2-B241-6B522556C3AD}.Release|Any CPU.ActiveCfg = Release|Any CPU
		{6209AFFD-C400-4FB2-B241-6B522556C3AD}.Release|Any CPU.Build.0 = Release|Any CPU
		{6209AFFD-C400-4FB2-B241-6B522556C3AD}.TravantBuild|Any CPU.ActiveCfg = TravantBuild|Any CPU
		{6209AFFD-C400-4FB2-B241-6B522556C3AD}.TravantBuild|Any CPU.Build.0 = TravantBuild|Any CPU
		{E9DF0DD1-55C7-4DE4-B2F0-8BA371619B29}.Debug|Any CPU.ActiveCfg = Debug|Any CPU
		{E9DF0DD1-55C7-4DE4-B2F0-8BA371619B29}.Debug|Any CPU.Build.0 = Debug|Any CPU
		{E9DF0DD1-55C7-4DE4-B2F0-8BA371619B29}.Release|Any CPU.ActiveCfg = Release|Any CPU
		{E9DF0DD1-55C7-4DE4-B2F0-8BA371619B29}.Release|Any CPU.Build.0 = Release|Any CPU
		{E9DF0DD1-55C7-4DE4-B2F0-8BA371619B29}.TravantBuild|Any CPU.ActiveCfg = TravantBuild|Any CPU
		{E9DF0DD1-55C7-4DE4-B2F0-8BA371619B29}.TravantBuild|Any CPU.Build.0 = TravantBuild|Any CPU
		{37EC9396-50D7-4023-A340-12490DE905C3}.Debug|Any CPU.ActiveCfg = Debug|Any CPU
		{37EC9396-50D7-4023-A340-12490DE905C3}.Debug|Any CPU.Build.0 = Debug|Any CPU
		{37EC9396-50D7-4023-A340-12490DE905C3}.Release|Any CPU.ActiveCfg = Release|Any CPU
		{37EC9396-50D7-4023-A340-12490DE905C3}.Release|Any CPU.Build.0 = Release|Any CPU
		{37EC9396-50D7-4023-A340-12490DE905C3}.TravantBuild|Any CPU.ActiveCfg = TravantBuild|Any CPU
		{37EC9396-50D7-4023-A340-12490DE905C3}.TravantBuild|Any CPU.Build.0 = TravantBuild|Any CPU
		{C8959ED3-1030-4328-BD5F-F477789EC9E5}.Debug|Any CPU.ActiveCfg = Debug|Any CPU
		{C8959ED3-1030-4328-BD5F-F477789EC9E5}.Debug|Any CPU.Build.0 = Debug|Any CPU
		{C8959ED3-1030-4328-BD5F-F477789EC9E5}.Release|Any CPU.ActiveCfg = Release|Any CPU
		{C8959ED3-1030-4328-BD5F-F477789EC9E5}.Release|Any CPU.Build.0 = Release|Any CPU
		{C8959ED3-1030-4328-BD5F-F477789EC9E5}.TravantBuild|Any CPU.ActiveCfg = TravantBuild|Any CPU
		{C8959ED3-1030-4328-BD5F-F477789EC9E5}.TravantBuild|Any CPU.Build.0 = TravantBuild|Any CPU
		{146DB5A2-B2D3-4207-8A18-C06D4355DF40}.Debug|Any CPU.ActiveCfg = Debug|Any CPU
		{146DB5A2-B2D3-4207-8A18-C06D4355DF40}.Debug|Any CPU.Build.0 = Debug|Any CPU
		{146DB5A2-B2D3-4207-8A18-C06D4355DF40}.Release|Any CPU.ActiveCfg = Release|Any CPU
		{146DB5A2-B2D3-4207-8A18-C06D4355DF40}.Release|Any CPU.Build.0 = Release|Any CPU
		{146DB5A2-B2D3-4207-8A18-C06D4355DF40}.TravantBuild|Any CPU.ActiveCfg = TravantBuild|Any CPU
		{146DB5A2-B2D3-4207-8A18-C06D4355DF40}.TravantBuild|Any CPU.Build.0 = TravantBuild|Any CPU
		{E71FCE35-47FF-45D5-8D00-55FF42576DAB}.Debug|Any CPU.ActiveCfg = Debug|Any CPU
		{E71FCE35-47FF-45D5-8D00-55FF42576DAB}.Debug|Any CPU.Build.0 = Debug|Any CPU
		{E71FCE35-47FF-45D5-8D00-55FF42576DAB}.Release|Any CPU.ActiveCfg = Release|Any CPU
		{E71FCE35-47FF-45D5-8D00-55FF42576DAB}.Release|Any CPU.Build.0 = Release|Any CPU
		{E71FCE35-47FF-45D5-8D00-55FF42576DAB}.TravantBuild|Any CPU.ActiveCfg = TravantBuild|Any CPU
		{E71FCE35-47FF-45D5-8D00-55FF42576DAB}.TravantBuild|Any CPU.Build.0 = TravantBuild|Any CPU
		{40890080-AEC3-4F2B-8A5F-98C27787638E}.Debug|Any CPU.ActiveCfg = Debug|Any CPU
		{40890080-AEC3-4F2B-8A5F-98C27787638E}.Debug|Any CPU.Build.0 = Debug|Any CPU
		{40890080-AEC3-4F2B-8A5F-98C27787638E}.Release|Any CPU.ActiveCfg = Release|Any CPU
		{40890080-AEC3-4F2B-8A5F-98C27787638E}.Release|Any CPU.Build.0 = Release|Any CPU
		{40890080-AEC3-4F2B-8A5F-98C27787638E}.TravantBuild|Any CPU.ActiveCfg = TravantBuild|Any CPU
		{40890080-AEC3-4F2B-8A5F-98C27787638E}.TravantBuild|Any CPU.Build.0 = TravantBuild|Any CPU
		{5091ABA3-A3CA-456D-9C2A-9B428C276205}.Debug|Any CPU.ActiveCfg = Debug|Any CPU
		{5091ABA3-A3CA-456D-9C2A-9B428C276205}.Debug|Any CPU.Build.0 = Debug|Any CPU
		{5091ABA3-A3CA-456D-9C2A-9B428C276205}.Release|Any CPU.ActiveCfg = Release|Any CPU
		{5091ABA3-A3CA-456D-9C2A-9B428C276205}.Release|Any CPU.Build.0 = Release|Any CPU
		{5091ABA3-A3CA-456D-9C2A-9B428C276205}.TravantBuild|Any CPU.ActiveCfg = TravantBuild|Any CPU
		{5091ABA3-A3CA-456D-9C2A-9B428C276205}.TravantBuild|Any CPU.Build.0 = TravantBuild|Any CPU
		{C08CA1CF-10E6-405A-AE0A-DEEF25AB73B4}.Debug|Any CPU.ActiveCfg = Debug|Any CPU
		{C08CA1CF-10E6-405A-AE0A-DEEF25AB73B4}.Debug|Any CPU.Build.0 = Debug|Any CPU
		{C08CA1CF-10E6-405A-AE0A-DEEF25AB73B4}.Release|Any CPU.ActiveCfg = Release|Any CPU
		{C08CA1CF-10E6-405A-AE0A-DEEF25AB73B4}.Release|Any CPU.Build.0 = Release|Any CPU
		{C08CA1CF-10E6-405A-AE0A-DEEF25AB73B4}.TravantBuild|Any CPU.ActiveCfg = TravantBuild|Any CPU
		{C08CA1CF-10E6-405A-AE0A-DEEF25AB73B4}.TravantBuild|Any CPU.Build.0 = TravantBuild|Any CPU
		{0E5EC93A-20FC-4715-B89D-8859619273E5}.Debug|Any CPU.ActiveCfg = Debug|Any CPU
		{0E5EC93A-20FC-4715-B89D-8859619273E5}.Debug|Any CPU.Deploy.0 = Debug|Any CPU
		{0E5EC93A-20FC-4715-B89D-8859619273E5}.Release|Any CPU.ActiveCfg = Release|Any CPU
		{0E5EC93A-20FC-4715-B89D-8859619273E5}.Release|Any CPU.Build.0 = Release|Any CPU
		{0E5EC93A-20FC-4715-B89D-8859619273E5}.Release|Any CPU.Deploy.0 = Release|Any CPU
		{0E5EC93A-20FC-4715-B89D-8859619273E5}.TravantBuild|Any CPU.ActiveCfg = Release|Any CPU
		{0E5EC93A-20FC-4715-B89D-8859619273E5}.TravantBuild|Any CPU.Deploy.0 = Release|Any CPU
		{2882E0D2-E386-4FFF-9F4A-D724D62E03A7}.Debug|Any CPU.ActiveCfg = Debug|Any CPU
		{2882E0D2-E386-4FFF-9F4A-D724D62E03A7}.Debug|Any CPU.Build.0 = Debug|Any CPU
		{2882E0D2-E386-4FFF-9F4A-D724D62E03A7}.Release|Any CPU.ActiveCfg = Release|Any CPU
		{2882E0D2-E386-4FFF-9F4A-D724D62E03A7}.Release|Any CPU.Build.0 = Release|Any CPU
		{2882E0D2-E386-4FFF-9F4A-D724D62E03A7}.TravantBuild|Any CPU.ActiveCfg = TravantBuild|Any CPU
		{2882E0D2-E386-4FFF-9F4A-D724D62E03A7}.TravantBuild|Any CPU.Build.0 = TravantBuild|Any CPU
		{012A1126-C58B-4C78-BC26-D21020F8FFA3}.Debug|Any CPU.ActiveCfg = Debug|Any CPU
		{012A1126-C58B-4C78-BC26-D21020F8FFA3}.Release|Any CPU.ActiveCfg = Release|Any CPU
		{012A1126-C58B-4C78-BC26-D21020F8FFA3}.Release|Any CPU.Build.0 = Release|Any CPU
		{012A1126-C58B-4C78-BC26-D21020F8FFA3}.TravantBuild|Any CPU.ActiveCfg = Debug|Any CPU
		{55FECB66-FB17-4F60-9764-911928B0D93E}.Debug|Any CPU.ActiveCfg = Debug|Any CPU
		{55FECB66-FB17-4F60-9764-911928B0D93E}.Debug|Any CPU.Build.0 = Debug|Any CPU
		{55FECB66-FB17-4F60-9764-911928B0D93E}.Release|Any CPU.ActiveCfg = Release|Any CPU
		{55FECB66-FB17-4F60-9764-911928B0D93E}.Release|Any CPU.Build.0 = Release|Any CPU
		{55FECB66-FB17-4F60-9764-911928B0D93E}.TravantBuild|Any CPU.ActiveCfg = TravantBuild|Any CPU
		{55FECB66-FB17-4F60-9764-911928B0D93E}.TravantBuild|Any CPU.Build.0 = TravantBuild|Any CPU
		{A3015A93-89BF-451F-9816-39447202D485}.Debug|Any CPU.ActiveCfg = Debug|Any CPU
		{A3015A93-89BF-451F-9816-39447202D485}.Debug|Any CPU.Build.0 = Debug|Any CPU
		{A3015A93-89BF-451F-9816-39447202D485}.Release|Any CPU.ActiveCfg = Release|Any CPU
		{A3015A93-89BF-451F-9816-39447202D485}.Release|Any CPU.Build.0 = Release|Any CPU
		{A3015A93-89BF-451F-9816-39447202D485}.TravantBuild|Any CPU.ActiveCfg = TravantBuild|Any CPU
		{A3015A93-89BF-451F-9816-39447202D485}.TravantBuild|Any CPU.Build.0 = TravantBuild|Any CPU
	EndGlobalSection
	GlobalSection(SolutionProperties) = preSolution
		HideSolutionNode = FALSE
	EndGlobalSection
	GlobalSection(ExtensibilityGlobals) = postSolution
		SolutionGuid = {1A4894C5-0C46-49CC-A633-B48B4403201F}
	EndGlobalSection
EndGlobal
