
Microsoft Visual Studio Solution File, Format Version 12.00
# Visual Studio Version 16
VisualStudioVersion = 16.0.29025.244
MinimumVisualStudioVersion = 10.0.40219.1
Project("{FAE04EC0-301F-11D3-BF4B-00C04F79EFBC}") = "BBOSCommunicator", "BBOSCommunicator\BBOSCommunicator.csproj", "{64C0A8AF-3E02-4CBF-B36B-FA0247A15D13}"
EndProject
Project("{FAE04EC0-301F-11D3-BF4B-00C04F79EFBC}") = "BBOSMemberConversion", "BBOSMemberConversion\BBOSMemberConversion.csproj", "{9F63AE19-F6C3-43A4-9925-915348CA6BE6}"
EndProject
Project("{FAE04EC0-301F-11D3-BF4B-00C04F79EFBC}") = "BBOSUsersManagement", "BBOSUsersManagement\BBOSUsersManagement.csproj", "{E334A31A-42D4-4AD4-8535-8D3E5FD7F039}"
EndProject
Project("{FAE04EC0-301F-11D3-BF4B-00C04F79EFBC}") = "InfoUSAResolveUnknownCity", "InfoUSAResolveUnknownCity\InfoUSAResolveUnknownCity.csproj", "{01C1E49E-E827-44CE-8871-572A6ADC1E5A}"
EndProject
Project("{FAE04EC0-301F-11D3-BF4B-00C04F79EFBC}") = "NACMImport", "NACMImport\NACMImport.csproj", "{EF6665B5-AA5C-426B-AD0D-1FAF28BB0379}"
EndProject
Project("{FAE04EC0-301F-11D3-BF4B-00C04F79EFBC}") = "LumberPreLaunch", "LumberPreLaunch\LumberPreLaunch.csproj", "{3103A77F-571A-4C13-97C9-AF340DF27077}"
EndProject
Project("{FAE04EC0-301F-11D3-BF4B-00C04F79EFBC}") = "OKSImport", "OKSImport\OKSImport.csproj", "{4C7A8E5A-520C-4FD3-8CC5-AECEB4C890CF}"
EndProject
Project("{FAE04EC0-301F-11D3-BF4B-00C04F79EFBC}") = "LumberBORLight", "LumberBORLight\LumberBORLight.csproj", "{D80F032C-FE41-46F8-A19E-830666797FB3}"
EndProject
Project("{FAE04EC0-301F-11D3-BF4B-00C04F79EFBC}") = "LumberLeadsImport", "LumberLeadsImport\LumberLeadsImport.csproj", "{DE1CFE57-8B6D-4611-A5B0-C67372962BED}"
EndProject
Project("{FAE04EC0-301F-11D3-BF4B-00C04F79EFBC}") = "OKSLeadsImport", "OKSLeadsImport\OKSLeadsImport.csproj", "{608CEE28-483D-40B0-94A6-44C84BF41262}"
EndProject
Project("{FAE04EC0-301F-11D3-BF4B-00C04F79EFBC}") = "BBSMontiorTest", "BBSMontiorTest\BBSMontiorTest.csproj", "{1DCB9523-EC05-4CD0-AA11-08FC960441D3}"
EndProject
Project("{FAE04EC0-301F-11D3-BF4B-00C04F79EFBC}") = "CompanyMatching", "CompanyMatching\CompanyMatching.csproj", "{325154A5-D4C7-42DB-A227-C5B51CD56982}"
EndProject
Project("{FAE04EC0-301F-11D3-BF4B-00C04F79EFBC}") = "BBPhase9Matching", "BBPhase9Matching\BBPhase9Matching.csproj", "{C0391F03-9FA3-49AF-BBBF-1E3008A171C7}"
EndProject
Project("{FAE04EC0-301F-11D3-BF4B-00C04F79EFBC}") = "NHLAImport", "NHLAImport\NHLAImport.csproj", "{F1D7D94C-FB16-4904-8DB6-E567F1CAD78D}"
EndProject
Project("{FAE04EC0-301F-11D3-BF4B-00C04F79EFBC}") = "PACAFTP", "PACAFTP\PACAFTP.csproj", "{BB40C8B3-EB89-4E5C-96CE-4440F332EA97}"
EndProject
Project("{FAE04EC0-301F-11D3-BF4B-00C04F79EFBC}") = "OKSLeadsImportUI", "OKSLeadsImportUI\OKSLeadsImportUI.csproj", "{0D928CE5-A367-499C-ACA3-ED68CCAD1F60}"
EndProject
Project("{FAE04EC0-301F-11D3-BF4B-00C04F79EFBC}") = "DataCorrection", "DataCorrection\DataCorrection.csproj", "{376FD938-C98D-4F89-B2D1-E7D657C1D032}"
EndProject
Project("{FAE04EC0-301F-11D3-BF4B-00C04F79EFBC}") = "OKSAdditionalDataImport", "OKSAdditionalDataImport\OKSAdditionalDataImport.csproj", "{E4E2218B-F6BE-4F93-943D-55E9C0EBCAD7}"
EndProject
Project("{FAE04EC0-301F-11D3-BF4B-00C04F79EFBC}") = "GenerateBRs", "GenerateBRs\GenerateBRs.csproj", "{E12250D9-B21B-4105-9968-E68D36BABC8C}"
EndProject
Project("{FAE04EC0-301F-11D3-BF4B-00C04F79EFBC}") = "CSGImport", "CSGImport\CSGImport.csproj", "{69E02A27-1A2E-4FEE-8993-F68D1A61369A}"
EndProject
Project("{FAE04EC0-301F-11D3-BF4B-00C04F79EFBC}") = "TradeAssociationImport", "TradeAssociationImport\TradeAssociationImport.csproj", "{924053B8-8E53-4401-89E6-BE6D163F1AA4}"
EndProject
Project("{FAE04EC0-301F-11D3-BF4B-00C04F79EFBC}") = "GenerateSalesOrders", "GenerateSalesOrders\GenerateSalesOrders.csproj", "{04734498-4A12-4522-85E6-551DA890BF7C}"
EndProject
Project("{FAE04EC0-301F-11D3-BF4B-00C04F79EFBC}") = "Prorater", "Prorater\Prorater.csproj", "{C71013B4-AA49-4014-8D25-50DA2827545E}"
EndProject
Project("{FAE04EC0-301F-11D3-BF4B-00C04F79EFBC}") = "CSGMatch", "CSGMatch\CSGMatch.csproj", "{C698E30C-32E8-42FC-9C31-09B749FFE3B7}"
EndProject
Project("{FAE04EC0-301F-11D3-BF4B-00C04F79EFBC}") = "LocalSourceImporter", "LocalSourceImporter\LocalSourceImporter.csproj", "{0C9F3402-B713-4336-9C7F-6279C75D5812}"
EndProject
Project("{FAE04EC0-301F-11D3-BF4B-00C04F79EFBC}") = "QCSS Call Campaign", "QCSS Call Campaign\QCSS Call Campaign\QCSS Call Campaign.csproj", "{025D24EA-22C9-46B3-8221-7113133AF35C}"
EndProject
Project("{FAE04EC0-301F-11D3-BF4B-00C04F79EFBC}") = "FoodHubImporter", "FoodHubImporter\FoodHubImporter.csproj", "{8EF585D3-B977-4F9F-9A32-7A141CEB45E2}"
EndProject
Project("{FAE04EC0-301F-11D3-BF4B-00C04F79EFBC}") = "ImportCompany", "ImportCompany\ImportCompany.csproj", "{297F05B9-FF7B-4058-89C9-477DB9ABFB53}"
EndProject
Project("{FAE04EC0-301F-11D3-BF4B-00C04F79EFBC}") = "AnaylzeReferenceLists", "AnaylzeReferenceLists\AnaylzeReferenceLists.csproj", "{36C4D814-8125-4E8E-B48C-50E969B586C3}"
EndProject
Project("{FAE04EC0-301F-11D3-BF4B-00C04F79EFBC}") = "IntlTradeAssociationImport", "IntlTradeAssociationImport\IntlTradeAssociationImport.csproj", "{7AAD153D-7095-48C2-94AF-A14A2D2C0E20}"
EndProject
Project("{FAE04EC0-301F-11D3-BF4B-00C04F79EFBC}") = "PACAImporter", "PACAImporter\PACAImporter.csproj", "{392A0D61-B282-4749-A333-4C45F9FFC51F}"
EndProject
Project("{FAE04EC0-301F-11D3-BF4B-00C04F79EFBC}") = "GeneratePDFs", "GeneratePDFs\GeneratePDFs.csproj", "{ED404F47-0A85-4758-A868-AE94B1FC5C2E}"
EndProject
Project("{FAE04EC0-301F-11D3-BF4B-00C04F79EFBC}") = "BBOSEmailer", "BBOSEmailer\BBOSEmailer.csproj", "{5ABCECB5-3E87-48EE-B969-DA8362D81AF2}"
EndProject
Project("{FAE04EC0-301F-11D3-BF4B-00C04F79EFBC}") = "PerfectAddressImport", "PerfectAddressImport\PerfectAddressImport.csproj", "{7D2FDCC7-465B-45B1-8184-8515DD30E229}"
EndProject
Project("{FAE04EC0-301F-11D3-BF4B-00C04F79EFBC}") = "MadisonLumberImporter", "MadisonLumberImporter\MadisonLumberImporter.csproj", "{2882E0D2-E386-4FFF-9F4A-D724D62E03A7}"
EndProject
Project("{FAE04EC0-301F-11D3-BF4B-00C04F79EFBC}") = "MadisonLumberImporterUtil", "MadisonLumberImporterUtil\MadisonLumberImporterUtil.csproj", "{032B4880-4B32-44FD-A632-7044C974678B}"
EndProject
Project("{FAE04EC0-301F-11D3-BF4B-00C04F79EFBC}") = "BBOSAdFileRename", "BBOSAdFileRename\BBOSAdFileRename.csproj", "{D3FBFB70-787B-4A0C-B94D-2AF31F3D8A7B}"
EndProject
Project("{FAE04EC0-301F-11D3-BF4B-00C04F79EFBC}") = "BBSIConsole", "BBSIConsole\BBSIConsole.csproj", "{D577CEF1-C0F4-4C6E-AB23-D811119E86B1}"
EndProject
Project("{FAE04EC0-301F-11D3-BF4B-00C04F79EFBC}") = "PACAComplaintDetailImporter", "PACAComplaintDetailImporter\PACAComplaintDetailImporter.csproj", "{AEEB353F-B97B-4F37-ACE2-16C02A5E6E0B}"
EndProject
Project("{FAE04EC0-301F-11D3-BF4B-00C04F79EFBC}") = "SendGrid", "SendGrid\SendGrid.csproj", "{ADD498C5-2537-4CF4-85FE-AAB992431E5A}"
EndProject
Global
	GlobalSection(SolutionConfigurationPlatforms) = preSolution
		Debug|Any CPU = Debug|Any CPU
		Debug|Mixed Platforms = Debug|Mixed Platforms
		Debug|x86 = Debug|x86
		Release|Any CPU = Release|Any CPU
		Release|Mixed Platforms = Release|Mixed Platforms
		Release|x86 = Release|x86
	EndGlobalSection
	GlobalSection(ProjectConfigurationPlatforms) = postSolution
		{64C0A8AF-3E02-4CBF-B36B-FA0247A15D13}.Debug|Any CPU.ActiveCfg = Debug|Any CPU
		{64C0A8AF-3E02-4CBF-B36B-FA0247A15D13}.Debug|Any CPU.Build.0 = Debug|Any CPU
		{64C0A8AF-3E02-4CBF-B36B-FA0247A15D13}.Debug|Mixed Platforms.ActiveCfg = Debug|Any CPU
		{64C0A8AF-3E02-4CBF-B36B-FA0247A15D13}.Debug|Mixed Platforms.Build.0 = Debug|Any CPU
		{64C0A8AF-3E02-4CBF-B36B-FA0247A15D13}.Debug|x86.ActiveCfg = Debug|Any CPU
		{64C0A8AF-3E02-4CBF-B36B-FA0247A15D13}.Release|Any CPU.ActiveCfg = Release|Any CPU
		{64C0A8AF-3E02-4CBF-B36B-FA0247A15D13}.Release|Any CPU.Build.0 = Release|Any CPU
		{64C0A8AF-3E02-4CBF-B36B-FA0247A15D13}.Release|Mixed Platforms.ActiveCfg = Release|Any CPU
		{64C0A8AF-3E02-4CBF-B36B-FA0247A15D13}.Release|Mixed Platforms.Build.0 = Release|Any CPU
		{64C0A8AF-3E02-4CBF-B36B-FA0247A15D13}.Release|x86.ActiveCfg = Release|Any CPU
		{9F63AE19-F6C3-43A4-9925-915348CA6BE6}.Debug|Any CPU.ActiveCfg = Debug|Any CPU
		{9F63AE19-F6C3-43A4-9925-915348CA6BE6}.Debug|Any CPU.Build.0 = Debug|Any CPU
		{9F63AE19-F6C3-43A4-9925-915348CA6BE6}.Debug|Mixed Platforms.ActiveCfg = Debug|Any CPU
		{9F63AE19-F6C3-43A4-9925-915348CA6BE6}.Debug|Mixed Platforms.Build.0 = Debug|Any CPU
		{9F63AE19-F6C3-43A4-9925-915348CA6BE6}.Debug|x86.ActiveCfg = Debug|Any CPU
		{9F63AE19-F6C3-43A4-9925-915348CA6BE6}.Release|Any CPU.ActiveCfg = Release|Any CPU
		{9F63AE19-F6C3-43A4-9925-915348CA6BE6}.Release|Any CPU.Build.0 = Release|Any CPU
		{9F63AE19-F6C3-43A4-9925-915348CA6BE6}.Release|Mixed Platforms.ActiveCfg = Release|Any CPU
		{9F63AE19-F6C3-43A4-9925-915348CA6BE6}.Release|Mixed Platforms.Build.0 = Release|Any CPU
		{9F63AE19-F6C3-43A4-9925-915348CA6BE6}.Release|x86.ActiveCfg = Release|Any CPU
		{E334A31A-42D4-4AD4-8535-8D3E5FD7F039}.Debug|Any CPU.ActiveCfg = Debug|Any CPU
		{E334A31A-42D4-4AD4-8535-8D3E5FD7F039}.Debug|Any CPU.Build.0 = Debug|Any CPU
		{E334A31A-42D4-4AD4-8535-8D3E5FD7F039}.Debug|Mixed Platforms.ActiveCfg = Debug|Any CPU
		{E334A31A-42D4-4AD4-8535-8D3E5FD7F039}.Debug|Mixed Platforms.Build.0 = Debug|Any CPU
		{E334A31A-42D4-4AD4-8535-8D3E5FD7F039}.Debug|x86.ActiveCfg = Debug|Any CPU
		{E334A31A-42D4-4AD4-8535-8D3E5FD7F039}.Release|Any CPU.ActiveCfg = Release|Any CPU
		{E334A31A-42D4-4AD4-8535-8D3E5FD7F039}.Release|Any CPU.Build.0 = Release|Any CPU
		{E334A31A-42D4-4AD4-8535-8D3E5FD7F039}.Release|Mixed Platforms.ActiveCfg = Release|Any CPU
		{E334A31A-42D4-4AD4-8535-8D3E5FD7F039}.Release|Mixed Platforms.Build.0 = Release|Any CPU
		{E334A31A-42D4-4AD4-8535-8D3E5FD7F039}.Release|x86.ActiveCfg = Release|Any CPU
		{01C1E49E-E827-44CE-8871-572A6ADC1E5A}.Debug|Any CPU.ActiveCfg = Debug|Any CPU
		{01C1E49E-E827-44CE-8871-572A6ADC1E5A}.Debug|Any CPU.Build.0 = Debug|Any CPU
		{01C1E49E-E827-44CE-8871-572A6ADC1E5A}.Debug|Mixed Platforms.ActiveCfg = Debug|Any CPU
		{01C1E49E-E827-44CE-8871-572A6ADC1E5A}.Debug|Mixed Platforms.Build.0 = Debug|Any CPU
		{01C1E49E-E827-44CE-8871-572A6ADC1E5A}.Debug|x86.ActiveCfg = Debug|Any CPU
		{01C1E49E-E827-44CE-8871-572A6ADC1E5A}.Release|Any CPU.ActiveCfg = Release|Any CPU
		{01C1E49E-E827-44CE-8871-572A6ADC1E5A}.Release|Any CPU.Build.0 = Release|Any CPU
		{01C1E49E-E827-44CE-8871-572A6ADC1E5A}.Release|Mixed Platforms.ActiveCfg = Release|Any CPU
		{01C1E49E-E827-44CE-8871-572A6ADC1E5A}.Release|Mixed Platforms.Build.0 = Release|Any CPU
		{01C1E49E-E827-44CE-8871-572A6ADC1E5A}.Release|x86.ActiveCfg = Release|Any CPU
		{EF6665B5-AA5C-426B-AD0D-1FAF28BB0379}.Debug|Any CPU.ActiveCfg = Debug|Any CPU
		{EF6665B5-AA5C-426B-AD0D-1FAF28BB0379}.Debug|Any CPU.Build.0 = Debug|Any CPU
		{EF6665B5-AA5C-426B-AD0D-1FAF28BB0379}.Debug|Mixed Platforms.ActiveCfg = Debug|Any CPU
		{EF6665B5-AA5C-426B-AD0D-1FAF28BB0379}.Debug|Mixed Platforms.Build.0 = Debug|Any CPU
		{EF6665B5-AA5C-426B-AD0D-1FAF28BB0379}.Debug|x86.ActiveCfg = Debug|Any CPU
		{EF6665B5-AA5C-426B-AD0D-1FAF28BB0379}.Release|Any CPU.ActiveCfg = Release|Any CPU
		{EF6665B5-AA5C-426B-AD0D-1FAF28BB0379}.Release|Any CPU.Build.0 = Release|Any CPU
		{EF6665B5-AA5C-426B-AD0D-1FAF28BB0379}.Release|Mixed Platforms.ActiveCfg = Release|Any CPU
		{EF6665B5-AA5C-426B-AD0D-1FAF28BB0379}.Release|Mixed Platforms.Build.0 = Release|Any CPU
		{EF6665B5-AA5C-426B-AD0D-1FAF28BB0379}.Release|x86.ActiveCfg = Release|Any CPU
		{3103A77F-571A-4C13-97C9-AF340DF27077}.Debug|Any CPU.ActiveCfg = Debug|Any CPU
		{3103A77F-571A-4C13-97C9-AF340DF27077}.Debug|Any CPU.Build.0 = Debug|Any CPU
		{3103A77F-571A-4C13-97C9-AF340DF27077}.Debug|Mixed Platforms.ActiveCfg = Debug|Any CPU
		{3103A77F-571A-4C13-97C9-AF340DF27077}.Debug|Mixed Platforms.Build.0 = Debug|Any CPU
		{3103A77F-571A-4C13-97C9-AF340DF27077}.Debug|x86.ActiveCfg = Debug|Any CPU
		{3103A77F-571A-4C13-97C9-AF340DF27077}.Release|Any CPU.ActiveCfg = Release|Any CPU
		{3103A77F-571A-4C13-97C9-AF340DF27077}.Release|Any CPU.Build.0 = Release|Any CPU
		{3103A77F-571A-4C13-97C9-AF340DF27077}.Release|Mixed Platforms.ActiveCfg = Release|Any CPU
		{3103A77F-571A-4C13-97C9-AF340DF27077}.Release|Mixed Platforms.Build.0 = Release|Any CPU
		{3103A77F-571A-4C13-97C9-AF340DF27077}.Release|x86.ActiveCfg = Release|Any CPU
		{4C7A8E5A-520C-4FD3-8CC5-AECEB4C890CF}.Debug|Any CPU.ActiveCfg = Debug|Any CPU
		{4C7A8E5A-520C-4FD3-8CC5-AECEB4C890CF}.Debug|Any CPU.Build.0 = Debug|Any CPU
		{4C7A8E5A-520C-4FD3-8CC5-AECEB4C890CF}.Debug|Mixed Platforms.ActiveCfg = Debug|Any CPU
		{4C7A8E5A-520C-4FD3-8CC5-AECEB4C890CF}.Debug|Mixed Platforms.Build.0 = Debug|Any CPU
		{4C7A8E5A-520C-4FD3-8CC5-AECEB4C890CF}.Debug|x86.ActiveCfg = Debug|Any CPU
		{4C7A8E5A-520C-4FD3-8CC5-AECEB4C890CF}.Release|Any CPU.ActiveCfg = Release|Any CPU
		{4C7A8E5A-520C-4FD3-8CC5-AECEB4C890CF}.Release|Any CPU.Build.0 = Release|Any CPU
		{4C7A8E5A-520C-4FD3-8CC5-AECEB4C890CF}.Release|Mixed Platforms.ActiveCfg = Release|Any CPU
		{4C7A8E5A-520C-4FD3-8CC5-AECEB4C890CF}.Release|Mixed Platforms.Build.0 = Release|Any CPU
		{4C7A8E5A-520C-4FD3-8CC5-AECEB4C890CF}.Release|x86.ActiveCfg = Release|Any CPU
		{D80F032C-FE41-46F8-A19E-830666797FB3}.Debug|Any CPU.ActiveCfg = Debug|Any CPU
		{D80F032C-FE41-46F8-A19E-830666797FB3}.Debug|Any CPU.Build.0 = Debug|Any CPU
		{D80F032C-FE41-46F8-A19E-830666797FB3}.Debug|Mixed Platforms.ActiveCfg = Debug|Any CPU
		{D80F032C-FE41-46F8-A19E-830666797FB3}.Debug|Mixed Platforms.Build.0 = Debug|Any CPU
		{D80F032C-FE41-46F8-A19E-830666797FB3}.Debug|x86.ActiveCfg = Debug|Any CPU
		{D80F032C-FE41-46F8-A19E-830666797FB3}.Release|Any CPU.ActiveCfg = Release|Any CPU
		{D80F032C-FE41-46F8-A19E-830666797FB3}.Release|Any CPU.Build.0 = Release|Any CPU
		{D80F032C-FE41-46F8-A19E-830666797FB3}.Release|Mixed Platforms.ActiveCfg = Release|Any CPU
		{D80F032C-FE41-46F8-A19E-830666797FB3}.Release|Mixed Platforms.Build.0 = Release|Any CPU
		{D80F032C-FE41-46F8-A19E-830666797FB3}.Release|x86.ActiveCfg = Release|Any CPU
		{DE1CFE57-8B6D-4611-A5B0-C67372962BED}.Debug|Any CPU.ActiveCfg = Debug|Any CPU
		{DE1CFE57-8B6D-4611-A5B0-C67372962BED}.Debug|Any CPU.Build.0 = Debug|Any CPU
		{DE1CFE57-8B6D-4611-A5B0-C67372962BED}.Debug|Mixed Platforms.ActiveCfg = Debug|Any CPU
		{DE1CFE57-8B6D-4611-A5B0-C67372962BED}.Debug|Mixed Platforms.Build.0 = Debug|Any CPU
		{DE1CFE57-8B6D-4611-A5B0-C67372962BED}.Debug|x86.ActiveCfg = Debug|Any CPU
		{DE1CFE57-8B6D-4611-A5B0-C67372962BED}.Release|Any CPU.ActiveCfg = Release|Any CPU
		{DE1CFE57-8B6D-4611-A5B0-C67372962BED}.Release|Any CPU.Build.0 = Release|Any CPU
		{DE1CFE57-8B6D-4611-A5B0-C67372962BED}.Release|Mixed Platforms.ActiveCfg = Release|Any CPU
		{DE1CFE57-8B6D-4611-A5B0-C67372962BED}.Release|Mixed Platforms.Build.0 = Release|Any CPU
		{DE1CFE57-8B6D-4611-A5B0-C67372962BED}.Release|x86.ActiveCfg = Release|Any CPU
		{608CEE28-483D-40B0-94A6-44C84BF41262}.Debug|Any CPU.ActiveCfg = Debug|Any CPU
		{608CEE28-483D-40B0-94A6-44C84BF41262}.Debug|Any CPU.Build.0 = Debug|Any CPU
		{608CEE28-483D-40B0-94A6-44C84BF41262}.Debug|Mixed Platforms.ActiveCfg = Debug|Any CPU
		{608CEE28-483D-40B0-94A6-44C84BF41262}.Debug|Mixed Platforms.Build.0 = Debug|Any CPU
		{608CEE28-483D-40B0-94A6-44C84BF41262}.Debug|x86.ActiveCfg = Debug|Any CPU
		{608CEE28-483D-40B0-94A6-44C84BF41262}.Release|Any CPU.ActiveCfg = Release|Any CPU
		{608CEE28-483D-40B0-94A6-44C84BF41262}.Release|Any CPU.Build.0 = Release|Any CPU
		{608CEE28-483D-40B0-94A6-44C84BF41262}.Release|Mixed Platforms.ActiveCfg = Release|Any CPU
		{608CEE28-483D-40B0-94A6-44C84BF41262}.Release|Mixed Platforms.Build.0 = Release|Any CPU
		{608CEE28-483D-40B0-94A6-44C84BF41262}.Release|x86.ActiveCfg = Release|Any CPU
		{1DCB9523-EC05-4CD0-AA11-08FC960441D3}.Debug|Any CPU.ActiveCfg = Debug|Any CPU
		{1DCB9523-EC05-4CD0-AA11-08FC960441D3}.Debug|Any CPU.Build.0 = Debug|Any CPU
		{1DCB9523-EC05-4CD0-AA11-08FC960441D3}.Debug|Mixed Platforms.ActiveCfg = Debug|Any CPU
		{1DCB9523-EC05-4CD0-AA11-08FC960441D3}.Debug|Mixed Platforms.Build.0 = Debug|Any CPU
		{1DCB9523-EC05-4CD0-AA11-08FC960441D3}.Debug|x86.ActiveCfg = Debug|Any CPU
		{1DCB9523-EC05-4CD0-AA11-08FC960441D3}.Release|Any CPU.ActiveCfg = Release|Any CPU
		{1DCB9523-EC05-4CD0-AA11-08FC960441D3}.Release|Any CPU.Build.0 = Release|Any CPU
		{1DCB9523-EC05-4CD0-AA11-08FC960441D3}.Release|Mixed Platforms.ActiveCfg = Release|Any CPU
		{1DCB9523-EC05-4CD0-AA11-08FC960441D3}.Release|Mixed Platforms.Build.0 = Release|Any CPU
		{1DCB9523-EC05-4CD0-AA11-08FC960441D3}.Release|x86.ActiveCfg = Release|Any CPU
		{325154A5-D4C7-42DB-A227-C5B51CD56982}.Debug|Any CPU.ActiveCfg = Debug|Any CPU
		{325154A5-D4C7-42DB-A227-C5B51CD56982}.Debug|Any CPU.Build.0 = Debug|Any CPU
		{325154A5-D4C7-42DB-A227-C5B51CD56982}.Debug|Mixed Platforms.ActiveCfg = Debug|Any CPU
		{325154A5-D4C7-42DB-A227-C5B51CD56982}.Debug|Mixed Platforms.Build.0 = Debug|Any CPU
		{325154A5-D4C7-42DB-A227-C5B51CD56982}.Debug|x86.ActiveCfg = Debug|Any CPU
		{325154A5-D4C7-42DB-A227-C5B51CD56982}.Release|Any CPU.ActiveCfg = Release|Any CPU
		{325154A5-D4C7-42DB-A227-C5B51CD56982}.Release|Any CPU.Build.0 = Release|Any CPU
		{325154A5-D4C7-42DB-A227-C5B51CD56982}.Release|Mixed Platforms.ActiveCfg = Release|Any CPU
		{325154A5-D4C7-42DB-A227-C5B51CD56982}.Release|Mixed Platforms.Build.0 = Release|Any CPU
		{325154A5-D4C7-42DB-A227-C5B51CD56982}.Release|x86.ActiveCfg = Release|Any CPU
		{C0391F03-9FA3-49AF-BBBF-1E3008A171C7}.Debug|Any CPU.ActiveCfg = Debug|Any CPU
		{C0391F03-9FA3-49AF-BBBF-1E3008A171C7}.Debug|Any CPU.Build.0 = Debug|Any CPU
		{C0391F03-9FA3-49AF-BBBF-1E3008A171C7}.Debug|Mixed Platforms.ActiveCfg = Debug|Any CPU
		{C0391F03-9FA3-49AF-BBBF-1E3008A171C7}.Debug|Mixed Platforms.Build.0 = Debug|Any CPU
		{C0391F03-9FA3-49AF-BBBF-1E3008A171C7}.Debug|x86.ActiveCfg = Debug|Any CPU
		{C0391F03-9FA3-49AF-BBBF-1E3008A171C7}.Release|Any CPU.ActiveCfg = Release|Any CPU
		{C0391F03-9FA3-49AF-BBBF-1E3008A171C7}.Release|Any CPU.Build.0 = Release|Any CPU
		{C0391F03-9FA3-49AF-BBBF-1E3008A171C7}.Release|Mixed Platforms.ActiveCfg = Release|Any CPU
		{C0391F03-9FA3-49AF-BBBF-1E3008A171C7}.Release|Mixed Platforms.Build.0 = Release|Any CPU
		{C0391F03-9FA3-49AF-BBBF-1E3008A171C7}.Release|x86.ActiveCfg = Release|Any CPU
		{F1D7D94C-FB16-4904-8DB6-E567F1CAD78D}.Debug|Any CPU.ActiveCfg = Debug|Any CPU
		{F1D7D94C-FB16-4904-8DB6-E567F1CAD78D}.Debug|Any CPU.Build.0 = Debug|Any CPU
		{F1D7D94C-FB16-4904-8DB6-E567F1CAD78D}.Debug|Mixed Platforms.ActiveCfg = Debug|Any CPU
		{F1D7D94C-FB16-4904-8DB6-E567F1CAD78D}.Debug|Mixed Platforms.Build.0 = Debug|Any CPU
		{F1D7D94C-FB16-4904-8DB6-E567F1CAD78D}.Debug|x86.ActiveCfg = Debug|Any CPU
		{F1D7D94C-FB16-4904-8DB6-E567F1CAD78D}.Release|Any CPU.ActiveCfg = Release|Any CPU
		{F1D7D94C-FB16-4904-8DB6-E567F1CAD78D}.Release|Any CPU.Build.0 = Release|Any CPU
		{F1D7D94C-FB16-4904-8DB6-E567F1CAD78D}.Release|Mixed Platforms.ActiveCfg = Release|Any CPU
		{F1D7D94C-FB16-4904-8DB6-E567F1CAD78D}.Release|Mixed Platforms.Build.0 = Release|Any CPU
		{F1D7D94C-FB16-4904-8DB6-E567F1CAD78D}.Release|x86.ActiveCfg = Release|Any CPU
		{BB40C8B3-EB89-4E5C-96CE-4440F332EA97}.Debug|Any CPU.ActiveCfg = Debug|Any CPU
		{BB40C8B3-EB89-4E5C-96CE-4440F332EA97}.Debug|Any CPU.Build.0 = Debug|Any CPU
		{BB40C8B3-EB89-4E5C-96CE-4440F332EA97}.Debug|Mixed Platforms.ActiveCfg = Debug|Any CPU
		{BB40C8B3-EB89-4E5C-96CE-4440F332EA97}.Debug|Mixed Platforms.Build.0 = Debug|Any CPU
		{BB40C8B3-EB89-4E5C-96CE-4440F332EA97}.Debug|x86.ActiveCfg = Debug|Any CPU
		{BB40C8B3-EB89-4E5C-96CE-4440F332EA97}.Release|Any CPU.ActiveCfg = Release|Any CPU
		{BB40C8B3-EB89-4E5C-96CE-4440F332EA97}.Release|Any CPU.Build.0 = Release|Any CPU
		{BB40C8B3-EB89-4E5C-96CE-4440F332EA97}.Release|Mixed Platforms.ActiveCfg = Release|Any CPU
		{BB40C8B3-EB89-4E5C-96CE-4440F332EA97}.Release|Mixed Platforms.Build.0 = Release|Any CPU
		{BB40C8B3-EB89-4E5C-96CE-4440F332EA97}.Release|x86.ActiveCfg = Release|Any CPU
		{0D928CE5-A367-499C-ACA3-ED68CCAD1F60}.Debug|Any CPU.ActiveCfg = Debug|Any CPU
		{0D928CE5-A367-499C-ACA3-ED68CCAD1F60}.Debug|Any CPU.Build.0 = Debug|Any CPU
		{0D928CE5-A367-499C-ACA3-ED68CCAD1F60}.Debug|Mixed Platforms.ActiveCfg = Debug|x86
		{0D928CE5-A367-499C-ACA3-ED68CCAD1F60}.Debug|Mixed Platforms.Build.0 = Debug|x86
		{0D928CE5-A367-499C-ACA3-ED68CCAD1F60}.Debug|x86.ActiveCfg = Debug|Any CPU
		{0D928CE5-A367-499C-ACA3-ED68CCAD1F60}.Release|Any CPU.ActiveCfg = Release|Any CPU
		{0D928CE5-A367-499C-ACA3-ED68CCAD1F60}.Release|Any CPU.Build.0 = Release|Any CPU
		{0D928CE5-A367-499C-ACA3-ED68CCAD1F60}.Release|Mixed Platforms.ActiveCfg = Release|Any CPU
		{0D928CE5-A367-499C-ACA3-ED68CCAD1F60}.Release|Mixed Platforms.Build.0 = Release|Any CPU
		{0D928CE5-A367-499C-ACA3-ED68CCAD1F60}.Release|x86.ActiveCfg = Release|Any CPU
		{376FD938-C98D-4F89-B2D1-E7D657C1D032}.Debug|Any CPU.ActiveCfg = Debug|Any CPU
		{376FD938-C98D-4F89-B2D1-E7D657C1D032}.Debug|Any CPU.Build.0 = Debug|Any CPU
		{376FD938-C98D-4F89-B2D1-E7D657C1D032}.Debug|Mixed Platforms.ActiveCfg = Debug|Any CPU
		{376FD938-C98D-4F89-B2D1-E7D657C1D032}.Debug|Mixed Platforms.Build.0 = Debug|Any CPU
		{376FD938-C98D-4F89-B2D1-E7D657C1D032}.Debug|x86.ActiveCfg = Debug|Any CPU
		{376FD938-C98D-4F89-B2D1-E7D657C1D032}.Release|Any CPU.ActiveCfg = Release|Any CPU
		{376FD938-C98D-4F89-B2D1-E7D657C1D032}.Release|Any CPU.Build.0 = Release|Any CPU
		{376FD938-C98D-4F89-B2D1-E7D657C1D032}.Release|Mixed Platforms.ActiveCfg = Release|Any CPU
		{376FD938-C98D-4F89-B2D1-E7D657C1D032}.Release|Mixed Platforms.Build.0 = Release|Any CPU
		{376FD938-C98D-4F89-B2D1-E7D657C1D032}.Release|x86.ActiveCfg = Release|Any CPU
		{E4E2218B-F6BE-4F93-943D-55E9C0EBCAD7}.Debug|Any CPU.ActiveCfg = Debug|Any CPU
		{E4E2218B-F6BE-4F93-943D-55E9C0EBCAD7}.Debug|Any CPU.Build.0 = Debug|Any CPU
		{E4E2218B-F6BE-4F93-943D-55E9C0EBCAD7}.Debug|Mixed Platforms.ActiveCfg = Debug|x86
		{E4E2218B-F6BE-4F93-943D-55E9C0EBCAD7}.Debug|Mixed Platforms.Build.0 = Debug|x86
		{E4E2218B-F6BE-4F93-943D-55E9C0EBCAD7}.Debug|x86.ActiveCfg = Debug|Any CPU
		{E4E2218B-F6BE-4F93-943D-55E9C0EBCAD7}.Release|Any CPU.ActiveCfg = Release|Any CPU
		{E4E2218B-F6BE-4F93-943D-55E9C0EBCAD7}.Release|Any CPU.Build.0 = Release|Any CPU
		{E4E2218B-F6BE-4F93-943D-55E9C0EBCAD7}.Release|Mixed Platforms.ActiveCfg = Release|Any CPU
		{E4E2218B-F6BE-4F93-943D-55E9C0EBCAD7}.Release|Mixed Platforms.Build.0 = Release|Any CPU
		{E4E2218B-F6BE-4F93-943D-55E9C0EBCAD7}.Release|x86.ActiveCfg = Release|Any CPU
		{E12250D9-B21B-4105-9968-E68D36BABC8C}.Debug|Any CPU.ActiveCfg = Debug|Any CPU
		{E12250D9-B21B-4105-9968-E68D36BABC8C}.Debug|Any CPU.Build.0 = Debug|Any CPU
		{E12250D9-B21B-4105-9968-E68D36BABC8C}.Debug|Mixed Platforms.ActiveCfg = Debug|Any CPU
		{E12250D9-B21B-4105-9968-E68D36BABC8C}.Debug|Mixed Platforms.Build.0 = Debug|Any CPU
		{E12250D9-B21B-4105-9968-E68D36BABC8C}.Debug|x86.ActiveCfg = Debug|Any CPU
		{E12250D9-B21B-4105-9968-E68D36BABC8C}.Release|Any CPU.ActiveCfg = Release|Any CPU
		{E12250D9-B21B-4105-9968-E68D36BABC8C}.Release|Any CPU.Build.0 = Release|Any CPU
		{E12250D9-B21B-4105-9968-E68D36BABC8C}.Release|Mixed Platforms.ActiveCfg = Release|Any CPU
		{E12250D9-B21B-4105-9968-E68D36BABC8C}.Release|Mixed Platforms.Build.0 = Release|Any CPU
		{E12250D9-B21B-4105-9968-E68D36BABC8C}.Release|x86.ActiveCfg = Release|Any CPU
		{69E02A27-1A2E-4FEE-8993-F68D1A61369A}.Debug|Any CPU.ActiveCfg = Debug|x86
		{69E02A27-1A2E-4FEE-8993-F68D1A61369A}.Debug|Mixed Platforms.ActiveCfg = Debug|x86
		{69E02A27-1A2E-4FEE-8993-F68D1A61369A}.Debug|Mixed Platforms.Build.0 = Debug|x86
		{69E02A27-1A2E-4FEE-8993-F68D1A61369A}.Debug|x86.ActiveCfg = Debug|x86
		{69E02A27-1A2E-4FEE-8993-F68D1A61369A}.Debug|x86.Build.0 = Debug|x86
		{69E02A27-1A2E-4FEE-8993-F68D1A61369A}.Release|Any CPU.ActiveCfg = Release|x86
		{69E02A27-1A2E-4FEE-8993-F68D1A61369A}.Release|Mixed Platforms.ActiveCfg = Release|x86
		{69E02A27-1A2E-4FEE-8993-F68D1A61369A}.Release|Mixed Platforms.Build.0 = Release|x86
		{69E02A27-1A2E-4FEE-8993-F68D1A61369A}.Release|x86.ActiveCfg = Release|x86
		{69E02A27-1A2E-4FEE-8993-F68D1A61369A}.Release|x86.Build.0 = Release|x86
		{924053B8-8E53-4401-89E6-BE6D163F1AA4}.Debug|Any CPU.ActiveCfg = Debug|x86
		{924053B8-8E53-4401-89E6-BE6D163F1AA4}.Debug|Mixed Platforms.ActiveCfg = Debug|x86
		{924053B8-8E53-4401-89E6-BE6D163F1AA4}.Debug|Mixed Platforms.Build.0 = Debug|x86
		{924053B8-8E53-4401-89E6-BE6D163F1AA4}.Debug|x86.ActiveCfg = Debug|x86
		{924053B8-8E53-4401-89E6-BE6D163F1AA4}.Debug|x86.Build.0 = Debug|x86
		{924053B8-8E53-4401-89E6-BE6D163F1AA4}.Release|Any CPU.ActiveCfg = Release|x86
		{924053B8-8E53-4401-89E6-BE6D163F1AA4}.Release|Mixed Platforms.ActiveCfg = Release|x86
		{924053B8-8E53-4401-89E6-BE6D163F1AA4}.Release|Mixed Platforms.Build.0 = Release|x86
		{924053B8-8E53-4401-89E6-BE6D163F1AA4}.Release|x86.ActiveCfg = Release|x86
		{924053B8-8E53-4401-89E6-BE6D163F1AA4}.Release|x86.Build.0 = Release|x86
		{04734498-4A12-4522-85E6-551DA890BF7C}.Debug|Any CPU.ActiveCfg = Debug|x86
		{04734498-4A12-4522-85E6-551DA890BF7C}.Debug|Mixed Platforms.ActiveCfg = Debug|x86
		{04734498-4A12-4522-85E6-551DA890BF7C}.Debug|Mixed Platforms.Build.0 = Debug|x86
		{04734498-4A12-4522-85E6-551DA890BF7C}.Debug|x86.ActiveCfg = Debug|x86
		{04734498-4A12-4522-85E6-551DA890BF7C}.Debug|x86.Build.0 = Debug|x86
		{04734498-4A12-4522-85E6-551DA890BF7C}.Release|Any CPU.ActiveCfg = Release|x86
		{04734498-4A12-4522-85E6-551DA890BF7C}.Release|Mixed Platforms.ActiveCfg = Release|x86
		{04734498-4A12-4522-85E6-551DA890BF7C}.Release|Mixed Platforms.Build.0 = Release|x86
		{04734498-4A12-4522-85E6-551DA890BF7C}.Release|x86.ActiveCfg = Release|x86
		{04734498-4A12-4522-85E6-551DA890BF7C}.Release|x86.Build.0 = Release|x86
		{C71013B4-AA49-4014-8D25-50DA2827545E}.Debug|Any CPU.ActiveCfg = Debug|x86
		{C71013B4-AA49-4014-8D25-50DA2827545E}.Debug|Mixed Platforms.ActiveCfg = Debug|x86
		{C71013B4-AA49-4014-8D25-50DA2827545E}.Debug|Mixed Platforms.Build.0 = Debug|x86
		{C71013B4-AA49-4014-8D25-50DA2827545E}.Debug|x86.ActiveCfg = Debug|x86
		{C71013B4-AA49-4014-8D25-50DA2827545E}.Debug|x86.Build.0 = Debug|x86
		{C71013B4-AA49-4014-8D25-50DA2827545E}.Release|Any CPU.ActiveCfg = Release|x86
		{C71013B4-AA49-4014-8D25-50DA2827545E}.Release|Mixed Platforms.ActiveCfg = Release|x86
		{C71013B4-AA49-4014-8D25-50DA2827545E}.Release|Mixed Platforms.Build.0 = Release|x86
		{C71013B4-AA49-4014-8D25-50DA2827545E}.Release|x86.ActiveCfg = Release|x86
		{C71013B4-AA49-4014-8D25-50DA2827545E}.Release|x86.Build.0 = Release|x86
		{C698E30C-32E8-42FC-9C31-09B749FFE3B7}.Debug|Any CPU.ActiveCfg = Debug|x86
		{C698E30C-32E8-42FC-9C31-09B749FFE3B7}.Debug|Mixed Platforms.ActiveCfg = Debug|x86
		{C698E30C-32E8-42FC-9C31-09B749FFE3B7}.Debug|Mixed Platforms.Build.0 = Debug|x86
		{C698E30C-32E8-42FC-9C31-09B749FFE3B7}.Debug|x86.ActiveCfg = Debug|x86
		{C698E30C-32E8-42FC-9C31-09B749FFE3B7}.Debug|x86.Build.0 = Debug|x86
		{C698E30C-32E8-42FC-9C31-09B749FFE3B7}.Release|Any CPU.ActiveCfg = Release|x86
		{C698E30C-32E8-42FC-9C31-09B749FFE3B7}.Release|Mixed Platforms.ActiveCfg = Release|x86
		{C698E30C-32E8-42FC-9C31-09B749FFE3B7}.Release|Mixed Platforms.Build.0 = Release|x86
		{C698E30C-32E8-42FC-9C31-09B749FFE3B7}.Release|x86.ActiveCfg = Release|x86
		{C698E30C-32E8-42FC-9C31-09B749FFE3B7}.Release|x86.Build.0 = Release|x86
		{0C9F3402-B713-4336-9C7F-6279C75D5812}.Debug|Any CPU.ActiveCfg = Debug|Any CPU
		{0C9F3402-B713-4336-9C7F-6279C75D5812}.Debug|Any CPU.Build.0 = Debug|Any CPU
		{0C9F3402-B713-4336-9C7F-6279C75D5812}.Debug|Mixed Platforms.ActiveCfg = Debug|Any CPU
		{0C9F3402-B713-4336-9C7F-6279C75D5812}.Debug|Mixed Platforms.Build.0 = Debug|Any CPU
		{0C9F3402-B713-4336-9C7F-6279C75D5812}.Debug|x86.ActiveCfg = Debug|Any CPU
		{0C9F3402-B713-4336-9C7F-6279C75D5812}.Release|Any CPU.ActiveCfg = Release|Any CPU
		{0C9F3402-B713-4336-9C7F-6279C75D5812}.Release|Any CPU.Build.0 = Release|Any CPU
		{0C9F3402-B713-4336-9C7F-6279C75D5812}.Release|Mixed Platforms.ActiveCfg = Release|Any CPU
		{0C9F3402-B713-4336-9C7F-6279C75D5812}.Release|Mixed Platforms.Build.0 = Release|Any CPU
		{0C9F3402-B713-4336-9C7F-6279C75D5812}.Release|x86.ActiveCfg = Release|Any CPU
		{025D24EA-22C9-46B3-8221-7113133AF35C}.Debug|Any CPU.ActiveCfg = Debug|Any CPU
		{025D24EA-22C9-46B3-8221-7113133AF35C}.Debug|Any CPU.Build.0 = Debug|Any CPU
		{025D24EA-22C9-46B3-8221-7113133AF35C}.Debug|Mixed Platforms.ActiveCfg = Debug|Any CPU
		{025D24EA-22C9-46B3-8221-7113133AF35C}.Debug|Mixed Platforms.Build.0 = Debug|Any CPU
		{025D24EA-22C9-46B3-8221-7113133AF35C}.Debug|x86.ActiveCfg = Debug|Any CPU
		{025D24EA-22C9-46B3-8221-7113133AF35C}.Release|Any CPU.ActiveCfg = Release|Any CPU
		{025D24EA-22C9-46B3-8221-7113133AF35C}.Release|Any CPU.Build.0 = Release|Any CPU
		{025D24EA-22C9-46B3-8221-7113133AF35C}.Release|Mixed Platforms.ActiveCfg = Release|Any CPU
		{025D24EA-22C9-46B3-8221-7113133AF35C}.Release|Mixed Platforms.Build.0 = Release|Any CPU
		{025D24EA-22C9-46B3-8221-7113133AF35C}.Release|x86.ActiveCfg = Release|Any CPU
		{8EF585D3-B977-4F9F-9A32-7A141CEB45E2}.Debug|Any CPU.ActiveCfg = Debug|Any CPU
		{8EF585D3-B977-4F9F-9A32-7A141CEB45E2}.Debug|Any CPU.Build.0 = Debug|Any CPU
		{8EF585D3-B977-4F9F-9A32-7A141CEB45E2}.Debug|Mixed Platforms.ActiveCfg = Debug|Any CPU
		{8EF585D3-B977-4F9F-9A32-7A141CEB45E2}.Debug|Mixed Platforms.Build.0 = Debug|Any CPU
		{8EF585D3-B977-4F9F-9A32-7A141CEB45E2}.Debug|x86.ActiveCfg = Debug|Any CPU
		{8EF585D3-B977-4F9F-9A32-7A141CEB45E2}.Release|Any CPU.ActiveCfg = Release|Any CPU
		{8EF585D3-B977-4F9F-9A32-7A141CEB45E2}.Release|Any CPU.Build.0 = Release|Any CPU
		{8EF585D3-B977-4F9F-9A32-7A141CEB45E2}.Release|Mixed Platforms.ActiveCfg = Release|Any CPU
		{8EF585D3-B977-4F9F-9A32-7A141CEB45E2}.Release|Mixed Platforms.Build.0 = Release|Any CPU
		{8EF585D3-B977-4F9F-9A32-7A141CEB45E2}.Release|x86.ActiveCfg = Release|Any CPU
		{297F05B9-FF7B-4058-89C9-477DB9ABFB53}.Debug|Any CPU.ActiveCfg = Debug|Any CPU
		{297F05B9-FF7B-4058-89C9-477DB9ABFB53}.Debug|Any CPU.Build.0 = Debug|Any CPU
		{297F05B9-FF7B-4058-89C9-477DB9ABFB53}.Debug|Mixed Platforms.ActiveCfg = Debug|Any CPU
		{297F05B9-FF7B-4058-89C9-477DB9ABFB53}.Debug|Mixed Platforms.Build.0 = Debug|Any CPU
		{297F05B9-FF7B-4058-89C9-477DB9ABFB53}.Debug|x86.ActiveCfg = Debug|Any CPU
		{297F05B9-FF7B-4058-89C9-477DB9ABFB53}.Debug|x86.Build.0 = Debug|Any CPU
		{297F05B9-FF7B-4058-89C9-477DB9ABFB53}.Release|Any CPU.ActiveCfg = Release|Any CPU
		{297F05B9-FF7B-4058-89C9-477DB9ABFB53}.Release|Any CPU.Build.0 = Release|Any CPU
		{297F05B9-FF7B-4058-89C9-477DB9ABFB53}.Release|Mixed Platforms.ActiveCfg = Release|Any CPU
		{297F05B9-FF7B-4058-89C9-477DB9ABFB53}.Release|Mixed Platforms.Build.0 = Release|Any CPU
		{297F05B9-FF7B-4058-89C9-477DB9ABFB53}.Release|x86.ActiveCfg = Release|Any CPU
		{297F05B9-FF7B-4058-89C9-477DB9ABFB53}.Release|x86.Build.0 = Release|Any CPU
		{36C4D814-8125-4E8E-B48C-50E969B586C3}.Debug|Any CPU.ActiveCfg = Debug|Any CPU
		{36C4D814-8125-4E8E-B48C-50E969B586C3}.Debug|Any CPU.Build.0 = Debug|Any CPU
		{36C4D814-8125-4E8E-B48C-50E969B586C3}.Debug|Mixed Platforms.ActiveCfg = Debug|Any CPU
		{36C4D814-8125-4E8E-B48C-50E969B586C3}.Debug|Mixed Platforms.Build.0 = Debug|Any CPU
		{36C4D814-8125-4E8E-B48C-50E969B586C3}.Debug|x86.ActiveCfg = Debug|Any CPU
		{36C4D814-8125-4E8E-B48C-50E969B586C3}.Debug|x86.Build.0 = Debug|Any CPU
		{36C4D814-8125-4E8E-B48C-50E969B586C3}.Release|Any CPU.ActiveCfg = Release|Any CPU
		{36C4D814-8125-4E8E-B48C-50E969B586C3}.Release|Any CPU.Build.0 = Release|Any CPU
		{36C4D814-8125-4E8E-B48C-50E969B586C3}.Release|Mixed Platforms.ActiveCfg = Release|Any CPU
		{36C4D814-8125-4E8E-B48C-50E969B586C3}.Release|Mixed Platforms.Build.0 = Release|Any CPU
		{36C4D814-8125-4E8E-B48C-50E969B586C3}.Release|x86.ActiveCfg = Release|Any CPU
		{36C4D814-8125-4E8E-B48C-50E969B586C3}.Release|x86.Build.0 = Release|Any CPU
		{7AAD153D-7095-48C2-94AF-A14A2D2C0E20}.Debug|Any CPU.ActiveCfg = Debug|Any CPU
		{7AAD153D-7095-48C2-94AF-A14A2D2C0E20}.Debug|Any CPU.Build.0 = Debug|Any CPU
		{7AAD153D-7095-48C2-94AF-A14A2D2C0E20}.Debug|Mixed Platforms.ActiveCfg = Debug|Any CPU
		{7AAD153D-7095-48C2-94AF-A14A2D2C0E20}.Debug|Mixed Platforms.Build.0 = Debug|Any CPU
		{7AAD153D-7095-48C2-94AF-A14A2D2C0E20}.Debug|x86.ActiveCfg = Debug|Any CPU
		{7AAD153D-7095-48C2-94AF-A14A2D2C0E20}.Debug|x86.Build.0 = Debug|Any CPU
		{7AAD153D-7095-48C2-94AF-A14A2D2C0E20}.Release|Any CPU.ActiveCfg = Release|Any CPU
		{7AAD153D-7095-48C2-94AF-A14A2D2C0E20}.Release|Any CPU.Build.0 = Release|Any CPU
		{7AAD153D-7095-48C2-94AF-A14A2D2C0E20}.Release|Mixed Platforms.ActiveCfg = Release|Any CPU
		{7AAD153D-7095-48C2-94AF-A14A2D2C0E20}.Release|Mixed Platforms.Build.0 = Release|Any CPU
		{7AAD153D-7095-48C2-94AF-A14A2D2C0E20}.Release|x86.ActiveCfg = Release|Any CPU
		{7AAD153D-7095-48C2-94AF-A14A2D2C0E20}.Release|x86.Build.0 = Release|Any CPU
		{392A0D61-B282-4749-A333-4C45F9FFC51F}.Debug|Any CPU.ActiveCfg = Debug|Any CPU
		{392A0D61-B282-4749-A333-4C45F9FFC51F}.Debug|Any CPU.Build.0 = Debug|Any CPU
		{392A0D61-B282-4749-A333-4C45F9FFC51F}.Debug|Mixed Platforms.ActiveCfg = Debug|Any CPU
		{392A0D61-B282-4749-A333-4C45F9FFC51F}.Debug|Mixed Platforms.Build.0 = Debug|Any CPU
		{392A0D61-B282-4749-A333-4C45F9FFC51F}.Debug|x86.ActiveCfg = Debug|Any CPU
		{392A0D61-B282-4749-A333-4C45F9FFC51F}.Debug|x86.Build.0 = Debug|Any CPU
		{392A0D61-B282-4749-A333-4C45F9FFC51F}.Release|Any CPU.ActiveCfg = Release|Any CPU
		{392A0D61-B282-4749-A333-4C45F9FFC51F}.Release|Any CPU.Build.0 = Release|Any CPU
		{392A0D61-B282-4749-A333-4C45F9FFC51F}.Release|Mixed Platforms.ActiveCfg = Release|Any CPU
		{392A0D61-B282-4749-A333-4C45F9FFC51F}.Release|Mixed Platforms.Build.0 = Release|Any CPU
		{392A0D61-B282-4749-A333-4C45F9FFC51F}.Release|x86.ActiveCfg = Release|Any CPU
		{392A0D61-B282-4749-A333-4C45F9FFC51F}.Release|x86.Build.0 = Release|Any CPU
		{ED404F47-0A85-4758-A868-AE94B1FC5C2E}.Debug|Any CPU.ActiveCfg = Debug|Any CPU
		{ED404F47-0A85-4758-A868-AE94B1FC5C2E}.Debug|Any CPU.Build.0 = Debug|Any CPU
		{ED404F47-0A85-4758-A868-AE94B1FC5C2E}.Debug|Mixed Platforms.ActiveCfg = Debug|Any CPU
		{ED404F47-0A85-4758-A868-AE94B1FC5C2E}.Debug|Mixed Platforms.Build.0 = Debug|Any CPU
		{ED404F47-0A85-4758-A868-AE94B1FC5C2E}.Debug|x86.ActiveCfg = Debug|Any CPU
		{ED404F47-0A85-4758-A868-AE94B1FC5C2E}.Debug|x86.Build.0 = Debug|Any CPU
		{ED404F47-0A85-4758-A868-AE94B1FC5C2E}.Release|Any CPU.ActiveCfg = Release|Any CPU
		{ED404F47-0A85-4758-A868-AE94B1FC5C2E}.Release|Any CPU.Build.0 = Release|Any CPU
		{ED404F47-0A85-4758-A868-AE94B1FC5C2E}.Release|Mixed Platforms.ActiveCfg = Release|Any CPU
		{ED404F47-0A85-4758-A868-AE94B1FC5C2E}.Release|Mixed Platforms.Build.0 = Release|Any CPU
		{ED404F47-0A85-4758-A868-AE94B1FC5C2E}.Release|x86.ActiveCfg = Release|Any CPU
		{ED404F47-0A85-4758-A868-AE94B1FC5C2E}.Release|x86.Build.0 = Release|Any CPU
		{5ABCECB5-3E87-48EE-B969-DA8362D81AF2}.Debug|Any CPU.ActiveCfg = Debug|Any CPU
		{5ABCECB5-3E87-48EE-B969-DA8362D81AF2}.Debug|Any CPU.Build.0 = Debug|Any CPU
		{5ABCECB5-3E87-48EE-B969-DA8362D81AF2}.Debug|Mixed Platforms.ActiveCfg = Debug|Any CPU
		{5ABCECB5-3E87-48EE-B969-DA8362D81AF2}.Debug|Mixed Platforms.Build.0 = Debug|Any CPU
		{5ABCECB5-3E87-48EE-B969-DA8362D81AF2}.Debug|x86.ActiveCfg = Debug|Any CPU
		{5ABCECB5-3E87-48EE-B969-DA8362D81AF2}.Debug|x86.Build.0 = Debug|Any CPU
		{5ABCECB5-3E87-48EE-B969-DA8362D81AF2}.Release|Any CPU.ActiveCfg = Release|Any CPU
		{5ABCECB5-3E87-48EE-B969-DA8362D81AF2}.Release|Any CPU.Build.0 = Release|Any CPU
		{5ABCECB5-3E87-48EE-B969-DA8362D81AF2}.Release|Mixed Platforms.ActiveCfg = Release|Any CPU
		{5ABCECB5-3E87-48EE-B969-DA8362D81AF2}.Release|Mixed Platforms.Build.0 = Release|Any CPU
		{5ABCECB5-3E87-48EE-B969-DA8362D81AF2}.Release|x86.ActiveCfg = Release|Any CPU
		{5ABCECB5-3E87-48EE-B969-DA8362D81AF2}.Release|x86.Build.0 = Release|Any CPU
		{7D2FDCC7-465B-45B1-8184-8515DD30E229}.Debug|Any CPU.ActiveCfg = Debug|x86
		{7D2FDCC7-465B-45B1-8184-8515DD30E229}.Debug|Mixed Platforms.ActiveCfg = Debug|x86
		{7D2FDCC7-465B-45B1-8184-8515DD30E229}.Debug|Mixed Platforms.Build.0 = Debug|x86
		{7D2FDCC7-465B-45B1-8184-8515DD30E229}.Debug|x86.ActiveCfg = Debug|x86
		{7D2FDCC7-465B-45B1-8184-8515DD30E229}.Debug|x86.Build.0 = Debug|x86
		{7D2FDCC7-465B-45B1-8184-8515DD30E229}.Release|Any CPU.ActiveCfg = Release|x86
		{7D2FDCC7-465B-45B1-8184-8515DD30E229}.Release|Mixed Platforms.ActiveCfg = Release|x86
		{7D2FDCC7-465B-45B1-8184-8515DD30E229}.Release|Mixed Platforms.Build.0 = Release|x86
		{7D2FDCC7-465B-45B1-8184-8515DD30E229}.Release|x86.ActiveCfg = Release|x86
		{7D2FDCC7-465B-45B1-8184-8515DD30E229}.Release|x86.Build.0 = Release|x86
		{2882E0D2-E386-4FFF-9F4A-D724D62E03A7}.Debug|Any CPU.ActiveCfg = Debug|Any CPU
		{2882E0D2-E386-4FFF-9F4A-D724D62E03A7}.Debug|Any CPU.Build.0 = Debug|Any CPU
		{2882E0D2-E386-4FFF-9F4A-D724D62E03A7}.Debug|Mixed Platforms.ActiveCfg = Debug|Any CPU
		{2882E0D2-E386-4FFF-9F4A-D724D62E03A7}.Debug|Mixed Platforms.Build.0 = Debug|Any CPU
		{2882E0D2-E386-4FFF-9F4A-D724D62E03A7}.Debug|x86.ActiveCfg = Debug|Any CPU
		{2882E0D2-E386-4FFF-9F4A-D724D62E03A7}.Debug|x86.Build.0 = Debug|Any CPU
		{2882E0D2-E386-4FFF-9F4A-D724D62E03A7}.Release|Any CPU.ActiveCfg = Release|Any CPU
		{2882E0D2-E386-4FFF-9F4A-D724D62E03A7}.Release|Any CPU.Build.0 = Release|Any CPU
		{2882E0D2-E386-4FFF-9F4A-D724D62E03A7}.Release|Mixed Platforms.ActiveCfg = Release|Any CPU
		{2882E0D2-E386-4FFF-9F4A-D724D62E03A7}.Release|Mixed Platforms.Build.0 = Release|Any CPU
		{2882E0D2-E386-4FFF-9F4A-D724D62E03A7}.Release|x86.ActiveCfg = Release|Any CPU
		{2882E0D2-E386-4FFF-9F4A-D724D62E03A7}.Release|x86.Build.0 = Release|Any CPU
		{032B4880-4B32-44FD-A632-7044C974678B}.Debug|Any CPU.ActiveCfg = Debug|Any CPU
		{032B4880-4B32-44FD-A632-7044C974678B}.Debug|Any CPU.Build.0 = Debug|Any CPU
		{032B4880-4B32-44FD-A632-7044C974678B}.Debug|Mixed Platforms.ActiveCfg = Debug|Any CPU
		{032B4880-4B32-44FD-A632-7044C974678B}.Debug|Mixed Platforms.Build.0 = Debug|Any CPU
		{032B4880-4B32-44FD-A632-7044C974678B}.Debug|x86.ActiveCfg = Debug|Any CPU
		{032B4880-4B32-44FD-A632-7044C974678B}.Debug|x86.Build.0 = Debug|Any CPU
		{032B4880-4B32-44FD-A632-7044C974678B}.Release|Any CPU.ActiveCfg = Release|Any CPU
		{032B4880-4B32-44FD-A632-7044C974678B}.Release|Any CPU.Build.0 = Release|Any CPU
		{032B4880-4B32-44FD-A632-7044C974678B}.Release|Mixed Platforms.ActiveCfg = Release|Any CPU
		{032B4880-4B32-44FD-A632-7044C974678B}.Release|Mixed Platforms.Build.0 = Release|Any CPU
		{032B4880-4B32-44FD-A632-7044C974678B}.Release|x86.ActiveCfg = Release|Any CPU
		{032B4880-4B32-44FD-A632-7044C974678B}.Release|x86.Build.0 = Release|Any CPU
		{D3FBFB70-787B-4A0C-B94D-2AF31F3D8A7B}.Debug|Any CPU.ActiveCfg = Debug|Any CPU
		{D3FBFB70-787B-4A0C-B94D-2AF31F3D8A7B}.Debug|Any CPU.Build.0 = Debug|Any CPU
		{D3FBFB70-787B-4A0C-B94D-2AF31F3D8A7B}.Debug|Mixed Platforms.ActiveCfg = Debug|Any CPU
		{D3FBFB70-787B-4A0C-B94D-2AF31F3D8A7B}.Debug|Mixed Platforms.Build.0 = Debug|Any CPU
		{D3FBFB70-787B-4A0C-B94D-2AF31F3D8A7B}.Debug|x86.ActiveCfg = Debug|Any CPU
		{D3FBFB70-787B-4A0C-B94D-2AF31F3D8A7B}.Debug|x86.Build.0 = Debug|Any CPU
		{D3FBFB70-787B-4A0C-B94D-2AF31F3D8A7B}.Release|Any CPU.ActiveCfg = Release|Any CPU
		{D3FBFB70-787B-4A0C-B94D-2AF31F3D8A7B}.Release|Any CPU.Build.0 = Release|Any CPU
		{D3FBFB70-787B-4A0C-B94D-2AF31F3D8A7B}.Release|Mixed Platforms.ActiveCfg = Release|Any CPU
		{D3FBFB70-787B-4A0C-B94D-2AF31F3D8A7B}.Release|Mixed Platforms.Build.0 = Release|Any CPU
		{D3FBFB70-787B-4A0C-B94D-2AF31F3D8A7B}.Release|x86.ActiveCfg = Release|Any CPU
		{D3FBFB70-787B-4A0C-B94D-2AF31F3D8A7B}.Release|x86.Build.0 = Release|Any CPU
		{D577CEF1-C0F4-4C6E-AB23-D811119E86B1}.Debug|Any CPU.ActiveCfg = Debug|Any CPU
		{D577CEF1-C0F4-4C6E-AB23-D811119E86B1}.Debug|Any CPU.Build.0 = Debug|Any CPU
		{D577CEF1-C0F4-4C6E-AB23-D811119E86B1}.Debug|Mixed Platforms.ActiveCfg = Debug|Any CPU
		{D577CEF1-C0F4-4C6E-AB23-D811119E86B1}.Debug|Mixed Platforms.Build.0 = Debug|Any CPU
		{D577CEF1-C0F4-4C6E-AB23-D811119E86B1}.Debug|x86.ActiveCfg = Debug|Any CPU
		{D577CEF1-C0F4-4C6E-AB23-D811119E86B1}.Debug|x86.Build.0 = Debug|Any CPU
		{D577CEF1-C0F4-4C6E-AB23-D811119E86B1}.Release|Any CPU.ActiveCfg = Release|Any CPU
		{D577CEF1-C0F4-4C6E-AB23-D811119E86B1}.Release|Any CPU.Build.0 = Release|Any CPU
		{D577CEF1-C0F4-4C6E-AB23-D811119E86B1}.Release|Mixed Platforms.ActiveCfg = Release|Any CPU
		{D577CEF1-C0F4-4C6E-AB23-D811119E86B1}.Release|Mixed Platforms.Build.0 = Release|Any CPU
		{D577CEF1-C0F4-4C6E-AB23-D811119E86B1}.Release|x86.ActiveCfg = Release|Any CPU
		{D577CEF1-C0F4-4C6E-AB23-D811119E86B1}.Release|x86.Build.0 = Release|Any CPU
		{AEEB353F-B97B-4F37-ACE2-16C02A5E6E0B}.Debug|Any CPU.ActiveCfg = Debug|Any CPU
		{AEEB353F-B97B-4F37-ACE2-16C02A5E6E0B}.Debug|Any CPU.Build.0 = Debug|Any CPU
		{AEEB353F-B97B-4F37-ACE2-16C02A5E6E0B}.Debug|Mixed Platforms.ActiveCfg = Debug|Any CPU
		{AEEB353F-B97B-4F37-ACE2-16C02A5E6E0B}.Debug|Mixed Platforms.Build.0 = Debug|Any CPU
		{AEEB353F-B97B-4F37-ACE2-16C02A5E6E0B}.Debug|x86.ActiveCfg = Debug|Any CPU
		{AEEB353F-B97B-4F37-ACE2-16C02A5E6E0B}.Debug|x86.Build.0 = Debug|Any CPU
		{AEEB353F-B97B-4F37-ACE2-16C02A5E6E0B}.Release|Any CPU.ActiveCfg = Release|Any CPU
		{AEEB353F-B97B-4F37-ACE2-16C02A5E6E0B}.Release|Any CPU.Build.0 = Release|Any CPU
		{AEEB353F-B97B-4F37-ACE2-16C02A5E6E0B}.Release|Mixed Platforms.ActiveCfg = Release|Any CPU
		{AEEB353F-B97B-4F37-ACE2-16C02A5E6E0B}.Release|Mixed Platforms.Build.0 = Release|Any CPU
		{AEEB353F-B97B-4F37-ACE2-16C02A5E6E0B}.Release|x86.ActiveCfg = Release|Any CPU
		{AEEB353F-B97B-4F37-ACE2-16C02A5E6E0B}.Release|x86.Build.0 = Release|Any CPU
		{ADD498C5-2537-4CF4-85FE-AAB992431E5A}.Debug|Any CPU.ActiveCfg = Debug|Any CPU
		{ADD498C5-2537-4CF4-85FE-AAB992431E5A}.Debug|Any CPU.Build.0 = Debug|Any CPU
		{ADD498C5-2537-4CF4-85FE-AAB992431E5A}.Debug|Mixed Platforms.ActiveCfg = Debug|Any CPU
		{ADD498C5-2537-4CF4-85FE-AAB992431E5A}.Debug|Mixed Platforms.Build.0 = Debug|Any CPU
		{ADD498C5-2537-4CF4-85FE-AAB992431E5A}.Debug|x86.ActiveCfg = Debug|Any CPU
		{ADD498C5-2537-4CF4-85FE-AAB992431E5A}.Debug|x86.Build.0 = Debug|Any CPU
		{ADD498C5-2537-4CF4-85FE-AAB992431E5A}.Release|Any CPU.ActiveCfg = Release|Any CPU
		{ADD498C5-2537-4CF4-85FE-AAB992431E5A}.Release|Any CPU.Build.0 = Release|Any CPU
		{ADD498C5-2537-4CF4-85FE-AAB992431E5A}.Release|Mixed Platforms.ActiveCfg = Release|Any CPU
		{ADD498C5-2537-4CF4-85FE-AAB992431E5A}.Release|Mixed Platforms.Build.0 = Release|Any CPU
		{ADD498C5-2537-4CF4-85FE-AAB992431E5A}.Release|x86.ActiveCfg = Release|Any CPU
		{ADD498C5-2537-4CF4-85FE-AAB992431E5A}.Release|x86.Build.0 = Release|Any CPU
	EndGlobalSection
	GlobalSection(SolutionProperties) = preSolution
		HideSolutionNode = FALSE
	EndGlobalSection
	GlobalSection(ExtensibilityGlobals) = postSolution
		SolutionGuid = {8AE0F911-90FD-44E0-8258-4FDC34F61466}
	EndGlobalSection
EndGlobal
