
Microsoft Visual Studio Solution File, Format Version 12.00
# Visual Studio Version 16
VisualStudioVersion = 16.0.29613.14
MinimumVisualStudioVersion = 10.0.40219.1
Project("{FAE04EC0-301F-11D3-BF4B-00C04F79EFBC}") = "WWWRoot", "WWWRoot\WWWRoot.csproj", "{40890080-AEC3-4F2B-8A5F-98C27787638E}"
EndProject
Project("{00D1A9C2-B5F0-4AF3-8072-F6C62B433612}") = "Database", "..\PIKS Database\Database.sqlproj", "{0E5EC93A-20FC-4715-B89D-8859619273E5}"
EndProject
Project("{FAE04EC0-301F-11D3-BF4B-00C04F79EFBC}") = "TravantCRM", "TravantCRM\TravantCRM.csproj", "{5091ABA3-A3CA-456D-9C2A-9B428C276205}"
EndProject
Global
	GlobalSection(SolutionConfigurationPlatforms) = preSolution
		Debug|Any CPU = Debug|Any CPU
		Debug|Mixed Platforms = Debug|Mixed Platforms
		Debug|x86 = Debug|x86
		Release|Any CPU = Release|Any CPU
		Release|Mixed Platforms = Release|Mixed Platforms
		Release|x86 = Release|x86
		TravantBuild|Any CPU = TravantBuild|Any CPU
		TravantBuild|Mixed Platforms = TravantBuild|Mixed Platforms
		TravantBuild|x86 = TravantBuild|x86
	EndGlobalSection
	GlobalSection(ProjectConfigurationPlatforms) = postSolution
		{40890080-AEC3-4F2B-8A5F-98C27787638E}.Debug|Any CPU.ActiveCfg = Debug|Any CPU
		{40890080-AEC3-4F2B-8A5F-98C27787638E}.Debug|Any CPU.Build.0 = Debug|Any CPU
		{40890080-AEC3-4F2B-8A5F-98C27787638E}.Debug|Mixed Platforms.ActiveCfg = Debug|Any CPU
		{40890080-AEC3-4F2B-8A5F-98C27787638E}.Debug|Mixed Platforms.Build.0 = Debug|Any CPU
		{40890080-AEC3-4F2B-8A5F-98C27787638E}.Debug|x86.ActiveCfg = Debug|Any CPU
		{40890080-AEC3-4F2B-8A5F-98C27787638E}.Release|Any CPU.ActiveCfg = Release|Any CPU
		{40890080-AEC3-4F2B-8A5F-98C27787638E}.Release|Any CPU.Build.0 = Release|Any CPU
		{40890080-AEC3-4F2B-8A5F-98C27787638E}.Release|Mixed Platforms.ActiveCfg = Release|Any CPU
		{40890080-AEC3-4F2B-8A5F-98C27787638E}.Release|x86.ActiveCfg = Release|Any CPU
		{40890080-AEC3-4F2B-8A5F-98C27787638E}.TravantBuild|Any CPU.ActiveCfg = TravantBuild|Any CPU
		{40890080-AEC3-4F2B-8A5F-98C27787638E}.TravantBuild|Any CPU.Build.0 = TravantBuild|Any CPU
		{40890080-AEC3-4F2B-8A5F-98C27787638E}.TravantBuild|Mixed Platforms.ActiveCfg = TravantBuild|Any CPU
		{40890080-AEC3-4F2B-8A5F-98C27787638E}.TravantBuild|Mixed Platforms.Build.0 = TravantBuild|Any CPU
		{40890080-AEC3-4F2B-8A5F-98C27787638E}.TravantBuild|x86.ActiveCfg = TravantBuild|Any CPU
		{40890080-AEC3-4F2B-8A5F-98C27787638E}.TravantBuild|x86.Build.0 = TravantBuild|Any CPU
		{0E5EC93A-20FC-4715-B89D-8859619273E5}.Debug|Any CPU.ActiveCfg = Debug|Any CPU
		{0E5EC93A-20FC-4715-B89D-8859619273E5}.Debug|Mixed Platforms.ActiveCfg = Debug|Any CPU
		{0E5EC93A-20FC-4715-B89D-8859619273E5}.Debug|x86.ActiveCfg = Debug|Any CPU
		{0E5EC93A-20FC-4715-B89D-8859619273E5}.Release|Any CPU.ActiveCfg = Release|Any CPU
		{0E5EC93A-20FC-4715-B89D-8859619273E5}.Release|Mixed Platforms.ActiveCfg = Release|Any CPU
		{0E5EC93A-20FC-4715-B89D-8859619273E5}.Release|Mixed Platforms.Build.0 = Release|Any CPU
		{0E5EC93A-20FC-4715-B89D-8859619273E5}.Release|Mixed Platforms.Deploy.0 = Release|Any CPU
		{0E5EC93A-20FC-4715-B89D-8859619273E5}.Release|x86.ActiveCfg = Release|Any CPU
		{0E5EC93A-20FC-4715-B89D-8859619273E5}.TravantBuild|Any CPU.ActiveCfg = TravantBuild|Any CPU
		{0E5EC93A-20FC-4715-B89D-8859619273E5}.TravantBuild|Any CPU.Deploy.0 = TravantBuild|Any CPU
		{0E5EC93A-20FC-4715-B89D-8859619273E5}.TravantBuild|Mixed Platforms.ActiveCfg = Release|Any CPU
		{0E5EC93A-20FC-4715-B89D-8859619273E5}.TravantBuild|Mixed Platforms.Deploy.0 = Release|Any CPU
		{0E5EC93A-20FC-4715-B89D-8859619273E5}.TravantBuild|x86.ActiveCfg = TravantBuild|Any CPU
		{0E5EC93A-20FC-4715-B89D-8859619273E5}.TravantBuild|x86.Build.0 = TravantBuild|Any CPU
		{0E5EC93A-20FC-4715-B89D-8859619273E5}.TravantBuild|x86.Deploy.0 = TravantBuild|Any CPU
		{5091ABA3-A3CA-456D-9C2A-9B428C276205}.Debug|Any CPU.ActiveCfg = Debug|Any CPU
		{5091ABA3-A3CA-456D-9C2A-9B428C276205}.Debug|Any CPU.Build.0 = Debug|Any CPU
		{5091ABA3-A3CA-456D-9C2A-9B428C276205}.Debug|Mixed Platforms.ActiveCfg = Debug|Any CPU
		{5091ABA3-A3CA-456D-9C2A-9B428C276205}.Debug|Mixed Platforms.Build.0 = Debug|Any CPU
		{5091ABA3-A3CA-456D-9C2A-9B428C276205}.Debug|x86.ActiveCfg = Debug|Any CPU
		{5091ABA3-A3CA-456D-9C2A-9B428C276205}.Debug|x86.Build.0 = Debug|Any CPU
		{5091ABA3-A3CA-456D-9C2A-9B428C276205}.Release|Any CPU.ActiveCfg = Release|Any CPU
		{5091ABA3-A3CA-456D-9C2A-9B428C276205}.Release|Any CPU.Build.0 = Release|Any CPU
		{5091ABA3-A3CA-456D-9C2A-9B428C276205}.Release|Mixed Platforms.ActiveCfg = Release|Any CPU
		{5091ABA3-A3CA-456D-9C2A-9B428C276205}.Release|Mixed Platforms.Build.0 = Release|Any CPU
		{5091ABA3-A3CA-456D-9C2A-9B428C276205}.Release|x86.ActiveCfg = Release|Any CPU
		{5091ABA3-A3CA-456D-9C2A-9B428C276205}.Release|x86.Build.0 = Release|Any CPU
		{5091ABA3-A3CA-456D-9C2A-9B428C276205}.TravantBuild|Any CPU.ActiveCfg = TravantBuild|Any CPU
		{5091ABA3-A3CA-456D-9C2A-9B428C276205}.TravantBuild|Any CPU.Build.0 = TravantBuild|Any CPU
		{5091ABA3-A3CA-456D-9C2A-9B428C276205}.TravantBuild|Mixed Platforms.ActiveCfg = TravantBuild|Any CPU
		{5091ABA3-A3CA-456D-9C2A-9B428C276205}.TravantBuild|Mixed Platforms.Build.0 = TravantBuild|Any CPU
		{5091ABA3-A3CA-456D-9C2A-9B428C276205}.TravantBuild|x86.ActiveCfg = TravantBuild|Any CPU
		{5091ABA3-A3CA-456D-9C2A-9B428C276205}.TravantBuild|x86.Build.0 = TravantBuild|Any CPU
	EndGlobalSection
	GlobalSection(SolutionProperties) = preSolution
		HideSolutionNode = FALSE
	EndGlobalSection
	GlobalSection(ExtensibilityGlobals) = postSolution
		SolutionGuid = {8BECB362-011C-4F26-8921-C1AAA7EF8C5F}
	EndGlobalSection
EndGlobal
