
Microsoft Visual Studio Solution File, Format Version 12.00
# Visual Studio Version 16
VisualStudioVersion = 16.0.31205.134
MinimumVisualStudioVersion = 10.0.40219.1
Project("{00D1A9C2-B5F0-4AF3-8072-F6C62B433612}") = "PACAFileAccessAssembly", "PACAFileAccessAssembly\PACAFileAccessAssembly.sqlproj", "{8D492DE7-8EDF-410C-9080-B6DD855D192E}"
EndProject
Project("{FAE04EC0-301F-11D3-BF4B-00C04F79EFBC}") = "PIKSUtils", "PIKSFunctions\PIKSUtils.csproj", "{C08CA1CF-10E6-405A-AE0A-DEEF25AB73B4}"
EndProject
Global
	GlobalSection(SolutionConfigurationPlatforms) = preSolution
		Debug|Any CPU = Debug|Any CPU
		Release|Any CPU = Release|Any CPU
		TravantBuild|Any CPU = TravantBuild|Any CPU
	EndGlobalSection
	GlobalSection(ProjectConfigurationPlatforms) = postSolution
		{8D492DE7-8EDF-410C-9080-B6DD855D192E}.Debug|Any CPU.ActiveCfg = Debug|Any CPU
		{8D492DE7-8EDF-410C-9080-B6DD855D192E}.Debug|Any CPU.Build.0 = Debug|Any CPU
		{8D492DE7-8EDF-410C-9080-B6DD855D192E}.Debug|Any CPU.Deploy.0 = Debug|Any CPU
		{8D492DE7-8EDF-410C-9080-B6DD855D192E}.Release|Any CPU.ActiveCfg = Release|Any CPU
		{8D492DE7-8EDF-410C-9080-B6DD855D192E}.Release|Any CPU.Build.0 = Release|Any CPU
		{8D492DE7-8EDF-410C-9080-B6DD855D192E}.Release|Any CPU.Deploy.0 = Release|Any CPU
		{8D492DE7-8EDF-410C-9080-B6DD855D192E}.TravantBuild|Any CPU.ActiveCfg = TravantBuild|Any CPU
		{8D492DE7-8EDF-410C-9080-B6DD855D192E}.TravantBuild|Any CPU.Deploy.0 = TravantBuild|Any CPU
		{C08CA1CF-10E6-405A-AE0A-DEEF25AB73B4}.Debug|Any CPU.ActiveCfg = Debug|Any CPU
		{C08CA1CF-10E6-405A-AE0A-DEEF25AB73B4}.Debug|Any CPU.Build.0 = Debug|Any CPU
		{C08CA1CF-10E6-405A-AE0A-DEEF25AB73B4}.Release|Any CPU.ActiveCfg = Release|Any CPU
		{C08CA1CF-10E6-405A-AE0A-DEEF25AB73B4}.Release|Any CPU.Build.0 = Release|Any CPU
		{C08CA1CF-10E6-405A-AE0A-DEEF25AB73B4}.TravantBuild|Any CPU.ActiveCfg = TravantBuild|Any CPU
		{C08CA1CF-10E6-405A-AE0A-DEEF25AB73B4}.TravantBuild|Any CPU.Build.0 = TravantBuild|Any CPU
	EndGlobalSection
	GlobalSection(SolutionProperties) = preSolution
		HideSolutionNode = FALSE
	EndGlobalSection
	GlobalSection(ExtensibilityGlobals) = postSolution
		SolutionGuid = {1B649039-7CDE-4864-908C-696D1B5A79B5}
	EndGlobalSection
EndGlobal
