
Microsoft Visual Studio Solution File, Format Version 12.00
# Visual Studio Version 16
VisualStudioVersion = 16.0.29806.167
MinimumVisualStudioVersion = 10.0.40219.1
Project("{FAE04EC0-301F-11D3-BF4B-00C04F79EFBC}") = "BBOSMobile.Forms", "BBOSMobile\BBOSMobile.Forms.csproj", "{C841FCED-118A-49DE-81B6-1552EB915F67}"
EndProject
Project("{FAE04EC0-301F-11D3-BF4B-00C04F79EFBC}") = "BBOSMobile.iOS", "iOS\BBOSMobile.iOS.csproj", "{0769C607-0DDE-4A8C-90F3-E8577A74880A}"
EndProject
Project("{FAE04EC0-301F-11D3-BF4B-00C04F79EFBC}") = "BBOSMobile.Droid", "Droid\BBOSMobile.Droid.csproj", "{F41BFDE8-4535-4B7B-9EFC-86E1B0227C96}"
EndProject
Project("{FAE04EC0-301F-11D3-BF4B-00C04F79EFBC}") = "BBOSMobile.Core", "BBOSMobile.Core\BBOSMobile.Core.csproj", "{57C3450A-6BE8-4F0C-AE3F-2F150C032B17}"
EndProject
Project("{FAE04EC0-301F-11D3-BF4B-00C04F79EFBC}") = "BBOSMobile.ServiceModels", "BBOSMobile.ServiceModels\BBOSMobile.ServiceModels.csproj", "{32A4285F-1157-47B8-88A8-6B5E33E40BD2}"
EndProject
Global
	GlobalSection(SolutionConfigurationPlatforms) = preSolution
		Ad-Hoc|Any CPU = Ad-Hoc|Any CPU
		Ad-Hoc|iPhone = Ad-Hoc|iPhone
		Ad-Hoc|iPhoneSimulator = Ad-Hoc|iPhoneSimulator
		AppStore|Any CPU = AppStore|Any CPU
		AppStore|iPhone = AppStore|iPhone
		AppStore|iPhoneSimulator = AppStore|iPhoneSimulator
		Debug|Any CPU = Debug|Any CPU
		Debug|iPhone = Debug|iPhone
		Debug|iPhoneSimulator = Debug|iPhoneSimulator
		Release|Any CPU = Release|Any CPU
		Release|iPhone = Release|iPhone
		Release|iPhoneSimulator = Release|iPhoneSimulator
	EndGlobalSection
	GlobalSection(ProjectConfigurationPlatforms) = postSolution
		{C841FCED-118A-49DE-81B6-1552EB915F67}.Ad-Hoc|Any CPU.ActiveCfg = Release|Any CPU
		{C841FCED-118A-49DE-81B6-1552EB915F67}.Ad-Hoc|iPhone.ActiveCfg = Debug|Any CPU
		{C841FCED-118A-49DE-81B6-1552EB915F67}.Ad-Hoc|iPhone.Build.0 = Debug|Any CPU
		{C841FCED-118A-49DE-81B6-1552EB915F67}.Ad-Hoc|iPhoneSimulator.ActiveCfg = Release|Any CPU
		{C841FCED-118A-49DE-81B6-1552EB915F67}.AppStore|Any CPU.ActiveCfg = Release|Any CPU
		{C841FCED-118A-49DE-81B6-1552EB915F67}.AppStore|iPhone.ActiveCfg = Debug|Any CPU
		{C841FCED-118A-49DE-81B6-1552EB915F67}.AppStore|iPhone.Build.0 = Debug|Any CPU
		{C841FCED-118A-49DE-81B6-1552EB915F67}.AppStore|iPhoneSimulator.ActiveCfg = Release|Any CPU
		{C841FCED-118A-49DE-81B6-1552EB915F67}.Debug|Any CPU.ActiveCfg = Debug|Any CPU
		{C841FCED-118A-49DE-81B6-1552EB915F67}.Debug|Any CPU.Build.0 = Debug|Any CPU
		{C841FCED-118A-49DE-81B6-1552EB915F67}.Debug|iPhone.ActiveCfg = Debug|Any CPU
		{C841FCED-118A-49DE-81B6-1552EB915F67}.Debug|iPhone.Build.0 = Debug|Any CPU
		{C841FCED-118A-49DE-81B6-1552EB915F67}.Debug|iPhoneSimulator.ActiveCfg = Debug|Any CPU
		{C841FCED-118A-49DE-81B6-1552EB915F67}.Debug|iPhoneSimulator.Build.0 = Debug|Any CPU
		{C841FCED-118A-49DE-81B6-1552EB915F67}.Release|Any CPU.ActiveCfg = Release|Any CPU
		{C841FCED-118A-49DE-81B6-1552EB915F67}.Release|Any CPU.Build.0 = Release|Any CPU
		{C841FCED-118A-49DE-81B6-1552EB915F67}.Release|iPhone.ActiveCfg = Release|Any CPU
		{C841FCED-118A-49DE-81B6-1552EB915F67}.Release|iPhone.Build.0 = Release|Any CPU
		{C841FCED-118A-49DE-81B6-1552EB915F67}.Release|iPhoneSimulator.ActiveCfg = Release|Any CPU
		{C841FCED-118A-49DE-81B6-1552EB915F67}.Release|iPhoneSimulator.Build.0 = Release|Any CPU
		{0769C607-0DDE-4A8C-90F3-E8577A74880A}.Ad-Hoc|Any CPU.ActiveCfg = Ad-Hoc|iPhone
		{0769C607-0DDE-4A8C-90F3-E8577A74880A}.Ad-Hoc|iPhone.ActiveCfg = Ad-Hoc|iPhone
		{0769C607-0DDE-4A8C-90F3-E8577A74880A}.Ad-Hoc|iPhone.Build.0 = Ad-Hoc|iPhone
		{0769C607-0DDE-4A8C-90F3-E8577A74880A}.Ad-Hoc|iPhoneSimulator.ActiveCfg = Ad-Hoc|iPhone
		{0769C607-0DDE-4A8C-90F3-E8577A74880A}.AppStore|Any CPU.ActiveCfg = AppStore|iPhone
		{0769C607-0DDE-4A8C-90F3-E8577A74880A}.AppStore|iPhone.ActiveCfg = AppStore|iPhone
		{0769C607-0DDE-4A8C-90F3-E8577A74880A}.AppStore|iPhone.Build.0 = AppStore|iPhone
		{0769C607-0DDE-4A8C-90F3-E8577A74880A}.AppStore|iPhoneSimulator.ActiveCfg = AppStore|iPhone
		{0769C607-0DDE-4A8C-90F3-E8577A74880A}.Debug|Any CPU.ActiveCfg = Debug|iPhone
		{0769C607-0DDE-4A8C-90F3-E8577A74880A}.Debug|Any CPU.Build.0 = Debug|iPhone
		{0769C607-0DDE-4A8C-90F3-E8577A74880A}.Debug|iPhone.ActiveCfg = Debug|iPhone
		{0769C607-0DDE-4A8C-90F3-E8577A74880A}.Debug|iPhone.Build.0 = Debug|iPhone
		{0769C607-0DDE-4A8C-90F3-E8577A74880A}.Debug|iPhoneSimulator.ActiveCfg = Debug|iPhoneSimulator
		{0769C607-0DDE-4A8C-90F3-E8577A74880A}.Debug|iPhoneSimulator.Build.0 = Debug|iPhoneSimulator
		{0769C607-0DDE-4A8C-90F3-E8577A74880A}.Release|Any CPU.ActiveCfg = Release|iPhoneSimulator
		{0769C607-0DDE-4A8C-90F3-E8577A74880A}.Release|iPhone.ActiveCfg = Release|iPhone
		{0769C607-0DDE-4A8C-90F3-E8577A74880A}.Release|iPhone.Build.0 = Release|iPhone
		{0769C607-0DDE-4A8C-90F3-E8577A74880A}.Release|iPhoneSimulator.ActiveCfg = Release|iPhoneSimulator
		{0769C607-0DDE-4A8C-90F3-E8577A74880A}.Release|iPhoneSimulator.Build.0 = Release|iPhoneSimulator
		{F41BFDE8-4535-4B7B-9EFC-86E1B0227C96}.Ad-Hoc|Any CPU.ActiveCfg = Debug|Any CPU
		{F41BFDE8-4535-4B7B-9EFC-86E1B0227C96}.Ad-Hoc|iPhone.ActiveCfg = Release|Any CPU
		{F41BFDE8-4535-4B7B-9EFC-86E1B0227C96}.Ad-Hoc|iPhoneSimulator.ActiveCfg = Debug|Any CPU
		{F41BFDE8-4535-4B7B-9EFC-86E1B0227C96}.AppStore|Any CPU.ActiveCfg = Debug|Any CPU
		{F41BFDE8-4535-4B7B-9EFC-86E1B0227C96}.AppStore|iPhone.ActiveCfg = Release|Any CPU
		{F41BFDE8-4535-4B7B-9EFC-86E1B0227C96}.AppStore|iPhone.Build.0 = Release|Any CPU
		{F41BFDE8-4535-4B7B-9EFC-86E1B0227C96}.AppStore|iPhoneSimulator.ActiveCfg = Debug|Any CPU
		{F41BFDE8-4535-4B7B-9EFC-86E1B0227C96}.Debug|Any CPU.ActiveCfg = Debug|Any CPU
		{F41BFDE8-4535-4B7B-9EFC-86E1B0227C96}.Debug|Any CPU.Build.0 = Debug|Any CPU
		{F41BFDE8-4535-4B7B-9EFC-86E1B0227C96}.Debug|Any CPU.Deploy.0 = Debug|Any CPU
		{F41BFDE8-4535-4B7B-9EFC-86E1B0227C96}.Debug|iPhone.ActiveCfg = Debug|Any CPU
		{F41BFDE8-4535-4B7B-9EFC-86E1B0227C96}.Debug|iPhone.Build.0 = Debug|Any CPU
		{F41BFDE8-4535-4B7B-9EFC-86E1B0227C96}.Debug|iPhoneSimulator.ActiveCfg = Debug|Any CPU
		{F41BFDE8-4535-4B7B-9EFC-86E1B0227C96}.Debug|iPhoneSimulator.Build.0 = Debug|Any CPU
		{F41BFDE8-4535-4B7B-9EFC-86E1B0227C96}.Release|Any CPU.ActiveCfg = Release|Any CPU
		{F41BFDE8-4535-4B7B-9EFC-86E1B0227C96}.Release|Any CPU.Build.0 = Release|Any CPU
		{F41BFDE8-4535-4B7B-9EFC-86E1B0227C96}.Release|iPhone.ActiveCfg = Release|Any CPU
		{F41BFDE8-4535-4B7B-9EFC-86E1B0227C96}.Release|iPhone.Build.0 = Release|Any CPU
		{F41BFDE8-4535-4B7B-9EFC-86E1B0227C96}.Release|iPhoneSimulator.ActiveCfg = Release|Any CPU
		{F41BFDE8-4535-4B7B-9EFC-86E1B0227C96}.Release|iPhoneSimulator.Build.0 = Release|Any CPU
		{57C3450A-6BE8-4F0C-AE3F-2F150C032B17}.Ad-Hoc|Any CPU.ActiveCfg = Debug|Any CPU
		{57C3450A-6BE8-4F0C-AE3F-2F150C032B17}.Ad-Hoc|iPhone.ActiveCfg = Release|Any CPU
		{57C3450A-6BE8-4F0C-AE3F-2F150C032B17}.Ad-Hoc|iPhone.Build.0 = Release|Any CPU
		{57C3450A-6BE8-4F0C-AE3F-2F150C032B17}.Ad-Hoc|iPhoneSimulator.ActiveCfg = Debug|Any CPU
		{57C3450A-6BE8-4F0C-AE3F-2F150C032B17}.AppStore|Any CPU.ActiveCfg = Debug|Any CPU
		{57C3450A-6BE8-4F0C-AE3F-2F150C032B17}.AppStore|iPhone.ActiveCfg = Release|Any CPU
		{57C3450A-6BE8-4F0C-AE3F-2F150C032B17}.AppStore|iPhone.Build.0 = Release|Any CPU
		{57C3450A-6BE8-4F0C-AE3F-2F150C032B17}.AppStore|iPhoneSimulator.ActiveCfg = Debug|Any CPU
		{57C3450A-6BE8-4F0C-AE3F-2F150C032B17}.Debug|Any CPU.ActiveCfg = Debug|Any CPU
		{57C3450A-6BE8-4F0C-AE3F-2F150C032B17}.Debug|Any CPU.Build.0 = Debug|Any CPU
		{57C3450A-6BE8-4F0C-AE3F-2F150C032B17}.Debug|iPhone.ActiveCfg = Debug|Any CPU
		{57C3450A-6BE8-4F0C-AE3F-2F150C032B17}.Debug|iPhone.Build.0 = Debug|Any CPU
		{57C3450A-6BE8-4F0C-AE3F-2F150C032B17}.Debug|iPhoneSimulator.ActiveCfg = Debug|Any CPU
		{57C3450A-6BE8-4F0C-AE3F-2F150C032B17}.Debug|iPhoneSimulator.Build.0 = Debug|Any CPU
		{57C3450A-6BE8-4F0C-AE3F-2F150C032B17}.Release|Any CPU.ActiveCfg = Release|Any CPU
		{57C3450A-6BE8-4F0C-AE3F-2F150C032B17}.Release|Any CPU.Build.0 = Release|Any CPU
		{57C3450A-6BE8-4F0C-AE3F-2F150C032B17}.Release|iPhone.ActiveCfg = Release|Any CPU
		{57C3450A-6BE8-4F0C-AE3F-2F150C032B17}.Release|iPhone.Build.0 = Release|Any CPU
		{57C3450A-6BE8-4F0C-AE3F-2F150C032B17}.Release|iPhoneSimulator.ActiveCfg = Release|Any CPU
		{57C3450A-6BE8-4F0C-AE3F-2F150C032B17}.Release|iPhoneSimulator.Build.0 = Release|Any CPU
		{32A4285F-1157-47B8-88A8-6B5E33E40BD2}.Ad-Hoc|Any CPU.ActiveCfg = Release|Any CPU
		{32A4285F-1157-47B8-88A8-6B5E33E40BD2}.Ad-Hoc|iPhone.ActiveCfg = Debug|Any CPU
		{32A4285F-1157-47B8-88A8-6B5E33E40BD2}.Ad-Hoc|iPhone.Build.0 = Debug|Any CPU
		{32A4285F-1157-47B8-88A8-6B5E33E40BD2}.Ad-Hoc|iPhoneSimulator.ActiveCfg = Release|Any CPU
		{32A4285F-1157-47B8-88A8-6B5E33E40BD2}.AppStore|Any CPU.ActiveCfg = Release|Any CPU
		{32A4285F-1157-47B8-88A8-6B5E33E40BD2}.AppStore|iPhone.ActiveCfg = Debug|Any CPU
		{32A4285F-1157-47B8-88A8-6B5E33E40BD2}.AppStore|iPhone.Build.0 = Debug|Any CPU
		{32A4285F-1157-47B8-88A8-6B5E33E40BD2}.AppStore|iPhoneSimulator.ActiveCfg = Release|Any CPU
		{32A4285F-1157-47B8-88A8-6B5E33E40BD2}.Debug|Any CPU.ActiveCfg = Debug|Any CPU
		{32A4285F-1157-47B8-88A8-6B5E33E40BD2}.Debug|Any CPU.Build.0 = Debug|Any CPU
		{32A4285F-1157-47B8-88A8-6B5E33E40BD2}.Debug|iPhone.ActiveCfg = Debug|Any CPU
		{32A4285F-1157-47B8-88A8-6B5E33E40BD2}.Debug|iPhone.Build.0 = Debug|Any CPU
		{32A4285F-1157-47B8-88A8-6B5E33E40BD2}.Debug|iPhoneSimulator.ActiveCfg = Debug|Any CPU
		{32A4285F-1157-47B8-88A8-6B5E33E40BD2}.Debug|iPhoneSimulator.Build.0 = Debug|Any CPU
		{32A4285F-1157-47B8-88A8-6B5E33E40BD2}.Release|Any CPU.ActiveCfg = Release|Any CPU
		{32A4285F-1157-47B8-88A8-6B5E33E40BD2}.Release|Any CPU.Build.0 = Release|Any CPU
		{32A4285F-1157-47B8-88A8-6B5E33E40BD2}.Release|iPhone.ActiveCfg = Release|Any CPU
		{32A4285F-1157-47B8-88A8-6B5E33E40BD2}.Release|iPhone.Build.0 = Release|Any CPU
		{32A4285F-1157-47B8-88A8-6B5E33E40BD2}.Release|iPhoneSimulator.ActiveCfg = Release|Any CPU
		{32A4285F-1157-47B8-88A8-6B5E33E40BD2}.Release|iPhoneSimulator.Build.0 = Release|Any CPU
	EndGlobalSection
	GlobalSection(SolutionProperties) = preSolution
		HideSolutionNode = FALSE
	EndGlobalSection
	GlobalSection(ExtensibilityGlobals) = postSolution
		SolutionGuid = {AC862593-6985-4B3A-B13A-634138F6B7FA}
	EndGlobalSection
EndGlobal
