
Microsoft Visual Studio Solution File, Format Version 11.00
# Visual Studio 2010
Project("{FAE04EC0-301F-11D3-BF4B-00C04F79EFBC}") = "sstchur.web.survey", "sstchur.web.survey.csproj", "{37EC9396-50D7-4023-A340-12490DE905C3}"
EndProject
Project("{E24C65DC-7377-472B-9ABA-BC803B73C61A}") = "TestHarness", "TestHarness", "{24484940-6A01-4AAF-943F-C1759533D14B}"
	ProjectSection(WebsiteProperties) = preProject
		SccProjectName = "SAK"
		SccAuxPath = "SAK"
		SccLocalPath = "SAK"
		SccProvider = "SAK"
		TargetFrameworkMoniker = ".NETFramework,Version%3Dv4.0"
		ProjectReferences = "{37EC9396-50D7-4023-A340-12490DE905C3}|sstchur.web.survey.dll;"
		Debug.AspNetCompiler.VirtualPath = "/TestHarness"
		Debug.AspNetCompiler.PhysicalPath = "..\TestHarness\"
		Debug.AspNetCompiler.TargetPath = "PrecompiledWeb\TestHarness\"
		Debug.AspNetCompiler.Updateable = "true"
		Debug.AspNetCompiler.ForceOverwrite = "true"
		Debug.AspNetCompiler.FixedNames = "false"
		Debug.AspNetCompiler.Debug = "True"
		Release.AspNetCompiler.VirtualPath = "/TestHarness"
		Release.AspNetCompiler.PhysicalPath = "..\TestHarness\"
		Release.AspNetCompiler.TargetPath = "PrecompiledWeb\TestHarness\"
		Release.AspNetCompiler.Updateable = "true"
		Release.AspNetCompiler.ForceOverwrite = "true"
		Release.AspNetCompiler.FixedNames = "false"
		Release.AspNetCompiler.Debug = "False"
		VWDPort = "2065"
	EndProjectSection
EndProject
Global
	GlobalSection(TeamFoundationVersionControl) = preSolution
		SccNumberOfProjects = 3
		SccEnterpriseProvider = {4CA58AB2-18FA-4F8D-95D4-32DDF27D184C}
		SccTeamFoundationServer = https://tfs03.codeplex.com/
		SccLocalPath0 = .
		SccProjectUniqueName1 = sstchur.web.survey.csproj
		SccLocalPath1 = .
		SccWebProject2 = true
		SccProjectUniqueName2 = TestHarness
		SccProjectName2 = TestHarness
		SccLocalPath2 = TestHarness
		SccProjectEnlistmentChoice2 = 2
	EndGlobalSection
	GlobalSection(SolutionConfigurationPlatforms) = preSolution
		Debug|.NET = Debug|.NET
		Debug|Any CPU = Debug|Any CPU
		Debug|Mixed Platforms = Debug|Mixed Platforms
		Release|.NET = Release|.NET
		Release|Any CPU = Release|Any CPU
		Release|Mixed Platforms = Release|Mixed Platforms
	EndGlobalSection
	GlobalSection(ProjectConfigurationPlatforms) = postSolution
		{37EC9396-50D7-4023-A340-12490DE905C3}.Debug|.NET.ActiveCfg = Debug|Any CPU
		{37EC9396-50D7-4023-A340-12490DE905C3}.Debug|Any CPU.ActiveCfg = Debug|Any CPU
		{37EC9396-50D7-4023-A340-12490DE905C3}.Debug|Any CPU.Build.0 = Debug|Any CPU
		{37EC9396-50D7-4023-A340-12490DE905C3}.Debug|Mixed Platforms.ActiveCfg = Debug|Any CPU
		{37EC9396-50D7-4023-A340-12490DE905C3}.Debug|Mixed Platforms.Build.0 = Debug|Any CPU
		{37EC9396-50D7-4023-A340-12490DE905C3}.Release|.NET.ActiveCfg = Release|Any CPU
		{37EC9396-50D7-4023-A340-12490DE905C3}.Release|Any CPU.ActiveCfg = Release|Any CPU
		{37EC9396-50D7-4023-A340-12490DE905C3}.Release|Any CPU.Build.0 = Release|Any CPU
		{37EC9396-50D7-4023-A340-12490DE905C3}.Release|Mixed Platforms.ActiveCfg = Release|Any CPU
		{37EC9396-50D7-4023-A340-12490DE905C3}.Release|Mixed Platforms.Build.0 = Release|Any CPU
		{24484940-6A01-4AAF-943F-C1759533D14B}.Debug|.NET.ActiveCfg = Debug|.NET
		{24484940-6A01-4AAF-943F-C1759533D14B}.Debug|.NET.Build.0 = Debug|.NET
		{24484940-6A01-4AAF-943F-C1759533D14B}.Debug|Any CPU.ActiveCfg = Debug|.NET
		{24484940-6A01-4AAF-943F-C1759533D14B}.Debug|Mixed Platforms.ActiveCfg = Debug|.NET
		{24484940-6A01-4AAF-943F-C1759533D14B}.Debug|Mixed Platforms.Build.0 = Debug|.NET
		{24484940-6A01-4AAF-943F-C1759533D14B}.Release|.NET.ActiveCfg = Debug|.NET
		{24484940-6A01-4AAF-943F-C1759533D14B}.Release|.NET.Build.0 = Debug|.NET
		{24484940-6A01-4AAF-943F-C1759533D14B}.Release|Any CPU.ActiveCfg = Debug|.NET
		{24484940-6A01-4AAF-943F-C1759533D14B}.Release|Mixed Platforms.ActiveCfg = Debug|.NET
		{24484940-6A01-4AAF-943F-C1759533D14B}.Release|Mixed Platforms.Build.0 = Debug|.NET
	EndGlobalSection
	GlobalSection(SolutionProperties) = preSolution
		HideSolutionNode = FALSE
	EndGlobalSection
EndGlobal
